// !$*UTF8*$!
{
	archiveVersion = 1;
	classes = {
	};
	objectVersion = 56;
	objects = {

/* Begin PBXBuildFile section */
		007C2EC5556748E25FCC727C /* ProfileFeature.swift in Sources */ = {isa = PBXBuildFile; fileRef = 4DCDB695ACEE04E8967475D0 /* ProfileFeature.swift */; };
		00BA484FFEF143D68D60381F /* QuerySearchWorkers.swift in Sources */ = {isa = PBXBuildFile; fileRef = F32C70F400D646B2943591E3 /* QuerySearchWorkers.swift */; };
		07EF6143079B5F9F6E0C9D25 /* PersonalAPIApp.swift in Sources */ = {isa = PBXBuildFile; fileRef = 59A05D92A65BAC05282D778C /* PersonalAPIApp.swift */; };
		08D7714BD6EE423DB7800D3C /* EditJournalEntryView.swift in Sources */ = {isa = PBXBuildFile; fileRef = 0120D60B657E40619612AB3A /* EditJournalEntryView.swift */; };
		0C1ACD7D4C2840CF10ED2165 /* ProfileManagerTests.swift in Sources */ = {isa = PBXBuildFile; fileRef = 24B44BD8BF980565DDDF9A4F /* ProfileManagerTests.swift */; };
		1035236520E3BEEE591605CF /* SettingsViewModelTests.swift in Sources */ = {isa = PBXBuildFile; fileRef = F8ED2969AD8EFDC5A28356C0 /* SettingsViewModelTests.swift */; };
		118A5820F3CB455AA2B7EC5E /* ProfileRaceTests.swift in Sources */ = {isa = PBXBuildFile; fileRef = AF9F374C49B447C78169448D /* ProfileRaceTests.swift */; };
		11AB9F5DD8DA022D3ED3A542 /* RootViewModel.swift in Sources */ = {isa = PBXBuildFile; fileRef = 90D09EE39DD5CF792D67BB2C /* RootViewModel.swift */; };
		11C719B97CB94569A2C5346F /* AnswerFeedbackView.swift in Sources */ = {isa = PBXBuildFile; fileRef = E566A46F1E2A4E419CF4DB56 /* AnswerFeedbackView.swift */; };
		1310C7774030B7067B9F61B2 /* TestAppModelFactory.swift in Sources */ = {isa = PBXBuildFile; fileRef = 88A1F513445AF65ECE9AFAC9 /* TestAppModelFactory.swift */; };
		1335335D76455E7B60B5B423 /* AuthenticationFeature.swift in Sources */ = {isa = PBXBuildFile; fileRef = 8F1A747250A763555F5A1010 /* AuthenticationFeature.swift */; };
		149D4E46C0A84217AC32A8D9 /* FIFOOperationGate.swift in Sources */ = {isa = PBXBuildFile; fileRef = DE6F3A4526D84031867F3DC2 /* FIFOOperationGate.swift */; };
		16A01B214CE6BF2B18F81C4C /* TrainingViewModelTests.swift in Sources */ = {isa = PBXBuildFile; fileRef = 8F1EF9246AAABBBD6FE51E62 /* TrainingViewModelTests.swift */; };
		170D7FE7C255756D228EC297 /* LifeMapViewModelTests.swift in Sources */ = {isa = PBXBuildFile; fileRef = 5829C1EF5B729914BF45A2FE /* LifeMapViewModelTests.swift */; };
		1ACD875152A3BBB0BE5F94A0 /* LockView.swift in Sources */ = {isa = PBXBuildFile; fileRef = 5ED43509E222D9848E85AD46 /* LockView.swift */; };
		22B00CDDD03C5D298632C664 /* PersonalFactSnapshot.swift in Sources */ = {isa = PBXBuildFile; fileRef = F7C542D00BCBAEA22B34DABD /* PersonalFactSnapshot.swift */; };
		231F61FD518349C8805169DD /* ConversationHistoryView.swift in Sources */ = {isa = PBXBuildFile; fileRef = 0ADDA16DCEA441869E5102FD /* ConversationHistoryView.swift */; };
		25D92CBE46C1FA9B79B29DA6 /* OnboardingView.swift in Sources */ = {isa = PBXBuildFile; fileRef = F62132CD2DEAD6905556CEE2 /* OnboardingView.swift */; };
		2BCC1200AA9C63FAF9B33869 /* QueryView.swift in Sources */ = {isa = PBXBuildFile; fileRef = AB64C0B877BA97B61E893D4B /* QueryView.swift */; };
		31CC69A8D624A32635618037 /* QueryViewModelTests.swift in Sources */ = {isa = PBXBuildFile; fileRef = DB0CF2FD045FD30F3B409B17 /* QueryViewModelTests.swift */; };
		35D71863FC13465FAEC931C5 /* EditJournalEntryViewModel.swift in Sources */ = {isa = PBXBuildFile; fileRef = 009EEDE57DBC427DB0229345 /* EditJournalEntryViewModel.swift */; };
		38787148099440E9887C8775 /* LifeMapExtractor.swift in Sources */ = {isa = PBXBuildFile; fileRef = 1FAA14BE33A04027A48D3AAE /* LifeMapExtractor.swift */; };
		3D4820FCD4684FE5A4D4D361 /* JournalTextEditor.swift in Sources */ = {isa = PBXBuildFile; fileRef = B35F9559C6EA484AA2C63F3B /* JournalTextEditor.swift */; };
		3DD35A5CD21E2BDCC7C51F94 /* MomentsManager.swift in Sources */ = {isa = PBXBuildFile; fileRef = 962AF7108D3E0224EFE60634 /* MomentsManager.swift */; };
		3EC410A720C140F08766CF09 /* ConversationsManagerTests.swift in Sources */ = {isa = PBXBuildFile; fileRef = 20AC8B018D2D48889C7A0FDC /* ConversationsManagerTests.swift */; };
		4048D0A8D237C584E1536096 /* RootView.swift in Sources */ = {isa = PBXBuildFile; fileRef = 83B790FDCB6A30DAFDAC7D75 /* RootView.swift */; };
		43573CCC962E4AF5873DEE0C /* ConversationRepository.swift in Sources */ = {isa = PBXBuildFile; fileRef = 862CB156242D4896B59BD7BD /* ConversationRepository.swift */; };
		43E7E1D6EF4C6FDA5CA60302 /* PersonalArchive.swift in Sources */ = {isa = PBXBuildFile; fileRef = 796BA74225A7BBB3C13213EF /* PersonalArchive.swift */; };
		4A07B4B04ABD427397CD7F1D /* SettingsManagerTests.swift in Sources */ = {isa = PBXBuildFile; fileRef = 3BBCE85D8E827EF16F9C0D5D /* SettingsManagerTests.swift */; };
		4BF66B90052C40D5B6A3F48B /* ConversationsRaceTests.swift in Sources */ = {isa = PBXBuildFile; fileRef = BE365899465B4BAE83DFF37F /* ConversationsRaceTests.swift */; };
		4ED824CE9C7D1AA28839E9E7 /* QueryManager.swift in Sources */ = {isa = PBXBuildFile; fileRef = 70C8DE1604FEDFFD92D0C75D /* QueryManager.swift */; };
		5314BD5E38B575C5CD7A863D /* PreferencesRepository.swift in Sources */ = {isa = PBXBuildFile; fileRef = 3C7E834C9526F7C067C9CC3C /* PreferencesRepository.swift */; };
		5D60E758556D3BCEA81DB60D /* MomentsFeature.swift in Sources */ = {isa = PBXBuildFile; fileRef = A3AF4F7B90AFFA363225864F /* MomentsFeature.swift */; };
		5DCB28AB255B48F48C455BAD /* LifeMapManager.swift in Sources */ = {isa = PBXBuildFile; fileRef = 62B1FB9276B74FDD809D03B7 /* LifeMapManager.swift */; };
		5F9BE40C04D6F6568FA9499C /* SettingsViewModel.swift in Sources */ = {isa = PBXBuildFile; fileRef = 9C8B7AE45475AE4C4E43EEF5 /* SettingsViewModel.swift */; };
		607F1910587537BDAED648A2 /* TrainingViewModel.swift in Sources */ = {isa = PBXBuildFile; fileRef = B9E0A789CE0D11B461CBAA87 /* TrainingViewModel.swift */; };
		62461ACD5B0A4A14A3B633A3 /* LifeMapRaceTests.swift in Sources */ = {isa = PBXBuildFile; fileRef = FCDF52F7A9B94AF1A28547B2 /* LifeMapRaceTests.swift */; };
		62E8C3C1A29945D09F5EB906 /* QueryRaceTests.swift in Sources */ = {isa = PBXBuildFile; fileRef = 1CAE6D89F89841B6BDD21544 /* QueryRaceTests.swift */; };
		6457A709B6384172920C09C4 /* ExportView.swift in Sources */ = {isa = PBXBuildFile; fileRef = 6946D2487ECC44F59A7D0FBF /* ExportView.swift */; };
		652DACDFBFBDDE3AB183FC36 /* ConversationHistoryViewModelTests.swift in Sources */ = {isa = PBXBuildFile; fileRef = E3D1431495092E87B6CC3CED /* ConversationHistoryViewModelTests.swift */; };
		667411CFCEF35386A7F704C3 /* ProfileManager.swift in Sources */ = {isa = PBXBuildFile; fileRef = 4A7D1A19AD0561B51DAE613B /* ProfileManager.swift */; };
		6FC1113BCC3AA2964BA427ED /* AuthenticationManager.swift in Sources */ = {isa = PBXBuildFile; fileRef = 9CB8BB0A56D33B3567730A99 /* AuthenticationManager.swift */; };
		70CCACC239804AA5A3CF3135 /* ChatAnswerView.swift in Sources */ = {isa = PBXBuildFile; fileRef = 9FB726F55AC84004B9B0AF3E /* ChatAnswerView.swift */; };
		70DB729A17C8D6419C6CD15D /* LockViewModel.swift in Sources */ = {isa = PBXBuildFile; fileRef = 4CCA8F00E48F62BC0B5724E4 /* LockViewModel.swift */; };
		7B67AC0FDD3D45C50F33CAFD /* AuthenticationManagerTests.swift in Sources */ = {isa = PBXBuildFile; fileRef = 302B9516ED7F460082E69BD6 /* AuthenticationManagerTests.swift */; };
		7CBDA96396E24986A6BF62A3 /* MomentsRaceTests.swift in Sources */ = {isa = PBXBuildFile; fileRef = C9B14CA48AA843E9BC0F6011 /* MomentsRaceTests.swift */; };
		81026AADC465A526EDB1A30D /* ExportViewModelTests.swift in Sources */ = {isa = PBXBuildFile; fileRef = 557FDE9ACD0752794ADF8564 /* ExportViewModelTests.swift */; };
		876F99083BDD2BD1E6AE6489 /* LocalDataStore.swift in Sources */ = {isa = PBXBuildFile; fileRef = 99A74B30EBAAD8B8AFD69176 /* LocalDataStore.swift */; };
		87A0CA717AA9646ACB68D84F /* QueryFeature.swift in Sources */ = {isa = PBXBuildFile; fileRef = C8C91BC81DC2E89EE5C81CE0 /* QueryFeature.swift */; };
		898E7481477B444E95DF051C /* LocalConversationStore.swift in Sources */ = {isa = PBXBuildFile; fileRef = BF3E4A236DB2440CA0CD8AB9 /* LocalConversationStore.swift */; };
		8C356BB37CF71C5A5D9BBEE6 /* QueryViewModel.swift in Sources */ = {isa = PBXBuildFile; fileRef = 16A4FCD3CD5F3E15A0777BC1 /* QueryViewModel.swift */; };
		90B9A4C825A2AD9AC74675EB /* ExportDocument.swift in Sources */ = {isa = PBXBuildFile; fileRef = 68F434E66E427572581282C9 /* ExportDocument.swift */; };
		91F442011E07A851D9A820C9 /* ThemeManager.swift in Sources */ = {isa = PBXBuildFile; fileRef = 32A91568E097D981CA6FD539 /* ThemeManager.swift */; };
		92E280D7DBD34FB3A2F86222 /* ConversationHistoryViewModel.swift in Sources */ = {isa = PBXBuildFile; fileRef = E7CC85D7BFF44FF2A9EF929C /* ConversationHistoryViewModel.swift */; };
		949B4364E13662A22EC60F34 /* AnswerFeedbackViewModelTests.swift in Sources */ = {isa = PBXBuildFile; fileRef = FCD19F191988920378B6ECF2 /* AnswerFeedbackViewModelTests.swift */; };
		99B8C74AE65131C81DECC9D6 /* OnboardingViewModel.swift in Sources */ = {isa = PBXBuildFile; fileRef = 20356AB7AB067712CB40CAC9 /* OnboardingViewModel.swift */; };
		9AD182715958F2CBDB9A5930 /* TrainingView.swift in Sources */ = {isa = PBXBuildFile; fileRef = E55E12182D47357A71965173 /* TrainingView.swift */; };
		9B5BAFE92EA33950323968B9 /* MomentDetailViewModelTests.swift in Sources */ = {isa = PBXBuildFile; fileRef = 46E4122F8CE629A18ABA41E4 /* MomentDetailViewModelTests.swift */; };
		9D894402E893B73107D41C60 /* RootViewModelTests.swift in Sources */ = {isa = PBXBuildFile; fileRef = 70D5C7AF32E3E0E524AFA862 /* RootViewModelTests.swift */; };
		A1A100000000000000000002 /* QueryManagerTests.swift in Sources */ = {isa = PBXBuildFile; fileRef = A1A100000000000000000001 /* QueryManagerTests.swift */; };
		A1E1B5F4A74E77F98294FB8D /* AppModel.swift in Sources */ = {isa = PBXBuildFile; fileRef = F10FDBC67F54D0F8F5F4AE5C /* AppModel.swift */; };
		A3A83AF8E7AF7310E43AC9A9 /* SettingsManager.swift in Sources */ = {isa = PBXBuildFile; fileRef = 3001A3416467FFD12A022095 /* SettingsManager.swift */; };
		A672569B19CE55854C3281CE /* LocalPreferences.swift in Sources */ = {isa = PBXBuildFile; fileRef = DBBA51D49601F60C81119249 /* LocalPreferences.swift */; };
		A6DDCCA51AB348DEA4512B27 /* LifeMapViewModel.swift in Sources */ = {isa = PBXBuildFile; fileRef = 2FC6D983A97F4B8DB8B7D8EC /* LifeMapViewModel.swift */; };
		A85F21761D9A8BC6C8A0C813 /* LocalDataStoreTests.swift in Sources */ = {isa = PBXBuildFile; fileRef = 3D31F57FC1B68C27F6B6F3D5 /* LocalDataStoreTests.swift */; };
		ABD2676DCC872A594DECC62F /* AppModelTests.swift in Sources */ = {isa = PBXBuildFile; fileRef = 44DEB2D1F4B2EF46E0577F33 /* AppModelTests.swift */; };
		AD2A5E3CFE7D456291E70E9B /* AuthenticationRaceTests.swift in Sources */ = {isa = PBXBuildFile; fileRef = 6F1AD82D485346D498B26BFF /* AuthenticationRaceTests.swift */; };
		AF3A1114E31EA1956FC50696 /* MomentsManagerTests.swift in Sources */ = {isa = PBXBuildFile; fileRef = BA95AA6B22D02A83E7A24AE5 /* MomentsManagerTests.swift */; };
		B0DD9FCED53CC97FF7BE7622 /* SettingsView.swift in Sources */ = {isa = PBXBuildFile; fileRef = 13811DA62BF09B07DDF9ADD3 /* SettingsView.swift */; };
		B14D5E14F4184C01B4E0A92F /* LifeMapTests.swift in Sources */ = {isa = PBXBuildFile; fileRef = 6D0152D228A549CFA4F360E8 /* LifeMapTests.swift */; };
		B26C7B4E0A9F4F67BED8F87C /* SettingsRaceTests.swift in Sources */ = {isa = PBXBuildFile; fileRef = 076E961FD06540149B0D80E9 /* SettingsRaceTests.swift */; };
		B89A819BF3B3E65291EE362D /* MomentDetailViewModel.swift in Sources */ = {isa = PBXBuildFile; fileRef = C00BC283BF982E1E5913FCDF /* MomentDetailViewModel.swift */; };
		BB4FBB8B8796CF6B1F1A96ED /* MomentProcessor.swift in Sources */ = {isa = PBXBuildFile; fileRef = 3D867245602CD282E40C1AEB /* MomentProcessor.swift */; };
		C49B57062FE346DCB4856731 /* JournalEntriesView.swift in Sources */ = {isa = PBXBuildFile; fileRef = 0F6E498055EE473687B18989 /* JournalEntriesView.swift */; };
		C70A3EDC3EF844CB908BC3B0 /* JournalEntriesViewModelTests.swift in Sources */ = {isa = PBXBuildFile; fileRef = 22D9BA4EFFA94B819ACBCBB6 /* JournalEntriesViewModelTests.swift */; };
		C72645219743DC6BCF21CE13 /* LockViewModelTests.swift in Sources */ = {isa = PBXBuildFile; fileRef = 557A8DAD9F6713A67D85BBDC /* LockViewModelTests.swift */; };
		CAFA00000000000000000002 /* Assets.xcassets in Resources */ = {isa = PBXBuildFile; fileRef = CAFA00000000000000000001 /* Assets.xcassets */; };
		CAFA00000000000000000004 /* LocalQueryIndex.swift in Sources */ = {isa = PBXBuildFile; fileRef = CAFA00000000000000000003 /* LocalQueryIndex.swift */; };
		CB8CDCC165B142519587DEBD /* ConversationsFeature.swift in Sources */ = {isa = PBXBuildFile; fileRef = 45352A55C507405AA6F1D2B2 /* ConversationsFeature.swift */; };
		CD0E8DCD7CBC4A079EE4D058 /* AnswerFeedbackViewModel.swift in Sources */ = {isa = PBXBuildFile; fileRef = D4DDC2F5375F4C7FB4AE4360 /* AnswerFeedbackViewModel.swift */; };
		CD3808954B1F4A13B7AC37E6 /* EditJournalEntryViewModelTests.swift in Sources */ = {isa = PBXBuildFile; fileRef = C880AEDE0B2F4EEDB62A344A /* EditJournalEntryViewModelTests.swift */; };
		CDD35F87FB0C913894F15AB2 /* SettingsFeature.swift in Sources */ = {isa = PBXBuildFile; fileRef = 3EBA7CB273A04714724F22CD /* SettingsFeature.swift */; };
		CDE48F7D4C9D062D4F846367 /* PrivacyInfo.xcprivacy in Resources */ = {isa = PBXBuildFile; fileRef = 096D6D90F4005BA4B264E4B8 /* PrivacyInfo.xcprivacy */; };
		D05ABBFF3748ED539853B53E /* StoredRecords.swift in Sources */ = {isa = PBXBuildFile; fileRef = A8F2FBF37F78DC7FB5F0E4CA /* StoredRecords.swift */; };
		D282F5500B4B487A8563EE1D /* JournalEntriesViewModel.swift in Sources */ = {isa = PBXBuildFile; fileRef = 2CF4565325484021B444C394 /* JournalEntriesViewModel.swift */; };
		D7F8F0BAA7F141B9854B53FC /* QueryWorker.swift in Sources */ = {isa = PBXBuildFile; fileRef = DE908B8A94474B609BFE6A36 /* QueryWorker.swift */; };
		DB21DA4D2E2EE7EBD1F6951D /* OnboardingViewModelTests.swift in Sources */ = {isa = PBXBuildFile; fileRef = C99BBC86E2356AC2E890D126 /* OnboardingViewModelTests.swift */; };
		DE658AAC60134C5588F0B433 /* RaceBarrier.swift in Sources */ = {isa = PBXBuildFile; fileRef = 58E63EFB755D4E0CBC11B205 /* RaceBarrier.swift */; };
		E188FE2BD0FF4A52861C9534 /* LifeMapView.swift in Sources */ = {isa = PBXBuildFile; fileRef = EBF12943E6544773BEAA496D /* LifeMapView.swift */; };
		E25A35CFB44345458A21E70D /* ConversationsManager.swift in Sources */ = {isa = PBXBuildFile; fileRef = D4B7918ADFA74C1DAE0CC3DB /* ConversationsManager.swift */; };
		E9EC72A97CE65E56F9F47A96 /* PersonalDataRepository.swift in Sources */ = {isa = PBXBuildFile; fileRef = 07530CC791565D4643120382 /* PersonalDataRepository.swift */; };
		ED7A73F5B3F741C38287F798 /* ExportViewModel.swift in Sources */ = {isa = PBXBuildFile; fileRef = D185941849534A17ABE7A3EE /* ExportViewModel.swift */; };
		EF9273EC435FB68B4C52E174 /* MomentSnapshot.swift in Sources */ = {isa = PBXBuildFile; fileRef = 40D59ED7770E33B993E3CAF2 /* MomentSnapshot.swift */; };
		F484F6743C7343B9849C7958 /* DoneButton.swift in Sources */ = {isa = PBXBuildFile; fileRef = 99CEB21878374329B8ED3B9A /* DoneButton.swift */; };
		F4AD92AA43C7ED80037CEBA6 /* MomentDetailView.swift in Sources */ = {isa = PBXBuildFile; fileRef = BC82A82C61395138BEBA58E9 /* MomentDetailView.swift */; };
		F4B514F38970464BBC7CBA2E /* LifeMapFeature.swift in Sources */ = {isa = PBXBuildFile; fileRef = 159F81EA84024D6D9AFC73E4 /* LifeMapFeature.swift */; };
		FCA78E7B3A82D6F6A3C32505 /* AppColourTheme.swift in Sources */ = {isa = PBXBuildFile; fileRef = 3683F5973A632066D6ABEB0F /* AppColourTheme.swift */; };
		FE18F0F3CF30D53A8326E73B /* LocalDeviceAuthentication.swift in Sources */ = {isa = PBXBuildFile; fileRef = BA1DB40382E4C15963838061 /* LocalDeviceAuthentication.swift */; };
/* End PBXBuildFile section */

/* Begin PBXContainerItemProxy section */
		D799BAE6088A90139B415FCC /* PBXContainerItemProxy */ = {
			isa = PBXContainerItemProxy;
			containerPortal = 633579642D79D259F3001E4F /* Project object */;
			proxyType = 1;
			remoteGlobalIDString = 7D1043473D55BFA90E8530D3;
			remoteInfo = PersonalAPI;
		};
/* End PBXContainerItemProxy section */

/* Begin PBXFileReference section */
		009EEDE57DBC427DB0229345 /* EditJournalEntryViewModel.swift */ = {isa = PBXFileReference; lastKnownFileType = sourcecode.swift; path = EditJournalEntryViewModel.swift; sourceTree = "<group>"; };
		0120D60B657E40619612AB3A /* EditJournalEntryView.swift */ = {isa = PBXFileReference; lastKnownFileType = sourcecode.swift; path = EditJournalEntryView.swift; sourceTree = "<group>"; };
		07530CC791565D4643120382 /* PersonalDataRepository.swift */ = {isa = PBXFileReference; lastKnownFileType = sourcecode.swift; path = PersonalDataRepository.swift; sourceTree = "<group>"; };
		076E961FD06540149B0D80E9 /* SettingsRaceTests.swift */ = {isa = PBXFileReference; lastKnownFileType = sourcecode.swift; path = SettingsRaceTests.swift; sourceTree = "<group>"; };
		096D6D90F4005BA4B264E4B8 /* PrivacyInfo.xcprivacy */ = {isa = PBXFileReference; lastKnownFileType = text.xml; path = PrivacyInfo.xcprivacy; sourceTree = "<group>"; };
		0ADDA16DCEA441869E5102FD /* ConversationHistoryView.swift */ = {isa = PBXFileReference; lastKnownFileType = sourcecode.swift; path = ConversationHistoryView.swift; sourceTree = "<group>"; };
		0F6E498055EE473687B18989 /* JournalEntriesView.swift */ = {isa = PBXFileReference; lastKnownFileType = sourcecode.swift; path = JournalEntriesView.swift; sourceTree = "<group>"; };
		13811DA62BF09B07DDF9ADD3 /* SettingsView.swift */ = {isa = PBXFileReference; lastKnownFileType = sourcecode.swift; path = SettingsView.swift; sourceTree = "<group>"; };
		159F81EA84024D6D9AFC73E4 /* LifeMapFeature.swift */ = {isa = PBXFileReference; lastKnownFileType = sourcecode.swift; path = LifeMapFeature.swift; sourceTree = "<group>"; };
		16A4FCD3CD5F3E15A0777BC1 /* QueryViewModel.swift */ = {isa = PBXFileReference; lastKnownFileType = sourcecode.swift; path = QueryViewModel.swift; sourceTree = "<group>"; };
		1CAE6D89F89841B6BDD21544 /* QueryRaceTests.swift */ = {isa = PBXFileReference; lastKnownFileType = sourcecode.swift; path = QueryRaceTests.swift; sourceTree = "<group>"; };
		1FAA14BE33A04027A48D3AAE /* LifeMapExtractor.swift */ = {isa = PBXFileReference; lastKnownFileType = sourcecode.swift; path = LifeMapExtractor.swift; sourceTree = "<group>"; };
		20356AB7AB067712CB40CAC9 /* OnboardingViewModel.swift */ = {isa = PBXFileReference; lastKnownFileType = sourcecode.swift; path = OnboardingViewModel.swift; sourceTree = "<group>"; };
		20AC8B018D2D48889C7A0FDC /* ConversationsManagerTests.swift */ = {isa = PBXFileReference; lastKnownFileType = sourcecode.swift; path = ConversationsManagerTests.swift; sourceTree = "<group>"; };
		22D9BA4EFFA94B819ACBCBB6 /* JournalEntriesViewModelTests.swift */ = {isa = PBXFileReference; lastKnownFileType = sourcecode.swift; path = JournalEntriesViewModelTests.swift; sourceTree = "<group>"; };
		24B44BD8BF980565DDDF9A4F /* ProfileManagerTests.swift */ = {isa = PBXFileReference; lastKnownFileType = sourcecode.swift; path = ProfileManagerTests.swift; sourceTree = "<group>"; };
		2CF4565325484021B444C394 /* JournalEntriesViewModel.swift */ = {isa = PBXFileReference; lastKnownFileType = sourcecode.swift; path = JournalEntriesViewModel.swift; sourceTree = "<group>"; };
		2FC6D983A97F4B8DB8B7D8EC /* LifeMapViewModel.swift */ = {isa = PBXFileReference; lastKnownFileType = sourcecode.swift; path = LifeMapViewModel.swift; sourceTree = "<group>"; };
		3001A3416467FFD12A022095 /* SettingsManager.swift */ = {isa = PBXFileReference; lastKnownFileType = sourcecode.swift; path = SettingsManager.swift; sourceTree = "<group>"; };
		302B9516ED7F460082E69BD6 /* AuthenticationManagerTests.swift */ = {isa = PBXFileReference; lastKnownFileType = sourcecode.swift; path = AuthenticationManagerTests.swift; sourceTree = "<group>"; };
		32A91568E097D981CA6FD539 /* ThemeManager.swift */ = {isa = PBXFileReference; lastKnownFileType = sourcecode.swift; path = ThemeManager.swift; sourceTree = "<group>"; };
		3683F5973A632066D6ABEB0F /* AppColourTheme.swift */ = {isa = PBXFileReference; lastKnownFileType = sourcecode.swift; path = AppColourTheme.swift; sourceTree = "<group>"; };
		3BBCE85D8E827EF16F9C0D5D /* SettingsManagerTests.swift */ = {isa = PBXFileReference; lastKnownFileType = sourcecode.swift; path = SettingsManagerTests.swift; sourceTree = "<group>"; };
		3C7E834C9526F7C067C9CC3C /* PreferencesRepository.swift */ = {isa = PBXFileReference; lastKnownFileType = sourcecode.swift; path = PreferencesRepository.swift; sourceTree = "<group>"; };
		3D31F57FC1B68C27F6B6F3D5 /* LocalDataStoreTests.swift */ = {isa = PBXFileReference; lastKnownFileType = sourcecode.swift; path = LocalDataStoreTests.swift; sourceTree = "<group>"; };
		3D867245602CD282E40C1AEB /* MomentProcessor.swift */ = {isa = PBXFileReference; lastKnownFileType = sourcecode.swift; path = MomentProcessor.swift; sourceTree = "<group>"; };
		3EBA7CB273A04714724F22CD /* SettingsFeature.swift */ = {isa = PBXFileReference; lastKnownFileType = sourcecode.swift; path = SettingsFeature.swift; sourceTree = "<group>"; };
		40D59ED7770E33B993E3CAF2 /* MomentSnapshot.swift */ = {isa = PBXFileReference; lastKnownFileType = sourcecode.swift; path = MomentSnapshot.swift; sourceTree = "<group>"; };
		44DEB2D1F4B2EF46E0577F33 /* AppModelTests.swift */ = {isa = PBXFileReference; lastKnownFileType = sourcecode.swift; path = AppModelTests.swift; sourceTree = "<group>"; };
		45352A55C507405AA6F1D2B2 /* ConversationsFeature.swift */ = {isa = PBXFileReference; lastKnownFileType = sourcecode.swift; path = ConversationsFeature.swift; sourceTree = "<group>"; };
		46E4122F8CE629A18ABA41E4 /* MomentDetailViewModelTests.swift */ = {isa = PBXFileReference; lastKnownFileType = sourcecode.swift; path = MomentDetailViewModelTests.swift; sourceTree = "<group>"; };
		4A7D1A19AD0561B51DAE613B /* ProfileManager.swift */ = {isa = PBXFileReference; lastKnownFileType = sourcecode.swift; path = ProfileManager.swift; sourceTree = "<group>"; };
		4CCA8F00E48F62BC0B5724E4 /* LockViewModel.swift */ = {isa = PBXFileReference; lastKnownFileType = sourcecode.swift; path = LockViewModel.swift; sourceTree = "<group>"; };
		4DCDB695ACEE04E8967475D0 /* ProfileFeature.swift */ = {isa = PBXFileReference; lastKnownFileType = sourcecode.swift; path = ProfileFeature.swift; sourceTree = "<group>"; };
		557A8DAD9F6713A67D85BBDC /* LockViewModelTests.swift */ = {isa = PBXFileReference; lastKnownFileType = sourcecode.swift; path = LockViewModelTests.swift; sourceTree = "<group>"; };
		557FDE9ACD0752794ADF8564 /* ExportViewModelTests.swift */ = {isa = PBXFileReference; lastKnownFileType = sourcecode.swift; path = ExportViewModelTests.swift; sourceTree = "<group>"; };
		5829C1EF5B729914BF45A2FE /* LifeMapViewModelTests.swift */ = {isa = PBXFileReference; lastKnownFileType = sourcecode.swift; path = LifeMapViewModelTests.swift; sourceTree = "<group>"; };
		58E63EFB755D4E0CBC11B205 /* RaceBarrier.swift */ = {isa = PBXFileReference; lastKnownFileType = sourcecode.swift; path = RaceBarrier.swift; sourceTree = "<group>"; };
		59A05D92A65BAC05282D778C /* PersonalAPIApp.swift */ = {isa = PBXFileReference; lastKnownFileType = sourcecode.swift; path = PersonalAPIApp.swift; sourceTree = "<group>"; };
		5ED43509E222D9848E85AD46 /* LockView.swift */ = {isa = PBXFileReference; lastKnownFileType = sourcecode.swift; path = LockView.swift; sourceTree = "<group>"; };
		62B1FB9276B74FDD809D03B7 /* LifeMapManager.swift */ = {isa = PBXFileReference; lastKnownFileType = sourcecode.swift; path = LifeMapManager.swift; sourceTree = "<group>"; };
		68F434E66E427572581282C9 /* ExportDocument.swift */ = {isa = PBXFileReference; lastKnownFileType = sourcecode.swift; path = ExportDocument.swift; sourceTree = "<group>"; };
		6946D2487ECC44F59A7D0FBF /* ExportView.swift */ = {isa = PBXFileReference; lastKnownFileType = sourcecode.swift; path = ExportView.swift; sourceTree = "<group>"; };
		6D0152D228A549CFA4F360E8 /* LifeMapTests.swift */ = {isa = PBXFileReference; lastKnownFileType = sourcecode.swift; path = LifeMapTests.swift; sourceTree = "<group>"; };
		6D795F13C8C22E022040EE00 /* PersonalAPI.app */ = {isa = PBXFileReference; explicitFileType = wrapper.application; path = PersonalAPI.app; sourceTree = BUILT_PRODUCTS_DIR; };
		6F1AD82D485346D498B26BFF /* AuthenticationRaceTests.swift */ = {isa = PBXFileReference; lastKnownFileType = sourcecode.swift; path = AuthenticationRaceTests.swift; sourceTree = "<group>"; };
		70C8DE1604FEDFFD92D0C75D /* QueryManager.swift */ = {isa = PBXFileReference; lastKnownFileType = sourcecode.swift; path = QueryManager.swift; sourceTree = "<group>"; };
		70D5C7AF32E3E0E524AFA862 /* RootViewModelTests.swift */ = {isa = PBXFileReference; lastKnownFileType = sourcecode.swift; path = RootViewModelTests.swift; sourceTree = "<group>"; };
		796BA74225A7BBB3C13213EF /* PersonalArchive.swift */ = {isa = PBXFileReference; lastKnownFileType = sourcecode.swift; path = PersonalArchive.swift; sourceTree = "<group>"; };
		83B790FDCB6A30DAFDAC7D75 /* RootView.swift */ = {isa = PBXFileReference; lastKnownFileType = sourcecode.swift; path = RootView.swift; sourceTree = "<group>"; };
		862CB156242D4896B59BD7BD /* ConversationRepository.swift */ = {isa = PBXFileReference; lastKnownFileType = sourcecode.swift; path = ConversationRepository.swift; sourceTree = "<group>"; };
		88A1F513445AF65ECE9AFAC9 /* TestAppModelFactory.swift */ = {isa = PBXFileReference; lastKnownFileType = sourcecode.swift; path = TestAppModelFactory.swift; sourceTree = "<group>"; };
		8F1A747250A763555F5A1010 /* AuthenticationFeature.swift */ = {isa = PBXFileReference; lastKnownFileType = sourcecode.swift; path = AuthenticationFeature.swift; sourceTree = "<group>"; };
		8F1EF9246AAABBBD6FE51E62 /* TrainingViewModelTests.swift */ = {isa = PBXFileReference; lastKnownFileType = sourcecode.swift; path = TrainingViewModelTests.swift; sourceTree = "<group>"; };
		90D09EE39DD5CF792D67BB2C /* RootViewModel.swift */ = {isa = PBXFileReference; lastKnownFileType = sourcecode.swift; path = RootViewModel.swift; sourceTree = "<group>"; };
		962AF7108D3E0224EFE60634 /* MomentsManager.swift */ = {isa = PBXFileReference; lastKnownFileType = sourcecode.swift; path = MomentsManager.swift; sourceTree = "<group>"; };
		99A74B30EBAAD8B8AFD69176 /* LocalDataStore.swift */ = {isa = PBXFileReference; lastKnownFileType = sourcecode.swift; path = LocalDataStore.swift; sourceTree = "<group>"; };
		99CEB21878374329B8ED3B9A /* DoneButton.swift */ = {isa = PBXFileReference; lastKnownFileType = sourcecode.swift; path = DoneButton.swift; sourceTree = "<group>"; };
		9C8B7AE45475AE4C4E43EEF5 /* SettingsViewModel.swift */ = {isa = PBXFileReference; lastKnownFileType = sourcecode.swift; path = SettingsViewModel.swift; sourceTree = "<group>"; };
		9CB8BB0A56D33B3567730A99 /* AuthenticationManager.swift */ = {isa = PBXFileReference; lastKnownFileType = sourcecode.swift; path = AuthenticationManager.swift; sourceTree = "<group>"; };
		9FB726F55AC84004B9B0AF3E /* ChatAnswerView.swift */ = {isa = PBXFileReference; lastKnownFileType = sourcecode.swift; path = ChatAnswerView.swift; sourceTree = "<group>"; };
		A1A100000000000000000001 /* QueryManagerTests.swift */ = {isa = PBXFileReference; lastKnownFileType = sourcecode.swift; path = QueryManagerTests.swift; sourceTree = "<group>"; };
		A3AF4F7B90AFFA363225864F /* MomentsFeature.swift */ = {isa = PBXFileReference; lastKnownFileType = sourcecode.swift; path = MomentsFeature.swift; sourceTree = "<group>"; };
		A8F2FBF37F78DC7FB5F0E4CA /* StoredRecords.swift */ = {isa = PBXFileReference; lastKnownFileType = sourcecode.swift; path = StoredRecords.swift; sourceTree = "<group>"; };
		AB64C0B877BA97B61E893D4B /* QueryView.swift */ = {isa = PBXFileReference; lastKnownFileType = sourcecode.swift; path = QueryView.swift; sourceTree = "<group>"; };
		AEAE4B28CDFF08F590396BA5 /* PersonalAPITests.xctest */ = {isa = PBXFileReference; explicitFileType = wrapper.cfbundle; path = PersonalAPITests.xctest; sourceTree = BUILT_PRODUCTS_DIR; };
		AF9F374C49B447C78169448D /* ProfileRaceTests.swift */ = {isa = PBXFileReference; lastKnownFileType = sourcecode.swift; path = ProfileRaceTests.swift; sourceTree = "<group>"; };
		B35F9559C6EA484AA2C63F3B /* JournalTextEditor.swift */ = {isa = PBXFileReference; lastKnownFileType = sourcecode.swift; path = JournalTextEditor.swift; sourceTree = "<group>"; };
		B9E0A789CE0D11B461CBAA87 /* TrainingViewModel.swift */ = {isa = PBXFileReference; lastKnownFileType = sourcecode.swift; path = TrainingViewModel.swift; sourceTree = "<group>"; };
		BA1DB40382E4C15963838061 /* LocalDeviceAuthentication.swift */ = {isa = PBXFileReference; lastKnownFileType = sourcecode.swift; path = LocalDeviceAuthentication.swift; sourceTree = "<group>"; };
		BA95AA6B22D02A83E7A24AE5 /* MomentsManagerTests.swift */ = {isa = PBXFileReference; lastKnownFileType = sourcecode.swift; path = MomentsManagerTests.swift; sourceTree = "<group>"; };
		BC82A82C61395138BEBA58E9 /* MomentDetailView.swift */ = {isa = PBXFileReference; lastKnownFileType = sourcecode.swift; path = MomentDetailView.swift; sourceTree = "<group>"; };
		BE365899465B4BAE83DFF37F /* ConversationsRaceTests.swift */ = {isa = PBXFileReference; lastKnownFileType = sourcecode.swift; path = ConversationsRaceTests.swift; sourceTree = "<group>"; };
		BF3E4A236DB2440CA0CD8AB9 /* LocalConversationStore.swift */ = {isa = PBXFileReference; lastKnownFileType = sourcecode.swift; path = LocalConversationStore.swift; sourceTree = "<group>"; };
		C00BC283BF982E1E5913FCDF /* MomentDetailViewModel.swift */ = {isa = PBXFileReference; lastKnownFileType = sourcecode.swift; path = MomentDetailViewModel.swift; sourceTree = "<group>"; };
		C880AEDE0B2F4EEDB62A344A /* EditJournalEntryViewModelTests.swift */ = {isa = PBXFileReference; lastKnownFileType = sourcecode.swift; path = EditJournalEntryViewModelTests.swift; sourceTree = "<group>"; };
		C8C91BC81DC2E89EE5C81CE0 /* QueryFeature.swift */ = {isa = PBXFileReference; lastKnownFileType = sourcecode.swift; path = QueryFeature.swift; sourceTree = "<group>"; };
		C99BBC86E2356AC2E890D126 /* OnboardingViewModelTests.swift */ = {isa = PBXFileReference; lastKnownFileType = sourcecode.swift; path = OnboardingViewModelTests.swift; sourceTree = "<group>"; };
		C9B14CA48AA843E9BC0F6011 /* MomentsRaceTests.swift */ = {isa = PBXFileReference; lastKnownFileType = sourcecode.swift; path = MomentsRaceTests.swift; sourceTree = "<group>"; };
		CAFA00000000000000000001 /* Assets.xcassets */ = {isa = PBXFileReference; lastKnownFileType = folder.assetcatalog; path = Assets.xcassets; sourceTree = "<group>"; };
		CAFA00000000000000000003 /* LocalQueryIndex.swift */ = {isa = PBXFileReference; lastKnownFileType = sourcecode.swift; path = LocalQueryIndex.swift; sourceTree = "<group>"; };
		D185941849534A17ABE7A3EE /* ExportViewModel.swift */ = {isa = PBXFileReference; lastKnownFileType = sourcecode.swift; path = ExportViewModel.swift; sourceTree = "<group>"; };
		D4B7918ADFA74C1DAE0CC3DB /* ConversationsManager.swift */ = {isa = PBXFileReference; lastKnownFileType = sourcecode.swift; path = ConversationsManager.swift; sourceTree = "<group>"; };
		D4DDC2F5375F4C7FB4AE4360 /* AnswerFeedbackViewModel.swift */ = {isa = PBXFileReference; lastKnownFileType = sourcecode.swift; path = AnswerFeedbackViewModel.swift; sourceTree = "<group>"; };
		DB0CF2FD045FD30F3B409B17 /* QueryViewModelTests.swift */ = {isa = PBXFileReference; lastKnownFileType = sourcecode.swift; path = QueryViewModelTests.swift; sourceTree = "<group>"; };
		DBBA51D49601F60C81119249 /* LocalPreferences.swift */ = {isa = PBXFileReference; lastKnownFileType = sourcecode.swift; path = LocalPreferences.swift; sourceTree = "<group>"; };
		DE6F3A4526D84031867F3DC2 /* FIFOOperationGate.swift */ = {isa = PBXFileReference; lastKnownFileType = sourcecode.swift; path = FIFOOperationGate.swift; sourceTree = "<group>"; };
		DE908B8A94474B609BFE6A36 /* QueryWorker.swift */ = {isa = PBXFileReference; lastKnownFileType = sourcecode.swift; path = QueryWorker.swift; sourceTree = "<group>"; };
		E3D1431495092E87B6CC3CED /* ConversationHistoryViewModelTests.swift */ = {isa = PBXFileReference; lastKnownFileType = sourcecode.swift; path = ConversationHistoryViewModelTests.swift; sourceTree = "<group>"; };
		E55E12182D47357A71965173 /* TrainingView.swift */ = {isa = PBXFileReference; lastKnownFileType = sourcecode.swift; path = TrainingView.swift; sourceTree = "<group>"; };
		E566A46F1E2A4E419CF4DB56 /* AnswerFeedbackView.swift */ = {isa = PBXFileReference; lastKnownFileType = sourcecode.swift; path = AnswerFeedbackView.swift; sourceTree = "<group>"; };
		E7CC85D7BFF44FF2A9EF929C /* ConversationHistoryViewModel.swift */ = {isa = PBXFileReference; lastKnownFileType = sourcecode.swift; path = ConversationHistoryViewModel.swift; sourceTree = "<group>"; };
		EBF12943E6544773BEAA496D /* LifeMapView.swift */ = {isa = PBXFileReference; lastKnownFileType = sourcecode.swift; path = LifeMapView.swift; sourceTree = "<group>"; };
		F10FDBC67F54D0F8F5F4AE5C /* AppModel.swift */ = {isa = PBXFileReference; lastKnownFileType = sourcecode.swift; path = AppModel.swift; sourceTree = "<group>"; };
		F32C70F400D646B2943591E3 /* QuerySearchWorkers.swift */ = {isa = PBXFileReference; lastKnownFileType = sourcecode.swift; path = QuerySearchWorkers.swift; sourceTree = "<group>"; };
		F62132CD2DEAD6905556CEE2 /* OnboardingView.swift */ = {isa = PBXFileReference; lastKnownFileType = sourcecode.swift; path = OnboardingView.swift; sourceTree = "<group>"; };
		F7C542D00BCBAEA22B34DABD /* PersonalFactSnapshot.swift */ = {isa = PBXFileReference; lastKnownFileType = sourcecode.swift; path = PersonalFactSnapshot.swift; sourceTree = "<group>"; };
		F8ED2969AD8EFDC5A28356C0 /* SettingsViewModelTests.swift */ = {isa = PBXFileReference; lastKnownFileType = sourcecode.swift; path = SettingsViewModelTests.swift; sourceTree = "<group>"; };
		FCD19F191988920378B6ECF2 /* AnswerFeedbackViewModelTests.swift */ = {isa = PBXFileReference; lastKnownFileType = sourcecode.swift; path = AnswerFeedbackViewModelTests.swift; sourceTree = "<group>"; };
		FCDF52F7A9B94AF1A28547B2 /* LifeMapRaceTests.swift */ = {isa = PBXFileReference; lastKnownFileType = sourcecode.swift; path = LifeMapRaceTests.swift; sourceTree = "<group>"; };
/* End PBXFileReference section */

/* Begin PBXFrameworksBuildPhase section */
		56DA8A5B6AE55FD126745C5C /* Frameworks */ = {
			isa = PBXFrameworksBuildPhase;
			buildActionMask = 2147483647;
			files = (
			);
			runOnlyForDeploymentPostprocessing = 0;
		};
		6C18526817C1377C39321D31 /* Frameworks */ = {
			isa = PBXFrameworksBuildPhase;
			buildActionMask = 2147483647;
			files = (
			);
			runOnlyForDeploymentPostprocessing = 0;
		};
/* End PBXFrameworksBuildPhase section */

/* Begin PBXGroup section */
		09A045B2D677B42A266F558E /* View model tests */ = {
			isa = PBXGroup;
			children = (
				C99BBC86E2356AC2E890D126 /* OnboardingViewModelTests.swift */,
				22D9BA4EFFA94B819ACBCBB6 /* JournalEntriesViewModelTests.swift */,
				E3D1431495092E87B6CC3CED /* ConversationHistoryViewModelTests.swift */,
				C880AEDE0B2F4EEDB62A344A /* EditJournalEntryViewModelTests.swift */,
				46E4122F8CE629A18ABA41E4 /* MomentDetailViewModelTests.swift */,
				5829C1EF5B729914BF45A2FE /* LifeMapViewModelTests.swift */,
				557A8DAD9F6713A67D85BBDC /* LockViewModelTests.swift */,
				70D5C7AF32E3E0E524AFA862 /* RootViewModelTests.swift */,
				8F1EF9246AAABBBD6FE51E62 /* TrainingViewModelTests.swift */,
				557FDE9ACD0752794ADF8564 /* ExportViewModelTests.swift */,
				F8ED2969AD8EFDC5A28356C0 /* SettingsViewModelTests.swift */,
				DB0CF2FD045FD30F3B409B17 /* QueryViewModelTests.swift */,
				FCD19F191988920378B6ECF2 /* AnswerFeedbackViewModelTests.swift */,
			);
			path = "View model tests";
			sourceTree = "<group>";
		};
		0B8345B51606664C92A80A28 /* Life Map */ = {
			isa = PBXGroup;
			children = (
				159F81EA84024D6D9AFC73E4 /* LifeMapFeature.swift */,
				1FAA14BE33A04027A48D3AAE /* LifeMapExtractor.swift */,
				62B1FB9276B74FDD809D03B7 /* LifeMapManager.swift */,
			);
			path = "Life Map";
			sourceTree = "<group>";
		};
		0C1553CF558D6700DE02933D /* Query */ = {
			isa = PBXGroup;
			children = (
				70C8DE1604FEDFFD92D0C75D /* QueryManager.swift */,
				CAFA00000000000000000003 /* LocalQueryIndex.swift */,
				F32C70F400D646B2943591E3 /* QuerySearchWorkers.swift */,
				DE908B8A94474B609BFE6A36 /* QueryWorker.swift */,
				C8C91BC81DC2E89EE5C81CE0 /* QueryFeature.swift */,
			);
			path = Query;
			sourceTree = "<group>";
		};
		0CFE868C0012F92041F1798C /* Test Support */ = {
			isa = PBXGroup;
			children = (
				88A1F513445AF65ECE9AFAC9 /* TestAppModelFactory.swift */,
			);
			path = "Test Support";
			sourceTree = "<group>";
		};
		0F8AAF31DF077E5317171A9A /* Authentication */ = {
			isa = PBXGroup;
			children = (
				9CB8BB0A56D33B3567730A99 /* AuthenticationManager.swift */,
				8F1A747250A763555F5A1010 /* AuthenticationFeature.swift */,
			);
			path = Authentication;
			sourceTree = "<group>";
		};
		17F4883DCC3C7201E4370DDC /* Support */ = {
			isa = PBXGroup;
			children = (
				58E63EFB755D4E0CBC11B205 /* RaceBarrier.swift */,
			);
			path = Support;
			sourceTree = "<group>";
		};
		1DC78CF98D14057FC6E0190F /* Export */ = {
			isa = PBXGroup;
			children = (
				D185941849534A17ABE7A3EE /* ExportViewModel.swift */,
				6946D2487ECC44F59A7D0FBF /* ExportView.swift */,
			);
			path = Export;
			sourceTree = "<group>";
		};
		1EBBC97F9A503E5006043E59 /* Race Conditions */ = {
			isa = PBXGroup;
			children = (
				F623745B149FDD9CF2145E05 /* Settings */,
				BF507EFA27BCB5F418E0780F /* Query */,
				B5CD2A77F5A9FACAF050C410 /* Authentication */,
				C82EC619F316533E682B5153 /* Conversations */,
				B30CB82BCE02BC2FABF2EED2 /* Moments */,
				79FABB4B284A156B38F96EB9 /* Profile */,
				17F4883DCC3C7201E4370DDC /* Support */,
				D142EF12A9F8A09DEB20727B /* Life Map */,
			);
			path = "Race Conditions";
			sourceTree = "<group>";
		};
		201AA00B7E49014E1A542A3B /* Journal Entries */ = {
			isa = PBXGroup;
			children = (
				2CF4565325484021B444C394 /* JournalEntriesViewModel.swift */,
				0F6E498055EE473687B18989 /* JournalEntriesView.swift */,
			);
			path = "Journal Entries";
			sourceTree = "<group>";
		};
		24F4602767DCEC7F87EBE9BB /* Local */ = {
			isa = PBXGroup;
			children = (
				DBBA51D49601F60C81119249 /* LocalPreferences.swift */,
				BA1DB40382E4C15963838061 /* LocalDeviceAuthentication.swift */,
				A8F2FBF37F78DC7FB5F0E4CA /* StoredRecords.swift */,
				99A74B30EBAAD8B8AFD69176 /* LocalDataStore.swift */,
				796BA74225A7BBB3C13213EF /* PersonalArchive.swift */,
				BF3E4A236DB2440CA0CD8AB9 /* LocalConversationStore.swift */,
			);
			path = Local;
			sourceTree = "<group>";
		};
		53401AE2BD7C6F614B507B27 /* Conversations */ = {
			isa = PBXGroup;
			children = (
				D4B7918ADFA74C1DAE0CC3DB /* ConversationsManager.swift */,
				45352A55C507405AA6F1D2B2 /* ConversationsFeature.swift */,
			);
			path = Conversations;
			sourceTree = "<group>";
		};
		576B12F01C60A2DD7B9CDCEB /* Brand */ = {
			isa = PBXGroup;
			children = (
				99CEB21878374329B8ED3B9A /* DoneButton.swift */,
			);
			path = Brand;
			sourceTree = "<group>";
		};
		60DC3CCE9F8017821274D0EE /* Edit Journal Entry */ = {
			isa = PBXGroup;
			children = (
				0120D60B657E40619612AB3A /* EditJournalEntryView.swift */,
				009EEDE57DBC427DB0229345 /* EditJournalEntryViewModel.swift */,
			);
			path = "Edit Journal Entry";
			sourceTree = "<group>";
		};
		6349DD637BE8F0449EFE0E62 /* Components */ = {
			isa = PBXGroup;
			children = (
				775877CA36E424796D737112 /* Chat Transcript */,
				576B12F01C60A2DD7B9CDCEB /* Brand */,
				893F62645696F05B81A707B7 /* Journal Editor */,
			);
			path = Components;
			sourceTree = "<group>";
		};
		668D73C41A96D29C4D4EBB71 /* Training */ = {
			isa = PBXGroup;
			children = (
				E55E12182D47357A71965173 /* TrainingView.swift */,
				B9E0A789CE0D11B461CBAA87 /* TrainingViewModel.swift */,
			);
			path = Training;
			sourceTree = "<group>";
		};
		775877CA36E424796D737112 /* Chat Transcript */ = {
			isa = PBXGroup;
			children = (
				9FB726F55AC84004B9B0AF3E /* ChatAnswerView.swift */,
			);
			path = "Chat Transcript";
			sourceTree = "<group>";
		};
		7853BFEB0D11C9914DECE901 /* User Data Storage */ = {
			isa = PBXGroup;
			children = (
				24F4602767DCEC7F87EBE9BB /* Local */,
				79D3F8AB7D47693A2644F5B3 /* Protocols */,
			);
			path = "User Data Storage";
			sourceTree = "<group>";
		};
		785F5675C4D524757E96B570 /* Root */ = {
			isa = PBXGroup;
			children = (
				90D09EE39DD5CF792D67BB2C /* RootViewModel.swift */,
				83B790FDCB6A30DAFDAC7D75 /* RootView.swift */,
			);
			path = Root;
			sourceTree = "<group>";
		};
		79D3F8AB7D47693A2644F5B3 /* Protocols */ = {
			isa = PBXGroup;
			children = (
				3C7E834C9526F7C067C9CC3C /* PreferencesRepository.swift */,
				07530CC791565D4643120382 /* PersonalDataRepository.swift */,
				862CB156242D4896B59BD7BD /* ConversationRepository.swift */,
			);
			path = Protocols;
			sourceTree = "<group>";
		};
		79FABB4B284A156B38F96EB9 /* Profile */ = {
			isa = PBXGroup;
			children = (
				AF9F374C49B447C78169448D /* ProfileRaceTests.swift */,
			);
			path = Profile;
			sourceTree = "<group>";
		};
		7AD5C014DD13E2D30F3EBA92 /* Settings */ = {
			isa = PBXGroup;
			children = (
				13811DA62BF09B07DDF9ADD3 /* SettingsView.swift */,
				9C8B7AE45475AE4C4E43EEF5 /* SettingsViewModel.swift */,
				68F434E66E427572581282C9 /* ExportDocument.swift */,
			);
			path = Settings;
			sourceTree = "<group>";
		};
		7E191B3FD350D800150FA011 /* Profile */ = {
			isa = PBXGroup;
			children = (
				4A7D1A19AD0561B51DAE613B /* ProfileManager.swift */,
				F7C542D00BCBAEA22B34DABD /* PersonalFactSnapshot.swift */,
				4DCDB695ACEE04E8967475D0 /* ProfileFeature.swift */,
			);
			path = Profile;
			sourceTree = "<group>";
		};
		8008FFBCFC87DCC37DC62391 /* PersonalAPI */ = {
			isa = PBXGroup;
			children = (
				AD190F9D02F612E7E68E6D28 /* 1 - View */,
				8B8219756D40E5AE5DC80EAF /* 2 - AppModel */,
				D5750C063491A9ACE931E28F /* 3 - App Resources */,
			);
			path = PersonalAPI;
			sourceTree = "<group>";
		};
		82564837F9A9C9DAAC89160B /* Moments */ = {
			isa = PBXGroup;
			children = (
				3D867245602CD282E40C1AEB /* MomentProcessor.swift */,
				A3AF4F7B90AFFA363225864F /* MomentsFeature.swift */,
				962AF7108D3E0224EFE60634 /* MomentsManager.swift */,
				40D59ED7770E33B993E3CAF2 /* MomentSnapshot.swift */,
			);
			path = Moments;
			sourceTree = "<group>";
		};
		893F62645696F05B81A707B7 /* Journal Editor */ = {
			isa = PBXGroup;
			children = (
				B35F9559C6EA484AA2C63F3B /* JournalTextEditor.swift */,
			);
			path = "Journal Editor";
			sourceTree = "<group>";
		};
		8B8219756D40E5AE5DC80EAF /* 2 - AppModel */ = {
			isa = PBXGroup;
			children = (
				A0267CD03F5383AFFE58C0A5 /* Features */,
				7853BFEB0D11C9914DECE901 /* User Data Storage */,
				ACE54A6C1E4E7C408136ED2B /* Operation Scheduling */,
				F10FDBC67F54D0F8F5F4AE5C /* AppModel.swift */,
			);
			path = "2 - AppModel";
			sourceTree = "<group>";
		};
		8EF34C3E4E26A2271DF16E97 /* Answer Feedback */ = {
			isa = PBXGroup;
			children = (
				D4DDC2F5375F4C7FB4AE4360 /* AnswerFeedbackViewModel.swift */,
				E566A46F1E2A4E419CF4DB56 /* AnswerFeedbackView.swift */,
			);
			path = "Answer Feedback";
			sourceTree = "<group>";
		};
		95107DB8B804B05D57B85C83 /* Onboarding */ = {
			isa = PBXGroup;
			children = (
				20356AB7AB067712CB40CAC9 /* OnboardingViewModel.swift */,
				F62132CD2DEAD6905556CEE2 /* OnboardingView.swift */,
			);
			path = Onboarding;
			sourceTree = "<group>";
		};
		9ED6C12AB5740A9C15C26DBF /* Theme */ = {
			isa = PBXGroup;
			children = (
				32A91568E097D981CA6FD539 /* ThemeManager.swift */,
				3683F5973A632066D6ABEB0F /* AppColourTheme.swift */,
			);
			path = Theme;
			sourceTree = "<group>";
		};
		A0267CD03F5383AFFE58C0A5 /* Features */ = {
			isa = PBXGroup;
			children = (
				0C1553CF558D6700DE02933D /* Query */,
				7E191B3FD350D800150FA011 /* Profile */,
				F17B83619C9BB4ED91B6E5E2 /* Settings */,
				53401AE2BD7C6F614B507B27 /* Conversations */,
				0B8345B51606664C92A80A28 /* Life Map */,
				0F8AAF31DF077E5317171A9A /* Authentication */,
				82564837F9A9C9DAAC89160B /* Moments */,
			);
			path = Features;
			sourceTree = "<group>";
		};
		A4E897664B9BDAD5943F7D29 /* AppModel tests */ = {
			isa = PBXGroup;
			children = (
				3D31F57FC1B68C27F6B6F3D5 /* LocalDataStoreTests.swift */,
				A1A100000000000000000001 /* QueryManagerTests.swift */,
				3BBCE85D8E827EF16F9C0D5D /* SettingsManagerTests.swift */,
				BA95AA6B22D02A83E7A24AE5 /* MomentsManagerTests.swift */,
				24B44BD8BF980565DDDF9A4F /* ProfileManagerTests.swift */,
				6D0152D228A549CFA4F360E8 /* LifeMapTests.swift */,
				44DEB2D1F4B2EF46E0577F33 /* AppModelTests.swift */,
				20AC8B018D2D48889C7A0FDC /* ConversationsManagerTests.swift */,
				0CFE868C0012F92041F1798C /* Test Support */,
				302B9516ED7F460082E69BD6 /* AuthenticationManagerTests.swift */,
			);
			path = "AppModel tests";
			sourceTree = "<group>";
		};
		A781646F40DF5ABFD5D1A1F8 /* Views */ = {
			isa = PBXGroup;
			children = (
				785F5675C4D524757E96B570 /* Root */,
				201AA00B7E49014E1A542A3B /* Journal Entries */,
				EE870A256D376B4E009D46B6 /* Conversation History */,
				668D73C41A96D29C4D4EBB71 /* Training */,
				DCB65467213A48C7C44E886A /* Query */,
				1DC78CF98D14057FC6E0190F /* Export */,
				95107DB8B804B05D57B85C83 /* Onboarding */,
				C9D7C065E258353CBDECAF56 /* Lock */,
				BB06BBADC5228BE4345E5C29 /* Moment Detail */,
				8EF34C3E4E26A2271DF16E97 /* Answer Feedback */,
				AA99BE998863AF55D96D702F /* Life Map */,
				7AD5C014DD13E2D30F3EBA92 /* Settings */,
				60DC3CCE9F8017821274D0EE /* Edit Journal Entry */,
			);
			path = Views;
			sourceTree = "<group>";
		};
		AA99BE998863AF55D96D702F /* Life Map */ = {
			isa = PBXGroup;
			children = (
				2FC6D983A97F4B8DB8B7D8EC /* LifeMapViewModel.swift */,
				EBF12943E6544773BEAA496D /* LifeMapView.swift */,
			);
			path = "Life Map";
			sourceTree = "<group>";
		};
		ACE54A6C1E4E7C408136ED2B /* Operation Scheduling */ = {
			isa = PBXGroup;
			children = (
				DE6F3A4526D84031867F3DC2 /* FIFOOperationGate.swift */,
			);
			path = "Operation Scheduling";
			sourceTree = "<group>";
		};
		AD190F9D02F612E7E68E6D28 /* 1 - View */ = {
			isa = PBXGroup;
			children = (
				A781646F40DF5ABFD5D1A1F8 /* Views */,
				59A05D92A65BAC05282D778C /* PersonalAPIApp.swift */,
				6349DD637BE8F0449EFE0E62 /* Components */,
				9ED6C12AB5740A9C15C26DBF /* Theme */,
			);
			path = "1 - View";
			sourceTree = "<group>";
		};
		B28B7AF69320201D1CF206EB = {
			isa = PBXGroup;
			children = (
				8008FFBCFC87DCC37DC62391 /* PersonalAPI */,
				DD88631A7FA49AC5AA793F54 /* PersonalAPITests */,
				FBDC4F23F93125BBEEAE800C /* Products */,
			);
			sourceTree = "<group>";
		};
		B30CB82BCE02BC2FABF2EED2 /* Moments */ = {
			isa = PBXGroup;
			children = (
				C9B14CA48AA843E9BC0F6011 /* MomentsRaceTests.swift */,
			);
			path = Moments;
			sourceTree = "<group>";
		};
		B5CD2A77F5A9FACAF050C410 /* Authentication */ = {
			isa = PBXGroup;
			children = (
				6F1AD82D485346D498B26BFF /* AuthenticationRaceTests.swift */,
			);
			path = Authentication;
			sourceTree = "<group>";
		};
		BB06BBADC5228BE4345E5C29 /* Moment Detail */ = {
			isa = PBXGroup;
			children = (
				BC82A82C61395138BEBA58E9 /* MomentDetailView.swift */,
				C00BC283BF982E1E5913FCDF /* MomentDetailViewModel.swift */,
			);
			path = "Moment Detail";
			sourceTree = "<group>";
		};
		BF507EFA27BCB5F418E0780F /* Query */ = {
			isa = PBXGroup;
			children = (
				1CAE6D89F89841B6BDD21544 /* QueryRaceTests.swift */,
			);
			path = Query;
			sourceTree = "<group>";
		};
		C82EC619F316533E682B5153 /* Conversations */ = {
			isa = PBXGroup;
			children = (
				BE365899465B4BAE83DFF37F /* ConversationsRaceTests.swift */,
			);
			path = Conversations;
			sourceTree = "<group>";
		};
		C9D7C065E258353CBDECAF56 /* Lock */ = {
			isa = PBXGroup;
			children = (
				5ED43509E222D9848E85AD46 /* LockView.swift */,
				4CCA8F00E48F62BC0B5724E4 /* LockViewModel.swift */,
			);
			path = Lock;
			sourceTree = "<group>";
		};
		D142EF12A9F8A09DEB20727B /* Life Map */ = {
			isa = PBXGroup;
			children = (
				FCDF52F7A9B94AF1A28547B2 /* LifeMapRaceTests.swift */,
			);
			path = "Life Map";
			sourceTree = "<group>";
		};
		D5750C063491A9ACE931E28F /* 3 - App Resources */ = {
			isa = PBXGroup;
			children = (
				096D6D90F4005BA4B264E4B8 /* PrivacyInfo.xcprivacy */,
				CAFA00000000000000000001 /* Assets.xcassets */,
			);
			path = "3 - App Resources";
			sourceTree = "<group>";
		};
		DCB65467213A48C7C44E886A /* Query */ = {
			isa = PBXGroup;
			children = (
				16A4FCD3CD5F3E15A0777BC1 /* QueryViewModel.swift */,
				AB64C0B877BA97B61E893D4B /* QueryView.swift */,
			);
			path = Query;
			sourceTree = "<group>";
		};
		DD88631A7FA49AC5AA793F54 /* PersonalAPITests */ = {
			isa = PBXGroup;
			children = (
				09A045B2D677B42A266F558E /* View model tests */,
				A4E897664B9BDAD5943F7D29 /* AppModel tests */,
				1EBBC97F9A503E5006043E59 /* Race Conditions */,
			);
			path = PersonalAPITests;
			sourceTree = "<group>";
		};
		EE870A256D376B4E009D46B6 /* Conversation History */ = {
			isa = PBXGroup;
			children = (
				E7CC85D7BFF44FF2A9EF929C /* ConversationHistoryViewModel.swift */,
				0ADDA16DCEA441869E5102FD /* ConversationHistoryView.swift */,
			);
			path = "Conversation History";
			sourceTree = "<group>";
		};
		F17B83619C9BB4ED91B6E5E2 /* Settings */ = {
			isa = PBXGroup;
			children = (
				3001A3416467FFD12A022095 /* SettingsManager.swift */,
				3EBA7CB273A04714724F22CD /* SettingsFeature.swift */,
			);
			path = Settings;
			sourceTree = "<group>";
		};
		F623745B149FDD9CF2145E05 /* Settings */ = {
			isa = PBXGroup;
			children = (
				076E961FD06540149B0D80E9 /* SettingsRaceTests.swift */,
			);
			path = Settings;
			sourceTree = "<group>";
		};
		FBDC4F23F93125BBEEAE800C /* Products */ = {
			isa = PBXGroup;
			children = (
				6D795F13C8C22E022040EE00 /* PersonalAPI.app */,
				AEAE4B28CDFF08F590396BA5 /* PersonalAPITests.xctest */,
			);
			name = Products;
			sourceTree = "<group>";
		};
/* End PBXGroup section */

/* Begin PBXNativeTarget section */
		7D1043473D55BFA90E8530D3 /* PersonalAPI */ = {
			isa = PBXNativeTarget;
			buildConfigurationList = 60EA43DB068BD71C9709BED5 /* Build configuration list for PBXNativeTarget "PersonalAPI" */;
			buildPhases = (
				905DB04043B7311D06A28734 /* Sources */,
				6C18526817C1377C39321D31 /* Frameworks */,
				06F5DC629BD46AAFD46564D1 /* Resources */,
			);
			buildRules = (
			);
			dependencies = (
			);
			name = PersonalAPI;
			productName = PersonalAPI;
			productReference = 6D795F13C8C22E022040EE00 /* PersonalAPI.app */;
			productType = "com.apple.product-type.application";
		};
		A94A8FE5CCB19BA61C4C0873 /* PersonalAPITests */ = {
			isa = PBXNativeTarget;
			buildConfigurationList = 87F2532CB576F7CE6EB48F72 /* Build configuration list for PBXNativeTarget "PersonalAPITests" */;
			buildPhases = (
				7CB9C5DBBDFFE89694C24C30 /* Sources */,
				56DA8A5B6AE55FD126745C5C /* Frameworks */,
				C584AE92222380FB29B6223F /* Resources */,
			);
			buildRules = (
			);
			dependencies = (
				DE58E2B17C19600779694943 /* PBXTargetDependency */,
			);
			name = PersonalAPITests;
			productName = PersonalAPITests;
			productReference = AEAE4B28CDFF08F590396BA5 /* PersonalAPITests.xctest */;
			productType = "com.apple.product-type.bundle.unit-test";
		};
/* End PBXNativeTarget section */

/* Begin PBXProject section */
		633579642D79D259F3001E4F /* Project object */ = {
			isa = PBXProject;
			attributes = {
				BuildIndependentTargetsInParallel = YES;
				LastUpgradeCheck = 2620;
			};
			buildConfigurationList = 797A1931834F5AA72F6C4C11 /* Build configuration list for PBXProject "PersonalAPI" */;
			compatibilityVersion = "Xcode 14.0";
			developmentRegion = en;
			hasScannedForEncodings = 0;
			knownRegions = (
				en,
				Base,
			);
			mainGroup = B28B7AF69320201D1CF206EB;
			productRefGroup = FBDC4F23F93125BBEEAE800C /* Products */;
			projectDirPath = "";
			projectRoot = "";
			targets = (
				7D1043473D55BFA90E8530D3 /* PersonalAPI */,
				A94A8FE5CCB19BA61C4C0873 /* PersonalAPITests */,
			);
		};
/* End PBXProject section */

/* Begin PBXResourcesBuildPhase section */
		06F5DC629BD46AAFD46564D1 /* Resources */ = {
			isa = PBXResourcesBuildPhase;
			buildActionMask = 2147483647;
			files = (
				CAFA00000000000000000002 /* Assets.xcassets in Resources */,
				CDE48F7D4C9D062D4F846367 /* PrivacyInfo.xcprivacy in Resources */,
			);
			runOnlyForDeploymentPostprocessing = 0;
		};
		C584AE92222380FB29B6223F /* Resources */ = {
			isa = PBXResourcesBuildPhase;
			buildActionMask = 2147483647;
			files = (
			);
			runOnlyForDeploymentPostprocessing = 0;
		};
/* End PBXResourcesBuildPhase section */

/* Begin PBXSourcesBuildPhase section */
		7CB9C5DBBDFFE89694C24C30 /* Sources */ = {
			isa = PBXSourcesBuildPhase;
			buildActionMask = 2147483647;
			files = (
				B14D5E14F4184C01B4E0A92F /* LifeMapTests.swift in Sources */,
				9D894402E893B73107D41C60 /* RootViewModelTests.swift in Sources */,
				7B67AC0FDD3D45C50F33CAFD /* AuthenticationManagerTests.swift in Sources */,
				16A01B214CE6BF2B18F81C4C /* TrainingViewModelTests.swift in Sources */,
				9B5BAFE92EA33950323968B9 /* MomentDetailViewModelTests.swift in Sources */,
				CD3808954B1F4A13B7AC37E6 /* EditJournalEntryViewModelTests.swift in Sources */,
				A85F21761D9A8BC6C8A0C813 /* LocalDataStoreTests.swift in Sources */,
				4BF66B90052C40D5B6A3F48B /* ConversationsRaceTests.swift in Sources */,
				652DACDFBFBDDE3AB183FC36 /* ConversationHistoryViewModelTests.swift in Sources */,
				62E8C3C1A29945D09F5EB906 /* QueryRaceTests.swift in Sources */,
				62461ACD5B0A4A14A3B633A3 /* LifeMapRaceTests.swift in Sources */,
				3EC410A720C140F08766CF09 /* ConversationsManagerTests.swift in Sources */,
				AD2A5E3CFE7D456291E70E9B /* AuthenticationRaceTests.swift in Sources */,
				118A5820F3CB455AA2B7EC5E /* ProfileRaceTests.swift in Sources */,
				7CBDA96396E24986A6BF62A3 /* MomentsRaceTests.swift in Sources */,
				81026AADC465A526EDB1A30D /* ExportViewModelTests.swift in Sources */,
				31CC69A8D624A32635618037 /* QueryViewModelTests.swift in Sources */,
				C72645219743DC6BCF21CE13 /* LockViewModelTests.swift in Sources */,
				A1A100000000000000000002 /* QueryManagerTests.swift in Sources */,
				1035236520E3BEEE591605CF /* SettingsViewModelTests.swift in Sources */,
				4A07B4B04ABD427397CD7F1D /* SettingsManagerTests.swift in Sources */,
				DB21DA4D2E2EE7EBD1F6951D /* OnboardingViewModelTests.swift in Sources */,
				AF3A1114E31EA1956FC50696 /* MomentsManagerTests.swift in Sources */,
				1310C7774030B7067B9F61B2 /* TestAppModelFactory.swift in Sources */,
				170D7FE7C255756D228EC297 /* LifeMapViewModelTests.swift in Sources */,
				B26C7B4E0A9F4F67BED8F87C /* SettingsRaceTests.swift in Sources */,
				949B4364E13662A22EC60F34 /* AnswerFeedbackViewModelTests.swift in Sources */,
				ABD2676DCC872A594DECC62F /* AppModelTests.swift in Sources */,
				DE658AAC60134C5588F0B433 /* RaceBarrier.swift in Sources */,
				0C1ACD7D4C2840CF10ED2165 /* ProfileManagerTests.swift in Sources */,
				C70A3EDC3EF844CB908BC3B0 /* JournalEntriesViewModelTests.swift in Sources */,
			);
			runOnlyForDeploymentPostprocessing = 0;
		};
		905DB04043B7311D06A28734 /* Sources */ = {
			isa = PBXSourcesBuildPhase;
			buildActionMask = 2147483647;
			files = (
				F4AD92AA43C7ED80037CEBA6 /* MomentDetailView.swift in Sources */,
				4048D0A8D237C584E1536096 /* RootView.swift in Sources */,
				CB8CDCC165B142519587DEBD /* ConversationsFeature.swift in Sources */,
				5D60E758556D3BCEA81DB60D /* MomentsFeature.swift in Sources */,
				007C2EC5556748E25FCC727C /* ProfileFeature.swift in Sources */,
				70DB729A17C8D6419C6CD15D /* LockViewModel.swift in Sources */,
				35D71863FC13465FAEC931C5 /* EditJournalEntryViewModel.swift in Sources */,
				D7F8F0BAA7F141B9854B53FC /* QueryWorker.swift in Sources */,
				D05ABBFF3748ED539853B53E /* StoredRecords.swift in Sources */,
				00BA484FFEF143D68D60381F /* QuerySearchWorkers.swift in Sources */,
				08D7714BD6EE423DB7800D3C /* EditJournalEntryView.swift in Sources */,
				149D4E46C0A84217AC32A8D9 /* FIFOOperationGate.swift in Sources */,
				11AB9F5DD8DA022D3ED3A542 /* RootViewModel.swift in Sources */,
				E188FE2BD0FF4A52861C9534 /* LifeMapView.swift in Sources */,
				43573CCC962E4AF5873DEE0C /* ConversationRepository.swift in Sources */,
				91F442011E07A851D9A820C9 /* ThemeManager.swift in Sources */,
				5F9BE40C04D6F6568FA9499C /* SettingsViewModel.swift in Sources */,
				25D92CBE46C1FA9B79B29DA6 /* OnboardingView.swift in Sources */,
				B0DD9FCED53CC97FF7BE7622 /* SettingsView.swift in Sources */,
				87A0CA717AA9646ACB68D84F /* QueryFeature.swift in Sources */,
				70CCACC239804AA5A3CF3135 /* ChatAnswerView.swift in Sources */,
				6457A709B6384172920C09C4 /* ExportView.swift in Sources */,
				A3A83AF8E7AF7310E43AC9A9 /* SettingsManager.swift in Sources */,
				FCA78E7B3A82D6F6A3C32505 /* AppColourTheme.swift in Sources */,
				3D4820FCD4684FE5A4D4D361 /* JournalTextEditor.swift in Sources */,
				D282F5500B4B487A8563EE1D /* JournalEntriesViewModel.swift in Sources */,
				5314BD5E38B575C5CD7A863D /* PreferencesRepository.swift in Sources */,
				5DCB28AB255B48F48C455BAD /* LifeMapManager.swift in Sources */,
				FE18F0F3CF30D53A8326E73B /* LocalDeviceAuthentication.swift in Sources */,
				6FC1113BCC3AA2964BA427ED /* AuthenticationManager.swift in Sources */,
				EF9273EC435FB68B4C52E174 /* MomentSnapshot.swift in Sources */,
				E9EC72A97CE65E56F9F47A96 /* PersonalDataRepository.swift in Sources */,
				2BCC1200AA9C63FAF9B33869 /* QueryView.swift in Sources */,
				99B8C74AE65131C81DECC9D6 /* OnboardingViewModel.swift in Sources */,
				667411CFCEF35386A7F704C3 /* ProfileManager.swift in Sources */,
				92E280D7DBD34FB3A2F86222 /* ConversationHistoryViewModel.swift in Sources */,
				ED7A73F5B3F741C38287F798 /* ExportViewModel.swift in Sources */,
				CDD35F87FB0C913894F15AB2 /* SettingsFeature.swift in Sources */,
				1ACD875152A3BBB0BE5F94A0 /* LockView.swift in Sources */,
				1335335D76455E7B60B5B423 /* AuthenticationFeature.swift in Sources */,
				876F99083BDD2BD1E6AE6489 /* LocalDataStore.swift in Sources */,
				38787148099440E9887C8775 /* LifeMapExtractor.swift in Sources */,
				22B00CDDD03C5D298632C664 /* PersonalFactSnapshot.swift in Sources */,
				11C719B97CB94569A2C5346F /* AnswerFeedbackView.swift in Sources */,
				CD0E8DCD7CBC4A079EE4D058 /* AnswerFeedbackViewModel.swift in Sources */,
				A6DDCCA51AB348DEA4512B27 /* LifeMapViewModel.swift in Sources */,
				E25A35CFB44345458A21E70D /* ConversationsManager.swift in Sources */,
				43E7E1D6EF4C6FDA5CA60302 /* PersonalArchive.swift in Sources */,
				231F61FD518349C8805169DD /* ConversationHistoryView.swift in Sources */,
				90B9A4C825A2AD9AC74675EB /* ExportDocument.swift in Sources */,
				9AD182715958F2CBDB9A5930 /* TrainingView.swift in Sources */,
				A672569B19CE55854C3281CE /* LocalPreferences.swift in Sources */,
				8C356BB37CF71C5A5D9BBEE6 /* QueryViewModel.swift in Sources */,
				F4B514F38970464BBC7CBA2E /* LifeMapFeature.swift in Sources */,
				4ED824CE9C7D1AA28839E9E7 /* QueryManager.swift in Sources */,
				CAFA00000000000000000004 /* LocalQueryIndex.swift in Sources */,
				C49B57062FE346DCB4856731 /* JournalEntriesView.swift in Sources */,
				A1E1B5F4A74E77F98294FB8D /* AppModel.swift in Sources */,
				607F1910587537BDAED648A2 /* TrainingViewModel.swift in Sources */,
				B89A819BF3B3E65291EE362D /* MomentDetailViewModel.swift in Sources */,
				3DD35A5CD21E2BDCC7C51F94 /* MomentsManager.swift in Sources */,
				BB4FBB8B8796CF6B1F1A96ED /* MomentProcessor.swift in Sources */,
				898E7481477B444E95DF051C /* LocalConversationStore.swift in Sources */,
				07EF6143079B5F9F6E0C9D25 /* PersonalAPIApp.swift in Sources */,
				F484F6743C7343B9849C7958 /* DoneButton.swift in Sources */,
			);
			runOnlyForDeploymentPostprocessing = 0;
		};
/* End PBXSourcesBuildPhase section */

/* Begin PBXTargetDependency section */
		DE58E2B17C19600779694943 /* PBXTargetDependency */ = {
			isa = PBXTargetDependency;
			target = 7D1043473D55BFA90E8530D3 /* PersonalAPI */;
			targetProxy = D799BAE6088A90139B415FCC /* PBXContainerItemProxy */;
		};
/* End PBXTargetDependency section */

/* Begin XCBuildConfiguration section */
		5A8C91857F674E16E2724F47 /* Release */ = {
			isa = XCBuildConfiguration;
			buildSettings = {
				ASSETCATALOG_COMPILER_APPICON_NAME = AppIcon;
				CODE_SIGN_STYLE = Automatic;
				DEVELOPMENT_TEAM = LW4V9MRNCX;
				GENERATE_INFOPLIST_FILE = YES;
				INFOPLIST_FILE = "PersonalAPI/3 - App Resources/Info.plist";
				INFOPLIST_KEY_CFBundleDisplayName = "Personal API";
				INFOPLIST_KEY_NSFaceIDUsageDescription = "Unlock your private Personal API.";
				INFOPLIST_KEY_UIApplicationSceneManifest_Generation = YES;
				INFOPLIST_KEY_UILaunchScreen_Generation = NO;
				INFOPLIST_KEY_UISupportedInterfaceOrientations = UIInterfaceOrientationPortrait;
				INFOPLIST_KEY_UIUserInterfaceStyle = Dark;
				IPHONEOS_DEPLOYMENT_TARGET = 17.0;
				PRODUCT_BUNDLE_IDENTIFIER = com.3DaysOfSwiftConcurrency.PersonalAPI;
				PRODUCT_NAME = "$(TARGET_NAME)";
				SDKROOT = iphoneos;
				SUPPORTED_PLATFORMS = "iphoneos iphonesimulator";
				SWIFT_VERSION = 5.0;
				TARGETED_DEVICE_FAMILY = 1;
			};
			name = Release;
		};
		89E1FD6268CC0F221A2BE178 /* Debug */ = {
			isa = XCBuildConfiguration;
			buildSettings = {
				CLANG_ENABLE_MODULES = YES;
				SWIFT_STRICT_CONCURRENCY = complete;
			};
			name = Debug;
		};
		942EEBBACD6C88CAE7F29B29 /* Release */ = {
			isa = XCBuildConfiguration;
			buildSettings = {
				BUNDLE_LOADER = "$(TEST_HOST)";
				CODE_SIGN_STYLE = Automatic;
				GENERATE_INFOPLIST_FILE = YES;
				IPHONEOS_DEPLOYMENT_TARGET = 17.0;
				PRODUCT_BUNDLE_IDENTIFIER = com.3DaysOfSwiftConcurrency.PersonalAPI.PersonalAPITests;
				PRODUCT_NAME = "$(TARGET_NAME)";
				SDKROOT = iphoneos;
				SUPPORTED_PLATFORMS = "iphoneos iphonesimulator";
				SWIFT_VERSION = 5.0;
				TARGETED_DEVICE_FAMILY = 1;
				TEST_HOST = "$(BUILT_PRODUCTS_DIR)/PersonalAPI.app/$(BUNDLE_EXECUTABLE_FOLDER_PATH)/PersonalAPI";
			};
			name = Release;
		};
		E6DE6C99132752C914FEF632 /* Release */ = {
			isa = XCBuildConfiguration;
			buildSettings = {
				CLANG_ENABLE_MODULES = YES;
				SWIFT_STRICT_CONCURRENCY = complete;
			};
			name = Release;
		};
		E9B2E96ABC5F6856F2BE79CF /* Debug */ = {
			isa = XCBuildConfiguration;
			buildSettings = {
				ASSETCATALOG_COMPILER_APPICON_NAME = AppIcon;
				CODE_SIGN_STYLE = Automatic;
				DEVELOPMENT_TEAM = LW4V9MRNCX;
				ENABLE_TESTABILITY = YES;
				GENERATE_INFOPLIST_FILE = YES;
				INFOPLIST_FILE = "PersonalAPI/3 - App Resources/Info.plist";
				INFOPLIST_KEY_CFBundleDisplayName = "Personal API";
				INFOPLIST_KEY_NSFaceIDUsageDescription = "Unlock your private Personal API.";
				INFOPLIST_KEY_UIApplicationSceneManifest_Generation = YES;
				INFOPLIST_KEY_UILaunchScreen_Generation = NO;
				INFOPLIST_KEY_UISupportedInterfaceOrientations = UIInterfaceOrientationPortrait;
				INFOPLIST_KEY_UIUserInterfaceStyle = Dark;
				IPHONEOS_DEPLOYMENT_TARGET = 17.0;
				PRODUCT_BUNDLE_IDENTIFIER = com.3DaysOfSwiftConcurrency.PersonalAPI;
				PRODUCT_NAME = "$(TARGET_NAME)";
				SDKROOT = iphoneos;
				SUPPORTED_PLATFORMS = "iphoneos iphonesimulator";
				SWIFT_ACTIVE_COMPILATION_CONDITIONS = DEBUG;
				SWIFT_OPTIMIZATION_LEVEL = "-Onone";
				SWIFT_VERSION = 5.0;
				TARGETED_DEVICE_FAMILY = 1;
			};
			name = Debug;
		};
		FCB48D8F88BCDB0ED9FADFD7 /* Debug */ = {
			isa = XCBuildConfiguration;
			buildSettings = {
				BUNDLE_LOADER = "$(TEST_HOST)";
				CODE_SIGN_STYLE = Automatic;
				ENABLE_TESTABILITY = YES;
				GENERATE_INFOPLIST_FILE = YES;
				IPHONEOS_DEPLOYMENT_TARGET = 17.0;
				PRODUCT_BUNDLE_IDENTIFIER = com.3DaysOfSwiftConcurrency.PersonalAPI.PersonalAPITests;
				PRODUCT_NAME = "$(TARGET_NAME)";
				SDKROOT = iphoneos;
				SUPPORTED_PLATFORMS = "iphoneos iphonesimulator";
				SWIFT_ACTIVE_COMPILATION_CONDITIONS = DEBUG;
				SWIFT_OPTIMIZATION_LEVEL = "-Onone";
				SWIFT_VERSION = 5.0;
				TARGETED_DEVICE_FAMILY = 1;
				TEST_HOST = "$(BUILT_PRODUCTS_DIR)/PersonalAPI.app/$(BUNDLE_EXECUTABLE_FOLDER_PATH)/PersonalAPI";
			};
			name = Debug;
		};
/* End XCBuildConfiguration section */

/* Begin XCConfigurationList section */
		60EA43DB068BD71C9709BED5 /* Build configuration list for PBXNativeTarget "PersonalAPI" */ = {
			isa = XCConfigurationList;
			buildConfigurations = (
				E9B2E96ABC5F6856F2BE79CF /* Debug */,
				5A8C91857F674E16E2724F47 /* Release */,
			);
			defaultConfigurationIsVisible = 0;
			defaultConfigurationName = Release;
		};
		797A1931834F5AA72F6C4C11 /* Build configuration list for PBXProject "PersonalAPI" */ = {
			isa = XCConfigurationList;
			buildConfigurations = (
				89E1FD6268CC0F221A2BE178 /* Debug */,
				E6DE6C99132752C914FEF632 /* Release */,
			);
			defaultConfigurationIsVisible = 0;
			defaultConfigurationName = Release;
		};
		87F2532CB576F7CE6EB48F72 /* Build configuration list for PBXNativeTarget "PersonalAPITests" */ = {
			isa = XCConfigurationList;
			buildConfigurations = (
				FCB48D8F88BCDB0ED9FADFD7 /* Debug */,
				942EEBBACD6C88CAE7F29B29 /* Release */,
			);
			defaultConfigurationIsVisible = 0;
			defaultConfigurationName = Release;
		};
/* End XCConfigurationList section */
	};
	rootObject = 633579642D79D259F3001E4F /* Project object */;
}
