// !$*UTF8*$!
{
	archiveVersion = 1;
	classes = {
	};
	objectVersion = 56;
	objects = {

/* Begin PBXBuildFile section */
		007C2EC5556748E25FCC727C /* ProfileFeature.swift in Sources */ = {isa = PBXBuildFile; fileRef = 4DCDB695ACEE04E8967475D0 /* ProfileFeature.swift */; };
		07EF6143079B5F9F6E0C9D25 /* PersonalAPIApp.swift in Sources */ = {isa = PBXBuildFile; fileRef = 59A05D92A65BAC05282D778C /* PersonalAPIApp.swift */; };
		1035236520E3BEEE591605CF /* SettingsViewModelTests.swift in Sources */ = {isa = PBXBuildFile; fileRef = F8ED2969AD8EFDC5A28356C0 /* SettingsViewModelTests.swift */; };
		11AB9F5DD8DA022D3ED3A542 /* RootViewModel.swift in Sources */ = {isa = PBXBuildFile; fileRef = 90D09EE39DD5CF792D67BB2C /* RootViewModel.swift */; };
		1310C7774030B7067B9F61B2 /* TestAppModelFactory.swift in Sources */ = {isa = PBXBuildFile; fileRef = 88A1F513445AF65ECE9AFAC9 /* TestAppModelFactory.swift */; };
		1335335D76455E7B60B5B423 /* AuthenticationFeature.swift in Sources */ = {isa = PBXBuildFile; fileRef = 8F1A747250A763555F5A1010 /* AuthenticationFeature.swift */; };
		16A01B214CE6BF2B18F81C4C /* TrainingViewModelTests.swift in Sources */ = {isa = PBXBuildFile; fileRef = 8F1EF9246AAABBBD6FE51E62 /* TrainingViewModelTests.swift */; };
		1ACD875152A3BBB0BE5F94A0 /* LockView.swift in Sources */ = {isa = PBXBuildFile; fileRef = 5ED43509E222D9848E85AD46 /* LockView.swift */; };
		22B00CDDD03C5D298632C664 /* PersonalFactSnapshot.swift in Sources */ = {isa = PBXBuildFile; fileRef = F7C542D00BCBAEA22B34DABD /* PersonalFactSnapshot.swift */; };
		25D92CBE46C1FA9B79B29DA6 /* OnboardingView.swift in Sources */ = {isa = PBXBuildFile; fileRef = F62132CD2DEAD6905556CEE2 /* OnboardingView.swift */; };
		2BCC1200AA9C63FAF9B33869 /* QueryView.swift in Sources */ = {isa = PBXBuildFile; fileRef = AB64C0B877BA97B61E893D4B /* QueryView.swift */; };
		31CC69A8D624A32635618037 /* QueryViewModelTests.swift in Sources */ = {isa = PBXBuildFile; fileRef = DB0CF2FD045FD30F3B409B17 /* QueryViewModelTests.swift */; };
		3DD35A5CD21E2BDCC7C51F94 /* MomentsManager.swift in Sources */ = {isa = PBXBuildFile; fileRef = 962AF7108D3E0224EFE60634 /* MomentsManager.swift */; };
		3EC410A720C140F08766CF09 /* ConversationsManagerTests.swift in Sources */ = {isa = PBXBuildFile; fileRef = 20AC8B018D2D48889C7A0FDC /* ConversationsManagerTests.swift */; };
		4048D0A8D237C584E1536096 /* RootView.swift in Sources */ = {isa = PBXBuildFile; fileRef = 83B790FDCB6A30DAFDAC7D75 /* RootView.swift */; };
		43573CCC962E4AF5873DEE0C /* ConversationRepository.swift in Sources */ = {isa = PBXBuildFile; fileRef = 862CB156242D4896B59BD7BD /* ConversationRepository.swift */; };
		43E7E1D6EF4C6FDA5CA60302 /* PersonalArchive.swift in Sources */ = {isa = PBXBuildFile; fileRef = 796BA74225A7BBB3C13213EF /* PersonalArchive.swift */; };
		4ED824CE9C7D1AA28839E9E7 /* QueryManager.swift in Sources */ = {isa = PBXBuildFile; fileRef = 70C8DE1604FEDFFD92D0C75D /* QueryManager.swift */; };
		5314BD5E38B575C5CD7A863D /* PreferencesRepository.swift in Sources */ = {isa = PBXBuildFile; fileRef = 3C7E834C9526F7C067C9CC3C /* PreferencesRepository.swift */; };
		5D60E758556D3BCEA81DB60D /* MomentsFeature.swift in Sources */ = {isa = PBXBuildFile; fileRef = A3AF4F7B90AFFA363225864F /* MomentsFeature.swift */; };
		5F9BE40C04D6F6568FA9499C /* SettingsViewModel.swift in Sources */ = {isa = PBXBuildFile; fileRef = 9C8B7AE45475AE4C4E43EEF5 /* SettingsViewModel.swift */; };
		607F1910587537BDAED648A2 /* TrainingViewModel.swift in Sources */ = {isa = PBXBuildFile; fileRef = B9E0A789CE0D11B461CBAA87 /* TrainingViewModel.swift */; };
		667411CFCEF35386A7F704C3 /* ProfileManager.swift in Sources */ = {isa = PBXBuildFile; fileRef = 4A7D1A19AD0561B51DAE613B /* ProfileManager.swift */; };
		6FC1113BCC3AA2964BA427ED /* AuthenticationManager.swift in Sources */ = {isa = PBXBuildFile; fileRef = 9CB8BB0A56D33B3567730A99 /* AuthenticationManager.swift */; };
		70DB729A17C8D6419C6CD15D /* LockViewModel.swift in Sources */ = {isa = PBXBuildFile; fileRef = 4CCA8F00E48F62BC0B5724E4 /* LockViewModel.swift */; };
		7B67AC0FDD3D45C50F33CAFD /* AuthenticationManagerTests.swift in Sources */ = {isa = PBXBuildFile; fileRef = 302B9516ED7F460082E69BD6 /* AuthenticationManagerTests.swift */; };
		876F99083BDD2BD1E6AE6489 /* LocalDataStore.swift in Sources */ = {isa = PBXBuildFile; fileRef = 99A74B30EBAAD8B8AFD69176 /* LocalDataStore.swift */; };
		87A0CA717AA9646ACB68D84F /* QueryFeature.swift in Sources */ = {isa = PBXBuildFile; fileRef = C8C91BC81DC2E89EE5C81CE0 /* QueryFeature.swift */; };
		898E7481477B444E95DF051C /* LocalConversationStore.swift in Sources */ = {isa = PBXBuildFile; fileRef = BF3E4A236DB2440CA0CD8AB9 /* LocalConversationStore.swift */; };
		8C356BB37CF71C5A5D9BBEE6 /* QueryViewModel.swift in Sources */ = {isa = PBXBuildFile; fileRef = 16A4FCD3CD5F3E15A0777BC1 /* QueryViewModel.swift */; };
		90B9A4C825A2AD9AC74675EB /* ExportDocument.swift in Sources */ = {isa = PBXBuildFile; fileRef = 68F434E66E427572581282C9 /* ExportDocument.swift */; };
		91F442011E07A851D9A820C9 /* ThemeManager.swift in Sources */ = {isa = PBXBuildFile; fileRef = 32A91568E097D981CA6FD539 /* ThemeManager.swift */; };
		99B8C74AE65131C81DECC9D6 /* OnboardingViewModel.swift in Sources */ = {isa = PBXBuildFile; fileRef = 20356AB7AB067712CB40CAC9 /* OnboardingViewModel.swift */; };
		9AD182715958F2CBDB9A5930 /* TrainingView.swift in Sources */ = {isa = PBXBuildFile; fileRef = E55E12182D47357A71965173 /* TrainingView.swift */; };
		9B5BAFE92EA33950323968B9 /* MomentDetailViewModelTests.swift in Sources */ = {isa = PBXBuildFile; fileRef = 46E4122F8CE629A18ABA41E4 /* MomentDetailViewModelTests.swift */; };
		9D894402E893B73107D41C60 /* RootViewModelTests.swift in Sources */ = {isa = PBXBuildFile; fileRef = 70D5C7AF32E3E0E524AFA862 /* RootViewModelTests.swift */; };
		A1A100000000000000000002 /* QueryManagerTests.swift in Sources */ = {isa = PBXBuildFile; fileRef = A1A100000000000000000001 /* QueryManagerTests.swift */; };
		A1E1B5F4A74E77F98294FB8D /* AppModel.swift in Sources */ = {isa = PBXBuildFile; fileRef = F10FDBC67F54D0F8F5F4AE5C /* AppModel.swift */; };
		A3A83AF8E7AF7310E43AC9A9 /* SettingsManager.swift in Sources */ = {isa = PBXBuildFile; fileRef = 3001A3416467FFD12A022095 /* SettingsManager.swift */; };
		A672569B19CE55854C3281CE /* LocalPreferences.swift in Sources */ = {isa = PBXBuildFile; fileRef = DBBA51D49601F60C81119249 /* LocalPreferences.swift */; };
		A85F21761D9A8BC6C8A0C813 /* LocalDataStoreTests.swift in Sources */ = {isa = PBXBuildFile; fileRef = 3D31F57FC1B68C27F6B6F3D5 /* LocalDataStoreTests.swift */; };
		ABD2676DCC872A594DECC62F /* AppModelTests.swift in Sources */ = {isa = PBXBuildFile; fileRef = 44DEB2D1F4B2EF46E0577F33 /* AppModelTests.swift */; };
		AF3A1114E31EA1956FC50696 /* MomentsManagerTests.swift in Sources */ = {isa = PBXBuildFile; fileRef = BA95AA6B22D02A83E7A24AE5 /* MomentsManagerTests.swift */; };
		B0DD9FCED53CC97FF7BE7622 /* SettingsView.swift in Sources */ = {isa = PBXBuildFile; fileRef = 13811DA62BF09B07DDF9ADD3 /* SettingsView.swift */; };
		B89A819BF3B3E65291EE362D /* MomentDetailViewModel.swift in Sources */ = {isa = PBXBuildFile; fileRef = C00BC283BF982E1E5913FCDF /* MomentDetailViewModel.swift */; };
		BB4FBB8B8796CF6B1F1A96ED /* MomentProcessor.swift in Sources */ = {isa = PBXBuildFile; fileRef = 3D867245602CD282E40C1AEB /* MomentProcessor.swift */; };
		C72645219743DC6BCF21CE13 /* LockViewModelTests.swift in Sources */ = {isa = PBXBuildFile; fileRef = 557A8DAD9F6713A67D85BBDC /* LockViewModelTests.swift */; };
		CAFA00000000000000000002 /* Assets.xcassets in Resources */ = {isa = PBXBuildFile; fileRef = CAFA00000000000000000001 /* Assets.xcassets */; };
		CAFA00000000000000000004 /* LocalQueryIndex.swift in Sources */ = {isa = PBXBuildFile; fileRef = CAFA00000000000000000003 /* LocalQueryIndex.swift */; };
		CB8CDCC165B142519587DEBD /* ConversationsFeature.swift in Sources */ = {isa = PBXBuildFile; fileRef = 45352A55C507405AA6F1D2B2 /* ConversationsFeature.swift */; };
		CDD35F87FB0C913894F15AB2 /* SettingsFeature.swift in Sources */ = {isa = PBXBuildFile; fileRef = 3EBA7CB273A04714724F22CD /* SettingsFeature.swift */; };
		CDE48F7D4C9D062D4F846367 /* PrivacyInfo.xcprivacy in Resources */ = {isa = PBXBuildFile; fileRef = 096D6D90F4005BA4B264E4B8 /* PrivacyInfo.xcprivacy */; };
		D05ABBFF3748ED539853B53E /* StoredRecords.swift in Sources */ = {isa = PBXBuildFile; fileRef = A8F2FBF37F78DC7FB5F0E4CA /* StoredRecords.swift */; };
		DB21DA4D2E2EE7EBD1F6951D /* OnboardingViewModelTests.swift in Sources */ = {isa = PBXBuildFile; fileRef = C99BBC86E2356AC2E890D126 /* OnboardingViewModelTests.swift */; };
		E25A35CFB44345458A21E70D /* ConversationsManager.swift in Sources */ = {isa = PBXBuildFile; fileRef = D4B7918ADFA74C1DAE0CC3DB /* ConversationsManager.swift */; };
		E9EC72A97CE65E56F9F47A96 /* PersonalDataRepository.swift in Sources */ = {isa = PBXBuildFile; fileRef = 07530CC791565D4643120382 /* PersonalDataRepository.swift */; };
		EF9273EC435FB68B4C52E174 /* MomentSnapshot.swift in Sources */ = {isa = PBXBuildFile; fileRef = 40D59ED7770E33B993E3CAF2 /* MomentSnapshot.swift */; };
		F4AD92AA43C7ED80037CEBA6 /* MomentDetailView.swift in Sources */ = {isa = PBXBuildFile; fileRef = BC82A82C61395138BEBA58E9 /* MomentDetailView.swift */; };
		FCA78E7B3A82D6F6A3C32505 /* AppColourTheme.swift in Sources */ = {isa = PBXBuildFile; fileRef = 3683F5973A632066D6ABEB0F /* AppColourTheme.swift */; };
		FE18F0F3CF30D53A8326E73B /* LocalDeviceAuthentication.swift in Sources */ = {isa = PBXBuildFile; fileRef = BA1DB40382E4C15963838061 /* LocalDeviceAuthentication.swift */; };
		6457A709B6384172920C09C4 /* ExportView.swift in Sources */ = {isa = PBXBuildFile; fileRef = 6946D2487ECC44F59A7D0FBF /* ExportView.swift */; };
		ED7A73F5B3F741C38287F798 /* ExportViewModel.swift in Sources */ = {isa = PBXBuildFile; fileRef = D185941849534A17ABE7A3EE /* ExportViewModel.swift */; };
F4B514F38970464BBC7CBA2E = {isa = PBXBuildFile; fileRef = 159F81EA84024D6D9AFC73E4; };
38787148099440E9887C8775 = {isa = PBXBuildFile; fileRef = 1FAA14BE33A04027A48D3AAE; };
5DCB28AB255B48F48C455BAD = {isa = PBXBuildFile; fileRef = 62B1FB9276B74FDD809D03B7; };
E188FE2BD0FF4A52861C9534 = {isa = PBXBuildFile; fileRef = EBF12943E6544773BEAA496D; };
A6DDCCA51AB348DEA4512B27 = {isa = PBXBuildFile; fileRef = 2FC6D983A97F4B8DB8B7D8EC; };
B14D5E14F4184C01B4E0A92F = {isa = PBXBuildFile; fileRef = 6D0152D228A549CFA4F360E8; };
C49B57062FE346DCB4856731 = {isa = PBXBuildFile; fileRef = 0F6E498055EE473687B18989; };
D282F5500B4B487A8563EE1D = {isa = PBXBuildFile; fileRef = 2CF4565325484021B444C394; };
08D7714BD6EE423DB7800D3C = {isa = PBXBuildFile; fileRef = 0120D60B657E40619612AB3A; };
35D71863FC13465FAEC931C5 = {isa = PBXBuildFile; fileRef = 009EEDE57DBC427DB0229345; };
C70A3EDC3EF844CB908BC3B0 = {isa = PBXBuildFile; fileRef = 22D9BA4EFFA94B819ACBCBB6; };
CD3808954B1F4A13B7AC37E6 = {isa = PBXBuildFile; fileRef = C880AEDE0B2F4EEDB62A344A; };
		F484F6743C7343B9849C7958 /* DoneButton.swift in Sources */ = {isa = PBXBuildFile; fileRef = 99CEB21878374329B8ED3B9A /* DoneButton.swift */; };
		5BEB5D6A2AAB4A7A83278863 /* PersonalAPITabLogo.swift in Sources */ = {isa = PBXBuildFile; fileRef = 0895C67AEF7F478A8ABC5DD3 /* PersonalAPITabLogo.swift */; };
		70CCACC239804AA5A3CF3135 /* ChatAnswerView.swift in Sources */ = {isa = PBXBuildFile; fileRef = 9FB726F55AC84004B9B0AF3E /* ChatAnswerView.swift */; };
		3D4820FCD4684FE5A4D4D361 /* JournalTextEditor.swift in Sources */ = {isa = PBXBuildFile; fileRef = B35F9559C6EA484AA2C63F3B /* JournalTextEditor.swift */; };
		11C719B97CB94569A2C5346F /* AnswerFeedbackView.swift in Sources */ = {isa = PBXBuildFile; fileRef = E566A46F1E2A4E419CF4DB56 /* AnswerFeedbackView.swift */; };
		CD0E8DCD7CBC4A079EE4D058 /* AnswerFeedbackViewModel.swift in Sources */ = {isa = PBXBuildFile; fileRef = D4DDC2F5375F4C7FB4AE4360 /* AnswerFeedbackViewModel.swift */; };
		231F61FD518349C8805169DD /* ConversationHistoryView.swift in Sources */ = {isa = PBXBuildFile; fileRef = 0ADDA16DCEA441869E5102FD /* ConversationHistoryView.swift */; };
		92E280D7DBD34FB3A2F86222 /* ConversationHistoryViewModel.swift in Sources */ = {isa = PBXBuildFile; fileRef = E7CC85D7BFF44FF2A9EF929C /* ConversationHistoryViewModel.swift */; };
		00BA484FFEF143D68D60381F /* QuerySearchWorkers.swift in Sources */ = {isa = PBXBuildFile; fileRef = F32C70F400D646B2943591E3 /* QuerySearchWorkers.swift */; };
		D7F8F0BAA7F141B9854B53FC /* QueryWorker.swift in Sources */ = {isa = PBXBuildFile; fileRef = DE908B8A94474B609BFE6A36 /* QueryWorker.swift */; };
		149D4E46C0A84217AC32A8D9 /* FIFOOperationGate.swift in Sources */ = {isa = PBXBuildFile; fileRef = DE6F3A4526D84031867F3DC2 /* FIFOOperationGate.swift */; };
		AD2A5E3CFE7D456291E70E9B /* AuthenticationRaceTests.swift in Sources */ = {isa = PBXBuildFile; fileRef = 6F1AD82D485346D498B26BFF /* AuthenticationRaceTests.swift */; };
		4BF66B90052C40D5B6A3F48B /* ConversationsRaceTests.swift in Sources */ = {isa = PBXBuildFile; fileRef = BE365899465B4BAE83DFF37F /* ConversationsRaceTests.swift */; };
		62461ACD5B0A4A14A3B633A3 /* LifeMapRaceTests.swift in Sources */ = {isa = PBXBuildFile; fileRef = FCDF52F7A9B94AF1A28547B2 /* LifeMapRaceTests.swift */; };
		7CBDA96396E24986A6BF62A3 /* MomentsRaceTests.swift in Sources */ = {isa = PBXBuildFile; fileRef = C9B14CA48AA843E9BC0F6011 /* MomentsRaceTests.swift */; };
		118A5820F3CB455AA2B7EC5E /* ProfileRaceTests.swift in Sources */ = {isa = PBXBuildFile; fileRef = AF9F374C49B447C78169448D /* ProfileRaceTests.swift */; };
		62E8C3C1A29945D09F5EB906 /* QueryRaceTests.swift in Sources */ = {isa = PBXBuildFile; fileRef = 1CAE6D89F89841B6BDD21544 /* QueryRaceTests.swift */; };
		B26C7B4E0A9F4F67BED8F87C /* SettingsRaceTests.swift in Sources */ = {isa = PBXBuildFile; fileRef = 076E961FD06540149B0D80E9 /* SettingsRaceTests.swift */; };
		DE658AAC60134C5588F0B433 /* RaceBarrier.swift in Sources */ = {isa = PBXBuildFile; fileRef = 58E63EFB755D4E0CBC11B205 /* RaceBarrier.swift */; };
4A07B4B04ABD427397CD7F1D = {isa = PBXBuildFile; fileRef = 3BBCE85D8E827EF16F9C0D5D; };
0C1ACD7D4C2840CF10ED2165 = {isa = PBXBuildFile; fileRef = 24B44BD8BF980565DDDF9A4F; };
949B4364E13662A22EC60F34 = {isa = PBXBuildFile; fileRef = FCD19F191988920378B6ECF2; };
81026AADC465A526EDB1A30D = {isa = PBXBuildFile; fileRef = 557FDE9ACD0752794ADF8564; };
170D7FE7C255756D228EC297 = {isa = PBXBuildFile; fileRef = 5829C1EF5B729914BF45A2FE; };
652DACDFBFBDDE3AB183FC36 = {isa = PBXBuildFile; fileRef = E3D1431495092E87B6CC3CED; };
/* End PBXBuildFile section */

/* Begin PBXContainerItemProxy section */
		D799BAE6088A90139B415FCC /* PBXContainerItemProxy */ = {
			isa = PBXContainerItemProxy;
			containerPortal = 633579642D79D259F3001E4F /* Project object */;
			proxyType = 1;
			remoteGlobalIDString = 7D1043473D55BFA90E8530D3;
			remoteInfo = PersonalAPI;
		};
/* End PBXContainerItemProxy section */

/* Begin PBXFileReference section */
		70C8DE1604FEDFFD92D0C75D = {
			path = "QueryManager.swift";
			isa = "PBXFileReference";
			lastKnownFileType = "sourcecode.swift";
			sourceTree = "<group>";
		};
		90D09EE39DD5CF792D67BB2C = {
			path = "RootViewModel.swift";
			isa = "PBXFileReference";
			lastKnownFileType = "sourcecode.swift";
			sourceTree = "<group>";
		};
		2CF4565325484021B444C394 = {
			path = "JournalEntriesViewModel.swift";
			isa = "PBXFileReference";
			lastKnownFileType = "sourcecode.swift";
			sourceTree = "<group>";
		};
		096D6D90F4005BA4B264E4B8 = {
			path = "PrivacyInfo.xcprivacy";
			isa = "PBXFileReference";
			lastKnownFileType = "text.xml";
			sourceTree = "<group>";
		};
		E7CC85D7BFF44FF2A9EF929C = {
			path = "ConversationHistoryViewModel.swift";
			isa = "PBXFileReference";
			lastKnownFileType = "sourcecode.swift";
			sourceTree = "<group>";
		};
		DBBA51D49601F60C81119249 = {
			path = "LocalPreferences.swift";
			isa = "PBXFileReference";
			lastKnownFileType = "sourcecode.swift";
			sourceTree = "<group>";
		};
		C99BBC86E2356AC2E890D126 = {
			path = "OnboardingViewModelTests.swift";
			isa = "PBXFileReference";
			lastKnownFileType = "sourcecode.swift";
			sourceTree = "<group>";
		};
		4A7D1A19AD0561B51DAE613B = {
			path = "ProfileManager.swift";
			isa = "PBXFileReference";
			lastKnownFileType = "sourcecode.swift";
			sourceTree = "<group>";
		};
		3001A3416467FFD12A022095 = {
			path = "SettingsManager.swift";
			isa = "PBXFileReference";
			lastKnownFileType = "sourcecode.swift";
			sourceTree = "<group>";
		};
		59A05D92A65BAC05282D778C = {
			path = "PersonalAPIApp.swift";
			isa = "PBXFileReference";
			lastKnownFileType = "sourcecode.swift";
			sourceTree = "<group>";
		};
		D4B7918ADFA74C1DAE0CC3DB = {
			path = "ConversationsManager.swift";
			isa = "PBXFileReference";
			lastKnownFileType = "sourcecode.swift";
			sourceTree = "<group>";
		};
		9FB726F55AC84004B9B0AF3E = {
			path = "ChatAnswerView.swift";
			isa = "PBXFileReference";
			lastKnownFileType = "sourcecode.swift";
			sourceTree = "<group>";
		};
		22D9BA4EFFA94B819ACBCBB6 = {
			path = "JournalEntriesViewModelTests.swift";
			isa = "PBXFileReference";
			lastKnownFileType = "sourcecode.swift";
			sourceTree = "<group>";
		};
		159F81EA84024D6D9AFC73E4 = {
			path = "LifeMapFeature.swift";
			isa = "PBXFileReference";
			lastKnownFileType = "sourcecode.swift";
			sourceTree = "<group>";
		};
		E55E12182D47357A71965173 = {
			path = "TrainingView.swift";
			isa = "PBXFileReference";
			lastKnownFileType = "sourcecode.swift";
			sourceTree = "<group>";
		};
		E3D1431495092E87B6CC3CED = {
			path = "ConversationHistoryViewModelTests.swift";
			isa = "PBXFileReference";
			lastKnownFileType = "sourcecode.swift";
			sourceTree = "<group>";
		};
		C880AEDE0B2F4EEDB62A344A = {
			path = "EditJournalEntryViewModelTests.swift";
			isa = "PBXFileReference";
			lastKnownFileType = "sourcecode.swift";
			sourceTree = "<group>";
		};
		BA1DB40382E4C15963838061 = {
			path = "LocalDeviceAuthentication.swift";
			isa = "PBXFileReference";
			lastKnownFileType = "sourcecode.swift";
			sourceTree = "<group>";
		};
		3C7E834C9526F7C067C9CC3C = {
			path = "PreferencesRepository.swift";
			isa = "PBXFileReference";
			lastKnownFileType = "sourcecode.swift";
			sourceTree = "<group>";
		};
		16A4FCD3CD5F3E15A0777BC1 = {
			path = "QueryViewModel.swift";
			isa = "PBXFileReference";
			lastKnownFileType = "sourcecode.swift";
			sourceTree = "<group>";
		};
		D185941849534A17ABE7A3EE = {
			path = "ExportViewModel.swift";
			isa = "PBXFileReference";
			lastKnownFileType = "sourcecode.swift";
			sourceTree = "<group>";
		};
		20356AB7AB067712CB40CAC9 = {
			path = "OnboardingViewModel.swift";
			isa = "PBXFileReference";
			lastKnownFileType = "sourcecode.swift";
			sourceTree = "<group>";
		};
		32A91568E097D981CA6FD539 = {
			path = "ThemeManager.swift";
			isa = "PBXFileReference";
			lastKnownFileType = "sourcecode.swift";
			sourceTree = "<group>";
		};
		3D31F57FC1B68C27F6B6F3D5 = {
			path = "LocalDataStoreTests.swift";
			isa = "PBXFileReference";
			lastKnownFileType = "sourcecode.swift";
			sourceTree = "<group>";
		};
		A1A100000000000000000001 = {
			path = "QueryManagerTests.swift";
			isa = "PBXFileReference";
			lastKnownFileType = "sourcecode.swift";
			sourceTree = "<group>";
		};
		076E961FD06540149B0D80E9 = {
			path = "SettingsRaceTests.swift";
			isa = "PBXFileReference";
			lastKnownFileType = "sourcecode.swift";
			sourceTree = "<group>";
		};
		3683F5973A632066D6ABEB0F = {
			path = "AppColourTheme.swift";
			isa = "PBXFileReference";
			lastKnownFileType = "sourcecode.swift";
			sourceTree = "<group>";
		};
		9CB8BB0A56D33B3567730A99 = {
			path = "AuthenticationManager.swift";
			isa = "PBXFileReference";
			lastKnownFileType = "sourcecode.swift";
			sourceTree = "<group>";
		};
		3BBCE85D8E827EF16F9C0D5D = {
			path = "SettingsManagerTests.swift";
			isa = "PBXFileReference";
			lastKnownFileType = "sourcecode.swift";
			sourceTree = "<group>";
		};
		1CAE6D89F89841B6BDD21544 = {
			path = "QueryRaceTests.swift";
			isa = "PBXFileReference";
			lastKnownFileType = "sourcecode.swift";
			sourceTree = "<group>";
		};
		AEAE4B28CDFF08F590396BA5 = {
			path = "PersonalAPITests.xctest";
			isa = "PBXFileReference";
			explicitFileType = "wrapper.cfbundle";
			sourceTree = "BUILT_PRODUCTS_DIR";
		};
		5ED43509E222D9848E85AD46 = {
			path = "LockView.swift";
			isa = "PBXFileReference";
			lastKnownFileType = "sourcecode.swift";
			sourceTree = "<group>";
		};
		AB64C0B877BA97B61E893D4B = {
			path = "QueryView.swift";
			isa = "PBXFileReference";
			lastKnownFileType = "sourcecode.swift";
			sourceTree = "<group>";
		};
		46E4122F8CE629A18ABA41E4 = {
			path = "MomentDetailViewModelTests.swift";
			isa = "PBXFileReference";
			lastKnownFileType = "sourcecode.swift";
			sourceTree = "<group>";
		};
		5829C1EF5B729914BF45A2FE = {
			path = "LifeMapViewModelTests.swift";
			isa = "PBXFileReference";
			lastKnownFileType = "sourcecode.swift";
			sourceTree = "<group>";
		};
		557A8DAD9F6713A67D85BBDC = {
			path = "LockViewModelTests.swift";
			isa = "PBXFileReference";
			lastKnownFileType = "sourcecode.swift";
			sourceTree = "<group>";
		};
		BC82A82C61395138BEBA58E9 = {
			path = "MomentDetailView.swift";
			isa = "PBXFileReference";
			lastKnownFileType = "sourcecode.swift";
			sourceTree = "<group>";
		};
		70D5C7AF32E3E0E524AFA862 = {
			path = "RootViewModelTests.swift";
			isa = "PBXFileReference";
			lastKnownFileType = "sourcecode.swift";
			sourceTree = "<group>";
		};
		CAFA00000000000000000003 = {
			path = "LocalQueryIndex.swift";
			isa = "PBXFileReference";
			lastKnownFileType = "sourcecode.swift";
			sourceTree = "<group>";
		};
		1FAA14BE33A04027A48D3AAE = {
			path = "LifeMapExtractor.swift";
			isa = "PBXFileReference";
			lastKnownFileType = "sourcecode.swift";
			sourceTree = "<group>";
		};
		3D867245602CD282E40C1AEB = {
			path = "MomentProcessor.swift";
			isa = "PBXFileReference";
			lastKnownFileType = "sourcecode.swift";
			sourceTree = "<group>";
		};
		F32C70F400D646B2943591E3 = {
			path = "QuerySearchWorkers.swift";
			isa = "PBXFileReference";
			lastKnownFileType = "sourcecode.swift";
			sourceTree = "<group>";
		};
		D4DDC2F5375F4C7FB4AE4360 = {
			path = "AnswerFeedbackViewModel.swift";
			isa = "PBXFileReference";
			lastKnownFileType = "sourcecode.swift";
			sourceTree = "<group>";
		};
		DE908B8A94474B609BFE6A36 = {
			path = "QueryWorker.swift";
			isa = "PBXFileReference";
			lastKnownFileType = "sourcecode.swift";
			sourceTree = "<group>";
		};
		62B1FB9276B74FDD809D03B7 = {
			path = "LifeMapManager.swift";
			isa = "PBXFileReference";
			lastKnownFileType = "sourcecode.swift";
			sourceTree = "<group>";
		};
		BA95AA6B22D02A83E7A24AE5 = {
			path = "MomentsManagerTests.swift";
			isa = "PBXFileReference";
			lastKnownFileType = "sourcecode.swift";
			sourceTree = "<group>";
		};
		6F1AD82D485346D498B26BFF = {
			path = "AuthenticationRaceTests.swift";
			isa = "PBXFileReference";
			lastKnownFileType = "sourcecode.swift";
			sourceTree = "<group>";
		};
		2FC6D983A97F4B8DB8B7D8EC = {
			path = "LifeMapViewModel.swift";
			isa = "PBXFileReference";
			lastKnownFileType = "sourcecode.swift";
			sourceTree = "<group>";
		};
		3EBA7CB273A04714724F22CD = {
			path = "SettingsFeature.swift";
			isa = "PBXFileReference";
			lastKnownFileType = "sourcecode.swift";
			sourceTree = "<group>";
		};
		F62132CD2DEAD6905556CEE2 = {
			path = "OnboardingView.swift";
			isa = "PBXFileReference";
			lastKnownFileType = "sourcecode.swift";
			sourceTree = "<group>";
		};
		13811DA62BF09B07DDF9ADD3 = {
			path = "SettingsView.swift";
			isa = "PBXFileReference";
			lastKnownFileType = "sourcecode.swift";
			sourceTree = "<group>";
		};
		BE365899465B4BAE83DFF37F = {
			path = "ConversationsRaceTests.swift";
			isa = "PBXFileReference";
			lastKnownFileType = "sourcecode.swift";
			sourceTree = "<group>";
		};
		0120D60B657E40619612AB3A = {
			path = "EditJournalEntryView.swift";
			isa = "PBXFileReference";
			lastKnownFileType = "sourcecode.swift";
			sourceTree = "<group>";
		};
		0ADDA16DCEA441869E5102FD = {
			path = "ConversationHistoryView.swift";
			isa = "PBXFileReference";
			lastKnownFileType = "sourcecode.swift";
			sourceTree = "<group>";
		};
		24B44BD8BF980565DDDF9A4F = {
			path = "ProfileManagerTests.swift";
			isa = "PBXFileReference";
			lastKnownFileType = "sourcecode.swift";
			sourceTree = "<group>";
		};
		45352A55C507405AA6F1D2B2 = {
			path = "ConversationsFeature.swift";
			isa = "PBXFileReference";
			lastKnownFileType = "sourcecode.swift";
			sourceTree = "<group>";
		};
		4CCA8F00E48F62BC0B5724E4 = {
			path = "LockViewModel.swift";
			isa = "PBXFileReference";
			lastKnownFileType = "sourcecode.swift";
			sourceTree = "<group>";
		};
		DE6F3A4526D84031867F3DC2 = {
			path = "FIFOOperationGate.swift";
			isa = "PBXFileReference";
			lastKnownFileType = "sourcecode.swift";
			sourceTree = "<group>";
		};
		8F1EF9246AAABBBD6FE51E62 = {
			path = "TrainingViewModelTests.swift";
			isa = "PBXFileReference";
			lastKnownFileType = "sourcecode.swift";
			sourceTree = "<group>";
		};
		A8F2FBF37F78DC7FB5F0E4CA = {
			path = "StoredRecords.swift";
			isa = "PBXFileReference";
			lastKnownFileType = "sourcecode.swift";
			sourceTree = "<group>";
		};
		6D0152D228A549CFA4F360E8 = {
			path = "LifeMapTests.swift";
			isa = "PBXFileReference";
			lastKnownFileType = "sourcecode.swift";
			sourceTree = "<group>";
		};
		C9B14CA48AA843E9BC0F6011 = {
			path = "MomentsRaceTests.swift";
			isa = "PBXFileReference";
			lastKnownFileType = "sourcecode.swift";
			sourceTree = "<group>";
		};
		6946D2487ECC44F59A7D0FBF = {
			path = "ExportView.swift";
			isa = "PBXFileReference";
			lastKnownFileType = "sourcecode.swift";
			sourceTree = "<group>";
		};
		9C8B7AE45475AE4C4E43EEF5 = {
			path = "SettingsViewModel.swift";
			isa = "PBXFileReference";
			lastKnownFileType = "sourcecode.swift";
			sourceTree = "<group>";
		};
		44DEB2D1F4B2EF46E0577F33 = {
			path = "AppModelTests.swift";
			isa = "PBXFileReference";
			lastKnownFileType = "sourcecode.swift";
			sourceTree = "<group>";
		};
		A3AF4F7B90AFFA363225864F = {
			path = "MomentsFeature.swift";
			isa = "PBXFileReference";
			lastKnownFileType = "sourcecode.swift";
			sourceTree = "<group>";
		};
		F7C542D00BCBAEA22B34DABD = {
			path = "PersonalFactSnapshot.swift";
			isa = "PBXFileReference";
			lastKnownFileType = "sourcecode.swift";
			sourceTree = "<group>";
		};
		0F6E498055EE473687B18989 = {
			path = "JournalEntriesView.swift";
			isa = "PBXFileReference";
			lastKnownFileType = "sourcecode.swift";
			sourceTree = "<group>";
		};
		AF9F374C49B447C78169448D = {
			path = "ProfileRaceTests.swift";
			isa = "PBXFileReference";
			lastKnownFileType = "sourcecode.swift";
			sourceTree = "<group>";
		};
		20AC8B018D2D48889C7A0FDC = {
			path = "ConversationsManagerTests.swift";
			isa = "PBXFileReference";
			lastKnownFileType = "sourcecode.swift";
			sourceTree = "<group>";
		};
		58E63EFB755D4E0CBC11B205 = {
			path = "RaceBarrier.swift";
			isa = "PBXFileReference";
			lastKnownFileType = "sourcecode.swift";
			sourceTree = "<group>";
		};
		962AF7108D3E0224EFE60634 = {
			path = "MomentsManager.swift";
			isa = "PBXFileReference";
			lastKnownFileType = "sourcecode.swift";
			sourceTree = "<group>";
		};
		83B790FDCB6A30DAFDAC7D75 = {
			path = "RootView.swift";
			isa = "PBXFileReference";
			lastKnownFileType = "sourcecode.swift";
			sourceTree = "<group>";
		};
		F10FDBC67F54D0F8F5F4AE5C = {
			path = "AppModel.swift";
			isa = "PBXFileReference";
			lastKnownFileType = "sourcecode.swift";
			sourceTree = "<group>";
		};
		07530CC791565D4643120382 = {
			path = "PersonalDataRepository.swift";
			isa = "PBXFileReference";
			lastKnownFileType = "sourcecode.swift";
			sourceTree = "<group>";
		};
		0895C67AEF7F478A8ABC5DD3 = {
			path = "PersonalAPITabLogo.swift";
			isa = "PBXFileReference";
			lastKnownFileType = "sourcecode.swift";
			sourceTree = "<group>";
		};
		862CB156242D4896B59BD7BD = {
			path = "ConversationRepository.swift";
			isa = "PBXFileReference";
			lastKnownFileType = "sourcecode.swift";
			sourceTree = "<group>";
		};
		6D795F13C8C22E022040EE00 = {
			path = "PersonalAPI.app";
			isa = "PBXFileReference";
			explicitFileType = "wrapper.application";
			sourceTree = "BUILT_PRODUCTS_DIR";
		};
		B35F9559C6EA484AA2C63F3B = {
			path = "JournalTextEditor.swift";
			isa = "PBXFileReference";
			lastKnownFileType = "sourcecode.swift";
			sourceTree = "<group>";
		};
		4DCDB695ACEE04E8967475D0 = {
			path = "ProfileFeature.swift";
			isa = "PBXFileReference";
			lastKnownFileType = "sourcecode.swift";
			sourceTree = "<group>";
		};
		557FDE9ACD0752794ADF8564 = {
			path = "ExportViewModelTests.swift";
			isa = "PBXFileReference";
			lastKnownFileType = "sourcecode.swift";
			sourceTree = "<group>";
		};
		99A74B30EBAAD8B8AFD69176 = {
			path = "LocalDataStore.swift";
			isa = "PBXFileReference";
			lastKnownFileType = "sourcecode.swift";
			sourceTree = "<group>";
		};
		88A1F513445AF65ECE9AFAC9 = {
			path = "TestAppModelFactory.swift";
			isa = "PBXFileReference";
			lastKnownFileType = "sourcecode.swift";
			sourceTree = "<group>";
		};
		CAFA00000000000000000001 = {
			path = "Assets.xcassets";
			isa = "PBXFileReference";
			lastKnownFileType = "folder.assetcatalog";
			sourceTree = "<group>";
		};
		40D59ED7770E33B993E3CAF2 = {
			path = "MomentSnapshot.swift";
			isa = "PBXFileReference";
			lastKnownFileType = "sourcecode.swift";
			sourceTree = "<group>";
		};
		796BA74225A7BBB3C13213EF = {
			path = "PersonalArchive.swift";
			isa = "PBXFileReference";
			lastKnownFileType = "sourcecode.swift";
			sourceTree = "<group>";
		};
		302B9516ED7F460082E69BD6 = {
			path = "AuthenticationManagerTests.swift";
			isa = "PBXFileReference";
			lastKnownFileType = "sourcecode.swift";
			sourceTree = "<group>";
		};
		F8ED2969AD8EFDC5A28356C0 = {
			path = "SettingsViewModelTests.swift";
			isa = "PBXFileReference";
			lastKnownFileType = "sourcecode.swift";
			sourceTree = "<group>";
		};
		E566A46F1E2A4E419CF4DB56 = {
			path = "AnswerFeedbackView.swift";
			isa = "PBXFileReference";
			lastKnownFileType = "sourcecode.swift";
			sourceTree = "<group>";
		};
		B9E0A789CE0D11B461CBAA87 = {
			path = "TrainingViewModel.swift";
			isa = "PBXFileReference";
			lastKnownFileType = "sourcecode.swift";
			sourceTree = "<group>";
		};
		8F1A747250A763555F5A1010 = {
			path = "AuthenticationFeature.swift";
			isa = "PBXFileReference";
			lastKnownFileType = "sourcecode.swift";
			sourceTree = "<group>";
		};
		EBF12943E6544773BEAA496D = {
			path = "LifeMapView.swift";
			isa = "PBXFileReference";
			lastKnownFileType = "sourcecode.swift";
			sourceTree = "<group>";
		};
		DB0CF2FD045FD30F3B409B17 = {
			path = "QueryViewModelTests.swift";
			isa = "PBXFileReference";
			lastKnownFileType = "sourcecode.swift";
			sourceTree = "<group>";
		};
		68F434E66E427572581282C9 = {
			path = "ExportDocument.swift";
			isa = "PBXFileReference";
			lastKnownFileType = "sourcecode.swift";
			sourceTree = "<group>";
		};
		009EEDE57DBC427DB0229345 = {
			path = "EditJournalEntryViewModel.swift";
			isa = "PBXFileReference";
			lastKnownFileType = "sourcecode.swift";
			sourceTree = "<group>";
		};
		FCD19F191988920378B6ECF2 = {
			path = "AnswerFeedbackViewModelTests.swift";
			isa = "PBXFileReference";
			lastKnownFileType = "sourcecode.swift";
			sourceTree = "<group>";
		};
		C8C91BC81DC2E89EE5C81CE0 = {
			path = "QueryFeature.swift";
			isa = "PBXFileReference";
			lastKnownFileType = "sourcecode.swift";
			sourceTree = "<group>";
		};
		C00BC283BF982E1E5913FCDF = {
			path = "MomentDetailViewModel.swift";
			isa = "PBXFileReference";
			lastKnownFileType = "sourcecode.swift";
			sourceTree = "<group>";
		};
		99CEB21878374329B8ED3B9A = {
			path = "DoneButton.swift";
			isa = "PBXFileReference";
			lastKnownFileType = "sourcecode.swift";
			sourceTree = "<group>";
		};
		FCDF52F7A9B94AF1A28547B2 = {
			path = "LifeMapRaceTests.swift";
			isa = "PBXFileReference";
			lastKnownFileType = "sourcecode.swift";
			sourceTree = "<group>";
		};
		BF3E4A236DB2440CA0CD8AB9 = {
			path = "LocalConversationStore.swift";
			isa = "PBXFileReference";
			lastKnownFileType = "sourcecode.swift";
			sourceTree = "<group>";
		};
/* End PBXFileReference section */

/* Begin PBXFrameworksBuildPhase section */
		56DA8A5B6AE55FD126745C5C = {
			isa = "PBXFrameworksBuildPhase";
			buildActionMask = "2147483647";
			files = (
			);
			runOnlyForDeploymentPostprocessing = "0";
		};
		6C18526817C1377C39321D31 = {
			isa = "PBXFrameworksBuildPhase";
			buildActionMask = "2147483647";
			files = (
			);
			runOnlyForDeploymentPostprocessing = "0";
		};
/* End PBXFrameworksBuildPhase section */

/* Begin PBXGroup section */
		B28B7AF69320201D1CF206EB = {
			isa = "PBXGroup";
			children = (
				8008FFBCFC87DCC37DC62391,
				DD88631A7FA49AC5AA793F54,
				FBDC4F23F93125BBEEAE800C,
			);
			sourceTree = "<group>";
		};
		FBDC4F23F93125BBEEAE800C = {
			isa = "PBXGroup";
			name = "Products";
			children = (
				6D795F13C8C22E022040EE00,
				AEAE4B28CDFF08F590396BA5,
			);
			sourceTree = "<group>";
		};
		8008FFBCFC87DCC37DC62391 = {
			isa = "PBXGroup";
			children = (
				8B8219756D40E5AE5DC80EAF,
				AD190F9D02F612E7E68E6D28,
				D5750C063491A9ACE931E28F,
			);
			path = "PersonalAPI";
			sourceTree = "<group>";
		};
		8B8219756D40E5AE5DC80EAF = {
			isa = "PBXGroup";
			children = (
				A0267CD03F5383AFFE58C0A5,
				7853BFEB0D11C9914DECE901,
				ACE54A6C1E4E7C408136ED2B,
				F10FDBC67F54D0F8F5F4AE5C,
			);
			path = "2 - AppModel";
			sourceTree = "<group>";
		};
		A0267CD03F5383AFFE58C0A5 = {
			isa = "PBXGroup";
			children = (
				0C1553CF558D6700DE02933D,
				7E191B3FD350D800150FA011,
				F17B83619C9BB4ED91B6E5E2,
				53401AE2BD7C6F614B507B27,
				0B8345B51606664C92A80A28,
				0F8AAF31DF077E5317171A9A,
				82564837F9A9C9DAAC89160B,
			);
			path = "Features";
			sourceTree = "<group>";
		};
		0C1553CF558D6700DE02933D = {
			isa = "PBXGroup";
			children = (
				70C8DE1604FEDFFD92D0C75D,
				CAFA00000000000000000003,
				F32C70F400D646B2943591E3,
				DE908B8A94474B609BFE6A36,
				C8C91BC81DC2E89EE5C81CE0,
			);
			path = "Query";
			sourceTree = "<group>";
		};
		AD190F9D02F612E7E68E6D28 = {
			isa = "PBXGroup";
			children = (
				A781646F40DF5ABFD5D1A1F8,
				59A05D92A65BAC05282D778C,
				6349DD637BE8F0449EFE0E62,
				9ED6C12AB5740A9C15C26DBF,
			);
			path = "1 - View";
			sourceTree = "<group>";
		};
		A781646F40DF5ABFD5D1A1F8 = {
			isa = "PBXGroup";
			children = (
				785F5675C4D524757E96B570,
				201AA00B7E49014E1A542A3B,
				EE870A256D376B4E009D46B6,
				668D73C41A96D29C4D4EBB71,
				DCB65467213A48C7C44E886A,
				1DC78CF98D14057FC6E0190F,
				95107DB8B804B05D57B85C83,
				C9D7C065E258353CBDECAF56,
				BB06BBADC5228BE4345E5C29,
				8EF34C3E4E26A2271DF16E97,
				AA99BE998863AF55D96D702F,
				7AD5C014DD13E2D30F3EBA92,
				60DC3CCE9F8017821274D0EE,
			);
			path = "Views";
			sourceTree = "<group>";
		};
		785F5675C4D524757E96B570 = {
			isa = "PBXGroup";
			children = (
				90D09EE39DD5CF792D67BB2C,
				83B790FDCB6A30DAFDAC7D75,
			);
			path = "Root";
			sourceTree = "<group>";
		};
		201AA00B7E49014E1A542A3B = {
			isa = "PBXGroup";
			children = (
				2CF4565325484021B444C394,
				0F6E498055EE473687B18989,
			);
			path = "Journal Entries";
			sourceTree = "<group>";
		};
		D5750C063491A9ACE931E28F = {
			isa = "PBXGroup";
			children = (
				096D6D90F4005BA4B264E4B8,
				CAFA00000000000000000001,
			);
			path = "3 - App Resources";
			sourceTree = "<group>";
		};
		EE870A256D376B4E009D46B6 = {
			isa = "PBXGroup";
			children = (
				E7CC85D7BFF44FF2A9EF929C,
				0ADDA16DCEA441869E5102FD,
			);
			path = "Conversation History";
			sourceTree = "<group>";
		};
		7853BFEB0D11C9914DECE901 = {
			isa = "PBXGroup";
			children = (
				24F4602767DCEC7F87EBE9BB,
				79D3F8AB7D47693A2644F5B3,
			);
			path = "User Data Storage";
			sourceTree = "<group>";
		};
		24F4602767DCEC7F87EBE9BB = {
			isa = "PBXGroup";
			children = (
				DBBA51D49601F60C81119249,
				BA1DB40382E4C15963838061,
				A8F2FBF37F78DC7FB5F0E4CA,
				99A74B30EBAAD8B8AFD69176,
				796BA74225A7BBB3C13213EF,
				BF3E4A236DB2440CA0CD8AB9,
			);
			path = "Local";
			sourceTree = "<group>";
		};
		DD88631A7FA49AC5AA793F54 = {
			isa = "PBXGroup";
			children = (
				09A045B2D677B42A266F558E,
				A4E897664B9BDAD5943F7D29,
				1EBBC97F9A503E5006043E59,
			);
			path = "PersonalAPITests";
			sourceTree = "<group>";
		};
		09A045B2D677B42A266F558E = {
			isa = "PBXGroup";
			children = (
				C99BBC86E2356AC2E890D126,
				22D9BA4EFFA94B819ACBCBB6,
				E3D1431495092E87B6CC3CED,
				C880AEDE0B2F4EEDB62A344A,
				46E4122F8CE629A18ABA41E4,
				5829C1EF5B729914BF45A2FE,
				557A8DAD9F6713A67D85BBDC,
				70D5C7AF32E3E0E524AFA862,
				8F1EF9246AAABBBD6FE51E62,
				557FDE9ACD0752794ADF8564,
				F8ED2969AD8EFDC5A28356C0,
				DB0CF2FD045FD30F3B409B17,
				FCD19F191988920378B6ECF2,
			);
			path = "View model tests";
			sourceTree = "<group>";
		};
		7E191B3FD350D800150FA011 = {
			isa = "PBXGroup";
			children = (
				4A7D1A19AD0561B51DAE613B,
				F7C542D00BCBAEA22B34DABD,
				4DCDB695ACEE04E8967475D0,
			);
			path = "Profile";
			sourceTree = "<group>";
		};
		F17B83619C9BB4ED91B6E5E2 = {
			isa = "PBXGroup";
			children = (
				3001A3416467FFD12A022095,
				3EBA7CB273A04714724F22CD,
			);
			path = "Settings";
			sourceTree = "<group>";
		};
		53401AE2BD7C6F614B507B27 = {
			isa = "PBXGroup";
			children = (
				D4B7918ADFA74C1DAE0CC3DB,
				45352A55C507405AA6F1D2B2,
			);
			path = "Conversations";
			sourceTree = "<group>";
		};
		6349DD637BE8F0449EFE0E62 = {
			isa = "PBXGroup";
			children = (
				775877CA36E424796D737112,
				576B12F01C60A2DD7B9CDCEB,
				893F62645696F05B81A707B7,
			);
			path = "Components";
			sourceTree = "<group>";
		};
		775877CA36E424796D737112 = {
			isa = "PBXGroup";
			children = (
				9FB726F55AC84004B9B0AF3E,
			);
			path = "Chat Transcript";
			sourceTree = "<group>";
		};
		0B8345B51606664C92A80A28 = {
			isa = "PBXGroup";
			children = (
				159F81EA84024D6D9AFC73E4,
				1FAA14BE33A04027A48D3AAE,
				62B1FB9276B74FDD809D03B7,
			);
			path = "Life Map";
			sourceTree = "<group>";
		};
		668D73C41A96D29C4D4EBB71 = {
			isa = "PBXGroup";
			children = (
				E55E12182D47357A71965173,
				B9E0A789CE0D11B461CBAA87,
			);
			path = "Training";
			sourceTree = "<group>";
		};
		79D3F8AB7D47693A2644F5B3 = {
			isa = "PBXGroup";
			children = (
				3C7E834C9526F7C067C9CC3C,
				07530CC791565D4643120382,
				862CB156242D4896B59BD7BD,
			);
			path = "Protocols";
			sourceTree = "<group>";
		};
		DCB65467213A48C7C44E886A = {
			isa = "PBXGroup";
			children = (
				16A4FCD3CD5F3E15A0777BC1,
				AB64C0B877BA97B61E893D4B,
			);
			path = "Query";
			sourceTree = "<group>";
		};
		1DC78CF98D14057FC6E0190F = {
			isa = "PBXGroup";
			children = (
				D185941849534A17ABE7A3EE,
				6946D2487ECC44F59A7D0FBF,
			);
			path = "Export";
			sourceTree = "<group>";
		};
		95107DB8B804B05D57B85C83 = {
			isa = "PBXGroup";
			children = (
				20356AB7AB067712CB40CAC9,
				F62132CD2DEAD6905556CEE2,
			);
			path = "Onboarding";
			sourceTree = "<group>";
		};
		9ED6C12AB5740A9C15C26DBF = {
			isa = "PBXGroup";
			children = (
				32A91568E097D981CA6FD539,
				3683F5973A632066D6ABEB0F,
			);
			path = "Theme";
			sourceTree = "<group>";
		};
		A4E897664B9BDAD5943F7D29 = {
			isa = "PBXGroup";
			children = (
				3D31F57FC1B68C27F6B6F3D5,
				A1A100000000000000000001,
				3BBCE85D8E827EF16F9C0D5D,
				BA95AA6B22D02A83E7A24AE5,
				24B44BD8BF980565DDDF9A4F,
				6D0152D228A549CFA4F360E8,
				44DEB2D1F4B2EF46E0577F33,
				20AC8B018D2D48889C7A0FDC,
				0CFE868C0012F92041F1798C,
				302B9516ED7F460082E69BD6,
			);
			path = "AppModel tests";
			sourceTree = "<group>";
		};
		1EBBC97F9A503E5006043E59 = {
			isa = "PBXGroup";
			children = (
				F623745B149FDD9CF2145E05,
				BF507EFA27BCB5F418E0780F,
				B5CD2A77F5A9FACAF050C410,
				C82EC619F316533E682B5153,
				B30CB82BCE02BC2FABF2EED2,
				79FABB4B284A156B38F96EB9,
				17F4883DCC3C7201E4370DDC,
				D142EF12A9F8A09DEB20727B,
			);
			path = "Race Conditions";
			sourceTree = "<group>";
		};
		F623745B149FDD9CF2145E05 = {
			isa = "PBXGroup";
			children = (
				076E961FD06540149B0D80E9,
			);
			path = "Settings";
			sourceTree = "<group>";
		};
		0F8AAF31DF077E5317171A9A = {
			isa = "PBXGroup";
			children = (
				9CB8BB0A56D33B3567730A99,
				8F1A747250A763555F5A1010,
			);
			path = "Authentication";
			sourceTree = "<group>";
		};
		BF507EFA27BCB5F418E0780F = {
			isa = "PBXGroup";
			children = (
				1CAE6D89F89841B6BDD21544,
			);
			path = "Query";
			sourceTree = "<group>";
		};
		C9D7C065E258353CBDECAF56 = {
			isa = "PBXGroup";
			children = (
				5ED43509E222D9848E85AD46,
				4CCA8F00E48F62BC0B5724E4,
			);
			path = "Lock";
			sourceTree = "<group>";
		};
		BB06BBADC5228BE4345E5C29 = {
			isa = "PBXGroup";
			children = (
				BC82A82C61395138BEBA58E9,
				C00BC283BF982E1E5913FCDF,
			);
			path = "Moment Detail";
			sourceTree = "<group>";
		};
		82564837F9A9C9DAAC89160B = {
			isa = "PBXGroup";
			children = (
				3D867245602CD282E40C1AEB,
				A3AF4F7B90AFFA363225864F,
				962AF7108D3E0224EFE60634,
				40D59ED7770E33B993E3CAF2,
			);
			path = "Moments";
			sourceTree = "<group>";
		};
		8EF34C3E4E26A2271DF16E97 = {
			isa = "PBXGroup";
			children = (
				D4DDC2F5375F4C7FB4AE4360,
				E566A46F1E2A4E419CF4DB56,
			);
			path = "Answer Feedback";
			sourceTree = "<group>";
		};
		B5CD2A77F5A9FACAF050C410 = {
			isa = "PBXGroup";
			children = (
				6F1AD82D485346D498B26BFF,
			);
			path = "Authentication";
			sourceTree = "<group>";
		};
		AA99BE998863AF55D96D702F = {
			isa = "PBXGroup";
			children = (
				2FC6D983A97F4B8DB8B7D8EC,
				EBF12943E6544773BEAA496D,
			);
			path = "Life Map";
			sourceTree = "<group>";
		};
		7AD5C014DD13E2D30F3EBA92 = {
			isa = "PBXGroup";
			children = (
				13811DA62BF09B07DDF9ADD3,
				9C8B7AE45475AE4C4E43EEF5,
				68F434E66E427572581282C9,
			);
			path = "Settings";
			sourceTree = "<group>";
		};
		C82EC619F316533E682B5153 = {
			isa = "PBXGroup";
			children = (
				BE365899465B4BAE83DFF37F,
			);
			path = "Conversations";
			sourceTree = "<group>";
		};
		60DC3CCE9F8017821274D0EE = {
			isa = "PBXGroup";
			children = (
				0120D60B657E40619612AB3A,
				009EEDE57DBC427DB0229345,
			);
			path = "Edit Journal Entry";
			sourceTree = "<group>";
		};
		ACE54A6C1E4E7C408136ED2B = {
			isa = "PBXGroup";
			children = (
				DE6F3A4526D84031867F3DC2,
			);
			path = "Operation Scheduling";
			sourceTree = "<group>";
		};
		B30CB82BCE02BC2FABF2EED2 = {
			isa = "PBXGroup";
			children = (
				C9B14CA48AA843E9BC0F6011,
			);
			path = "Moments";
			sourceTree = "<group>";
		};
		79FABB4B284A156B38F96EB9 = {
			isa = "PBXGroup";
			children = (
				AF9F374C49B447C78169448D,
			);
			path = "Profile";
			sourceTree = "<group>";
		};
		17F4883DCC3C7201E4370DDC = {
			isa = "PBXGroup";
			children = (
				58E63EFB755D4E0CBC11B205,
			);
			path = "Support";
			sourceTree = "<group>";
		};
		576B12F01C60A2DD7B9CDCEB = {
			isa = "PBXGroup";
			children = (
				0895C67AEF7F478A8ABC5DD3,
				99CEB21878374329B8ED3B9A,
			);
			path = "Brand";
			sourceTree = "<group>";
		};
		893F62645696F05B81A707B7 = {
			isa = "PBXGroup";
			children = (
				B35F9559C6EA484AA2C63F3B,
			);
			path = "Journal Editor";
			sourceTree = "<group>";
		};
		0CFE868C0012F92041F1798C = {
			isa = "PBXGroup";
			children = (
				88A1F513445AF65ECE9AFAC9,
			);
			path = "Test Support";
			sourceTree = "<group>";
		};
		D142EF12A9F8A09DEB20727B = {
			isa = "PBXGroup";
			children = (
				FCDF52F7A9B94AF1A28547B2,
			);
			path = "Life Map";
			sourceTree = "<group>";
		};
/* End PBXGroup section */

/* Begin PBXNativeTarget section */
		7D1043473D55BFA90E8530D3 /* PersonalAPI */ = {
			isa = PBXNativeTarget;
			buildConfigurationList = 60EA43DB068BD71C9709BED5 /* Build configuration list for PBXNativeTarget "PersonalAPI" */;
			buildPhases = (
				905DB04043B7311D06A28734 /* Sources */,
				6C18526817C1377C39321D31 /* Frameworks */,
				06F5DC629BD46AAFD46564D1 /* Resources */,
			);
			buildRules = (
			);
			dependencies = (
			);
			name = PersonalAPI;
			productName = PersonalAPI;
			productReference = 6D795F13C8C22E022040EE00 /* PersonalAPI.app */;
			productType = "com.apple.product-type.application";
		};
		A94A8FE5CCB19BA61C4C0873 /* PersonalAPITests */ = {
			isa = PBXNativeTarget;
			buildConfigurationList = 87F2532CB576F7CE6EB48F72 /* Build configuration list for PBXNativeTarget "PersonalAPITests" */;
			buildPhases = (
				7CB9C5DBBDFFE89694C24C30 /* Sources */,
				56DA8A5B6AE55FD126745C5C /* Frameworks */,
				C584AE92222380FB29B6223F /* Resources */,
			);
			buildRules = (
			);
			dependencies = (
				DE58E2B17C19600779694943 /* PBXTargetDependency */,
			);
			name = PersonalAPITests;
			productName = PersonalAPITests;
			productReference = AEAE4B28CDFF08F590396BA5 /* PersonalAPITests.xctest */;
			productType = "com.apple.product-type.bundle.unit-test";
		};
/* End PBXNativeTarget section */

/* Begin PBXProject section */
		633579642D79D259F3001E4F /* Project object */ = {
			isa = PBXProject;
			attributes = {
				BuildIndependentTargetsInParallel = YES;
				LastUpgradeCheck = 2620;
			};
			buildConfigurationList = 797A1931834F5AA72F6C4C11 /* Build configuration list for PBXProject "PersonalAPI" */;
			compatibilityVersion = "Xcode 14.0";
			developmentRegion = en;
			hasScannedForEncodings = 0;
			knownRegions = (
				en,
				Base,
			);
			mainGroup = B28B7AF69320201D1CF206EB;
			productRefGroup = FBDC4F23F93125BBEEAE800C /* Products */;
			projectDirPath = "";
			projectRoot = "";
			targets = (
				7D1043473D55BFA90E8530D3 /* PersonalAPI */,
				A94A8FE5CCB19BA61C4C0873 /* PersonalAPITests */,
			);
		};
/* End PBXProject section */

/* Begin PBXResourcesBuildPhase section */
		06F5DC629BD46AAFD46564D1 = {
			isa = "PBXResourcesBuildPhase";
			buildActionMask = "2147483647";
			files = (
				CAFA00000000000000000002,
				CDE48F7D4C9D062D4F846367,
			);
			runOnlyForDeploymentPostprocessing = "0";
		};
		C584AE92222380FB29B6223F = {
			isa = "PBXResourcesBuildPhase";
			buildActionMask = "2147483647";
			files = (
			);
			runOnlyForDeploymentPostprocessing = "0";
		};
/* End PBXResourcesBuildPhase section */

/* Begin PBXSourcesBuildPhase section */
		7CB9C5DBBDFFE89694C24C30 = {
			isa = "PBXSourcesBuildPhase";
			buildActionMask = "2147483647";
			files = (
				B14D5E14F4184C01B4E0A92F,
				9D894402E893B73107D41C60,
				7B67AC0FDD3D45C50F33CAFD,
				16A01B214CE6BF2B18F81C4C,
				9B5BAFE92EA33950323968B9,
				CD3808954B1F4A13B7AC37E6,
				A85F21761D9A8BC6C8A0C813,
				4BF66B90052C40D5B6A3F48B,
				652DACDFBFBDDE3AB183FC36,
				62E8C3C1A29945D09F5EB906,
				62461ACD5B0A4A14A3B633A3,
				3EC410A720C140F08766CF09,
				AD2A5E3CFE7D456291E70E9B,
				118A5820F3CB455AA2B7EC5E,
				7CBDA96396E24986A6BF62A3,
				81026AADC465A526EDB1A30D,
				31CC69A8D624A32635618037,
				C72645219743DC6BCF21CE13,
				A1A100000000000000000002,
				1035236520E3BEEE591605CF,
				4A07B4B04ABD427397CD7F1D,
				DB21DA4D2E2EE7EBD1F6951D,
				AF3A1114E31EA1956FC50696,
				1310C7774030B7067B9F61B2,
				170D7FE7C255756D228EC297,
				B26C7B4E0A9F4F67BED8F87C,
				949B4364E13662A22EC60F34,
				ABD2676DCC872A594DECC62F,
				DE658AAC60134C5588F0B433,
				0C1ACD7D4C2840CF10ED2165,
				C70A3EDC3EF844CB908BC3B0,
			);
			runOnlyForDeploymentPostprocessing = "0";
		};
		905DB04043B7311D06A28734 = {
			isa = "PBXSourcesBuildPhase";
			buildActionMask = "2147483647";
			files = (
				F4AD92AA43C7ED80037CEBA6,
				4048D0A8D237C584E1536096,
				CB8CDCC165B142519587DEBD,
				5D60E758556D3BCEA81DB60D,
				007C2EC5556748E25FCC727C,
				70DB729A17C8D6419C6CD15D,
				35D71863FC13465FAEC931C5,
				D7F8F0BAA7F141B9854B53FC,
				D05ABBFF3748ED539853B53E,
				00BA484FFEF143D68D60381F,
				08D7714BD6EE423DB7800D3C,
				149D4E46C0A84217AC32A8D9,
				11AB9F5DD8DA022D3ED3A542,
				E188FE2BD0FF4A52861C9534,
				43573CCC962E4AF5873DEE0C,
				91F442011E07A851D9A820C9,
				5BEB5D6A2AAB4A7A83278863,
				5F9BE40C04D6F6568FA9499C,
				25D92CBE46C1FA9B79B29DA6,
				B0DD9FCED53CC97FF7BE7622,
				87A0CA717AA9646ACB68D84F,
				70CCACC239804AA5A3CF3135,
				6457A709B6384172920C09C4,
				A3A83AF8E7AF7310E43AC9A9,
				FCA78E7B3A82D6F6A3C32505,
				3D4820FCD4684FE5A4D4D361,
				D282F5500B4B487A8563EE1D,
				5314BD5E38B575C5CD7A863D,
				5DCB28AB255B48F48C455BAD,
				FE18F0F3CF30D53A8326E73B,
				6FC1113BCC3AA2964BA427ED,
				EF9273EC435FB68B4C52E174,
				E9EC72A97CE65E56F9F47A96,
				2BCC1200AA9C63FAF9B33869,
				99B8C74AE65131C81DECC9D6,
				667411CFCEF35386A7F704C3,
				92E280D7DBD34FB3A2F86222,
				ED7A73F5B3F741C38287F798,
				CDD35F87FB0C913894F15AB2,
				1ACD875152A3BBB0BE5F94A0,
				1335335D76455E7B60B5B423,
				876F99083BDD2BD1E6AE6489,
				38787148099440E9887C8775,
				22B00CDDD03C5D298632C664,
				11C719B97CB94569A2C5346F,
				CD0E8DCD7CBC4A079EE4D058,
				A6DDCCA51AB348DEA4512B27,
				E25A35CFB44345458A21E70D,
				43E7E1D6EF4C6FDA5CA60302,
				231F61FD518349C8805169DD,
				90B9A4C825A2AD9AC74675EB,
				9AD182715958F2CBDB9A5930,
				A672569B19CE55854C3281CE,
				8C356BB37CF71C5A5D9BBEE6,
				F4B514F38970464BBC7CBA2E,
				4ED824CE9C7D1AA28839E9E7,
				CAFA00000000000000000004,
				C49B57062FE346DCB4856731,
				A1E1B5F4A74E77F98294FB8D,
				607F1910587537BDAED648A2,
				B89A819BF3B3E65291EE362D,
				3DD35A5CD21E2BDCC7C51F94,
				BB4FBB8B8796CF6B1F1A96ED,
				898E7481477B444E95DF051C,
				07EF6143079B5F9F6E0C9D25,
				F484F6743C7343B9849C7958,
			);
			runOnlyForDeploymentPostprocessing = "0";
		};
/* End PBXSourcesBuildPhase section */

/* Begin PBXTargetDependency section */
		DE58E2B17C19600779694943 /* PBXTargetDependency */ = {
			isa = PBXTargetDependency;
			target = 7D1043473D55BFA90E8530D3 /* PersonalAPI */;
			targetProxy = D799BAE6088A90139B415FCC /* PBXContainerItemProxy */;
		};
/* End PBXTargetDependency section */

/* Begin XCBuildConfiguration section */
		5A8C91857F674E16E2724F47 /* Release */ = {
			isa = XCBuildConfiguration;
			buildSettings = {
				ASSETCATALOG_COMPILER_APPICON_NAME = AppIcon;
				CODE_SIGN_STYLE = Automatic;
				DEVELOPMENT_TEAM = LW4V9MRNCX;
				GENERATE_INFOPLIST_FILE = YES;
				INFOPLIST_KEY_CFBundleDisplayName = "Personal API";
				INFOPLIST_KEY_NSFaceIDUsageDescription = "Unlock your private Personal API.";
				INFOPLIST_KEY_UIApplicationSceneManifest_Generation = YES;
				INFOPLIST_KEY_UILaunchScreen_Generation = NO;
				INFOPLIST_FILE = "PersonalAPI/3 - App Resources/Info.plist";
				INFOPLIST_KEY_UISupportedInterfaceOrientations = UIInterfaceOrientationPortrait;
				INFOPLIST_KEY_UIUserInterfaceStyle = Dark;
				IPHONEOS_DEPLOYMENT_TARGET = 17.0;
				PRODUCT_BUNDLE_IDENTIFIER = com.3DaysOfSwiftConcurrency.PersonalAPI;
				PRODUCT_NAME = "$(TARGET_NAME)";
				SDKROOT = iphoneos;
				SUPPORTED_PLATFORMS = "iphoneos iphonesimulator";
				SWIFT_VERSION = 5.0;
				TARGETED_DEVICE_FAMILY = 1;
			};
			name = Release;
		};
		89E1FD6268CC0F221A2BE178 /* Debug */ = {
			isa = XCBuildConfiguration;
			buildSettings = {
				CLANG_ENABLE_MODULES = YES;
				SWIFT_STRICT_CONCURRENCY = complete;
			};
			name = Debug;
		};
		942EEBBACD6C88CAE7F29B29 /* Release */ = {
			isa = XCBuildConfiguration;
			buildSettings = {
				BUNDLE_LOADER = "$(TEST_HOST)";
				CODE_SIGN_STYLE = Automatic;
				GENERATE_INFOPLIST_FILE = YES;
				IPHONEOS_DEPLOYMENT_TARGET = 17.0;
				PRODUCT_BUNDLE_IDENTIFIER = com.3DaysOfSwiftConcurrency.PersonalAPI.PersonalAPITests;
				PRODUCT_NAME = "$(TARGET_NAME)";
				SDKROOT = iphoneos;
				SUPPORTED_PLATFORMS = "iphoneos iphonesimulator";
				SWIFT_VERSION = 5.0;
				TARGETED_DEVICE_FAMILY = 1;
				TEST_HOST = "$(BUILT_PRODUCTS_DIR)/PersonalAPI.app/$(BUNDLE_EXECUTABLE_FOLDER_PATH)/PersonalAPI";
			};
			name = Release;
		};
		E6DE6C99132752C914FEF632 /* Release */ = {
			isa = XCBuildConfiguration;
			buildSettings = {
				CLANG_ENABLE_MODULES = YES;
				SWIFT_STRICT_CONCURRENCY = complete;
			};
			name = Release;
		};
		E9B2E96ABC5F6856F2BE79CF /* Debug */ = {
			isa = XCBuildConfiguration;
			buildSettings = {
				ASSETCATALOG_COMPILER_APPICON_NAME = AppIcon;
				CODE_SIGN_STYLE = Automatic;
				DEVELOPMENT_TEAM = LW4V9MRNCX;
				ENABLE_TESTABILITY = YES;
				GENERATE_INFOPLIST_FILE = YES;
				INFOPLIST_KEY_CFBundleDisplayName = "Personal API";
				INFOPLIST_KEY_NSFaceIDUsageDescription = "Unlock your private Personal API.";
				INFOPLIST_KEY_UIApplicationSceneManifest_Generation = YES;
				INFOPLIST_KEY_UILaunchScreen_Generation = NO;
				INFOPLIST_FILE = "PersonalAPI/3 - App Resources/Info.plist";
				INFOPLIST_KEY_UISupportedInterfaceOrientations = UIInterfaceOrientationPortrait;
				INFOPLIST_KEY_UIUserInterfaceStyle = Dark;
				IPHONEOS_DEPLOYMENT_TARGET = 17.0;
				PRODUCT_BUNDLE_IDENTIFIER = com.3DaysOfSwiftConcurrency.PersonalAPI;
				PRODUCT_NAME = "$(TARGET_NAME)";
				SDKROOT = iphoneos;
				SUPPORTED_PLATFORMS = "iphoneos iphonesimulator";
				SWIFT_ACTIVE_COMPILATION_CONDITIONS = DEBUG;
				SWIFT_OPTIMIZATION_LEVEL = "-Onone";
				SWIFT_VERSION = 5.0;
				TARGETED_DEVICE_FAMILY = 1;
			};
			name = Debug;
		};
		FCB48D8F88BCDB0ED9FADFD7 /* Debug */ = {
			isa = XCBuildConfiguration;
			buildSettings = {
				BUNDLE_LOADER = "$(TEST_HOST)";
				CODE_SIGN_STYLE = Automatic;
				ENABLE_TESTABILITY = YES;
				GENERATE_INFOPLIST_FILE = YES;
				IPHONEOS_DEPLOYMENT_TARGET = 17.0;
				PRODUCT_BUNDLE_IDENTIFIER = com.3DaysOfSwiftConcurrency.PersonalAPI.PersonalAPITests;
				PRODUCT_NAME = "$(TARGET_NAME)";
				SDKROOT = iphoneos;
				SUPPORTED_PLATFORMS = "iphoneos iphonesimulator";
				SWIFT_ACTIVE_COMPILATION_CONDITIONS = DEBUG;
				SWIFT_OPTIMIZATION_LEVEL = "-Onone";
				SWIFT_VERSION = 5.0;
				TARGETED_DEVICE_FAMILY = 1;
				TEST_HOST = "$(BUILT_PRODUCTS_DIR)/PersonalAPI.app/$(BUNDLE_EXECUTABLE_FOLDER_PATH)/PersonalAPI";
			};
			name = Debug;
		};
/* End XCBuildConfiguration section */

/* Begin XCConfigurationList section */
		60EA43DB068BD71C9709BED5 /* Build configuration list for PBXNativeTarget "PersonalAPI" */ = {
			isa = XCConfigurationList;
			buildConfigurations = (
				E9B2E96ABC5F6856F2BE79CF /* Debug */,
				5A8C91857F674E16E2724F47 /* Release */,
			);
			defaultConfigurationIsVisible = 0;
			defaultConfigurationName = Release;
		};
		797A1931834F5AA72F6C4C11 /* Build configuration list for PBXProject "PersonalAPI" */ = {
			isa = XCConfigurationList;
			buildConfigurations = (
				89E1FD6268CC0F221A2BE178 /* Debug */,
				E6DE6C99132752C914FEF632 /* Release */,
			);
			defaultConfigurationIsVisible = 0;
			defaultConfigurationName = Release;
		};
		87F2532CB576F7CE6EB48F72 /* Build configuration list for PBXNativeTarget "PersonalAPITests" */ = {
			isa = XCConfigurationList;
			buildConfigurations = (
				FCB48D8F88BCDB0ED9FADFD7 /* Debug */,
				942EEBBACD6C88CAE7F29B29 /* Release */,
			);
			defaultConfigurationIsVisible = 0;
			defaultConfigurationName = Release;
		};
/* End XCConfigurationList section */
	};
	rootObject = 633579642D79D259F3001E4F /* Project object */;
}
