// !$*UTF8*$!
{
	archiveVersion = 1;
	classes = {
	};
	objectVersion = 56;
	objects = {

/* Begin PBXBuildFile section */
		007C2EC5556748E25FCC727C /* ProfileFeature.swift in Sources */ = {isa = PBXBuildFile; fileRef = 4DCDB695ACEE04E8967475D0 /* ProfileFeature.swift */; };
		07EF6143079B5F9F6E0C9D25 /* PersonalAPIApp.swift in Sources */ = {isa = PBXBuildFile; fileRef = 59A05D92A65BAC05282D778C /* PersonalAPIApp.swift */; };
		1035236520E3BEEE591605CF /* SettingsViewModelTests.swift in Sources */ = {isa = PBXBuildFile; fileRef = F8ED2969AD8EFDC5A28356C0 /* SettingsViewModelTests.swift */; };
		11AB9F5DD8DA022D3ED3A542 /* RootViewModel.swift in Sources */ = {isa = PBXBuildFile; fileRef = 90D09EE39DD5CF792D67BB2C /* RootViewModel.swift */; };
		1310C7774030B7067B9F61B2 /* TestAppModelFactory.swift in Sources */ = {isa = PBXBuildFile; fileRef = 88A1F513445AF65ECE9AFAC9 /* TestAppModelFactory.swift */; };
		1335335D76455E7B60B5B423 /* AuthenticationFeature.swift in Sources */ = {isa = PBXBuildFile; fileRef = 8F1A747250A763555F5A1010 /* AuthenticationFeature.swift */; };
		16A01B214CE6BF2B18F81C4C /* TrainingViewModelTests.swift in Sources */ = {isa = PBXBuildFile; fileRef = 8F1EF9246AAABBBD6FE51E62 /* TrainingViewModelTests.swift */; };
		1ACD875152A3BBB0BE5F94A0 /* LockView.swift in Sources */ = {isa = PBXBuildFile; fileRef = 5ED43509E222D9848E85AD46 /* LockView.swift */; };
		22B00CDDD03C5D298632C664 /* PersonalFactSnapshot.swift in Sources */ = {isa = PBXBuildFile; fileRef = F7C542D00BCBAEA22B34DABD /* PersonalFactSnapshot.swift */; };
		25D92CBE46C1FA9B79B29DA6 /* OnboardingView.swift in Sources */ = {isa = PBXBuildFile; fileRef = F62132CD2DEAD6905556CEE2 /* OnboardingView.swift */; };
		2BCC1200AA9C63FAF9B33869 /* QueryView.swift in Sources */ = {isa = PBXBuildFile; fileRef = AB64C0B877BA97B61E893D4B /* QueryView.swift */; };
		31CC69A8D624A32635618037 /* QueryViewModelTests.swift in Sources */ = {isa = PBXBuildFile; fileRef = DB0CF2FD045FD30F3B409B17 /* QueryViewModelTests.swift */; };
		3DD35A5CD21E2BDCC7C51F94 /* MomentsManager.swift in Sources */ = {isa = PBXBuildFile; fileRef = 962AF7108D3E0224EFE60634 /* MomentsManager.swift */; };
		3EC410A720C140F08766CF09 /* ConversationsManagerTests.swift in Sources */ = {isa = PBXBuildFile; fileRef = 20AC8B018D2D48889C7A0FDC /* ConversationsManagerTests.swift */; };
		4048D0A8D237C584E1536096 /* RootView.swift in Sources */ = {isa = PBXBuildFile; fileRef = 83B790FDCB6A30DAFDAC7D75 /* RootView.swift */; };
		43573CCC962E4AF5873DEE0C /* ConversationRepository.swift in Sources */ = {isa = PBXBuildFile; fileRef = 862CB156242D4896B59BD7BD /* ConversationRepository.swift */; };
		43E7E1D6EF4C6FDA5CA60302 /* PersonalArchive.swift in Sources */ = {isa = PBXBuildFile; fileRef = 796BA74225A7BBB3C13213EF /* PersonalArchive.swift */; };
		4ED824CE9C7D1AA28839E9E7 /* QueryManager.swift in Sources */ = {isa = PBXBuildFile; fileRef = 70C8DE1604FEDFFD92D0C75D /* QueryManager.swift */; };
		5314BD5E38B575C5CD7A863D /* PreferencesRepository.swift in Sources */ = {isa = PBXBuildFile; fileRef = 3C7E834C9526F7C067C9CC3C /* PreferencesRepository.swift */; };
		5D60E758556D3BCEA81DB60D /* MomentsFeature.swift in Sources */ = {isa = PBXBuildFile; fileRef = A3AF4F7B90AFFA363225864F /* MomentsFeature.swift */; };
		5F9BE40C04D6F6568FA9499C /* SettingsViewModel.swift in Sources */ = {isa = PBXBuildFile; fileRef = 9C8B7AE45475AE4C4E43EEF5 /* SettingsViewModel.swift */; };
		607F1910587537BDAED648A2 /* TrainingViewModel.swift in Sources */ = {isa = PBXBuildFile; fileRef = B9E0A789CE0D11B461CBAA87 /* TrainingViewModel.swift */; };
		667411CFCEF35386A7F704C3 /* ProfileManager.swift in Sources */ = {isa = PBXBuildFile; fileRef = 4A7D1A19AD0561B51DAE613B /* ProfileManager.swift */; };
		6FC1113BCC3AA2964BA427ED /* AuthenticationManager.swift in Sources */ = {isa = PBXBuildFile; fileRef = 9CB8BB0A56D33B3567730A99 /* AuthenticationManager.swift */; };
		70DB729A17C8D6419C6CD15D /* LockViewModel.swift in Sources */ = {isa = PBXBuildFile; fileRef = 4CCA8F00E48F62BC0B5724E4 /* LockViewModel.swift */; };
		7B67AC0FDD3D45C50F33CAFD /* AuthenticationManagerTests.swift in Sources */ = {isa = PBXBuildFile; fileRef = 302B9516ED7F460082E69BD6 /* AuthenticationManagerTests.swift */; };
		876F99083BDD2BD1E6AE6489 /* LocalDataStore.swift in Sources */ = {isa = PBXBuildFile; fileRef = 99A74B30EBAAD8B8AFD69176 /* LocalDataStore.swift */; };
		87A0CA717AA9646ACB68D84F /* QueryFeature.swift in Sources */ = {isa = PBXBuildFile; fileRef = C8C91BC81DC2E89EE5C81CE0 /* QueryFeature.swift */; };
		898E7481477B444E95DF051C /* LocalConversationStore.swift in Sources */ = {isa = PBXBuildFile; fileRef = BF3E4A236DB2440CA0CD8AB9 /* LocalConversationStore.swift */; };
		8C356BB37CF71C5A5D9BBEE6 /* QueryViewModel.swift in Sources */ = {isa = PBXBuildFile; fileRef = 16A4FCD3CD5F3E15A0777BC1 /* QueryViewModel.swift */; };
		90B9A4C825A2AD9AC74675EB /* ExportDocument.swift in Sources */ = {isa = PBXBuildFile; fileRef = 68F434E66E427572581282C9 /* ExportDocument.swift */; };
		91F442011E07A851D9A820C9 /* ThemeManager.swift in Sources */ = {isa = PBXBuildFile; fileRef = 32A91568E097D981CA6FD539 /* ThemeManager.swift */; };
		99B8C74AE65131C81DECC9D6 /* OnboardingViewModel.swift in Sources */ = {isa = PBXBuildFile; fileRef = 20356AB7AB067712CB40CAC9 /* OnboardingViewModel.swift */; };
		9AD182715958F2CBDB9A5930 /* TrainingView.swift in Sources */ = {isa = PBXBuildFile; fileRef = E55E12182D47357A71965173 /* TrainingView.swift */; };
		9B5BAFE92EA33950323968B9 /* MomentDetailViewModelTests.swift in Sources */ = {isa = PBXBuildFile; fileRef = 46E4122F8CE629A18ABA41E4 /* MomentDetailViewModelTests.swift */; };
		9D894402E893B73107D41C60 /* RootViewModelTests.swift in Sources */ = {isa = PBXBuildFile; fileRef = 70D5C7AF32E3E0E524AFA862 /* RootViewModelTests.swift */; };
		A1A100000000000000000002 /* QueryManagerTests.swift in Sources */ = {isa = PBXBuildFile; fileRef = A1A100000000000000000001 /* QueryManagerTests.swift */; };
		A1E1B5F4A74E77F98294FB8D /* AppModel.swift in Sources */ = {isa = PBXBuildFile; fileRef = F10FDBC67F54D0F8F5F4AE5C /* AppModel.swift */; };
		A3A83AF8E7AF7310E43AC9A9 /* SettingsManager.swift in Sources */ = {isa = PBXBuildFile; fileRef = 3001A3416467FFD12A022095 /* SettingsManager.swift */; };
		A672569B19CE55854C3281CE /* LocalPreferences.swift in Sources */ = {isa = PBXBuildFile; fileRef = DBBA51D49601F60C81119249 /* LocalPreferences.swift */; };
		A85F21761D9A8BC6C8A0C813 /* LocalDataStoreTests.swift in Sources */ = {isa = PBXBuildFile; fileRef = 3D31F57FC1B68C27F6B6F3D5 /* LocalDataStoreTests.swift */; };
		ABD2676DCC872A594DECC62F /* AppModelTests.swift in Sources */ = {isa = PBXBuildFile; fileRef = 44DEB2D1F4B2EF46E0577F33 /* AppModelTests.swift */; };
		AF3A1114E31EA1956FC50696 /* MomentsManagerTests.swift in Sources */ = {isa = PBXBuildFile; fileRef = BA95AA6B22D02A83E7A24AE5 /* MomentsManagerTests.swift */; };
		B0DD9FCED53CC97FF7BE7622 /* SettingsView.swift in Sources */ = {isa = PBXBuildFile; fileRef = 13811DA62BF09B07DDF9ADD3 /* SettingsView.swift */; };
		B3E15301E36A190BA2B298F9 /* ProfileView.swift in Sources */ = {isa = PBXBuildFile; fileRef = 8FEFB595EF2EBF3D5AA4B382 /* ProfileView.swift */; };
		B89A819BF3B3E65291EE362D /* MomentDetailViewModel.swift in Sources */ = {isa = PBXBuildFile; fileRef = C00BC283BF982E1E5913FCDF /* MomentDetailViewModel.swift */; };
		BB4FBB8B8796CF6B1F1A96ED /* MomentProcessor.swift in Sources */ = {isa = PBXBuildFile; fileRef = 3D867245602CD282E40C1AEB /* MomentProcessor.swift */; };
		C72645219743DC6BCF21CE13 /* LockViewModelTests.swift in Sources */ = {isa = PBXBuildFile; fileRef = 557A8DAD9F6713A67D85BBDC /* LockViewModelTests.swift */; };
		CAFA00000000000000000002 /* Assets.xcassets in Resources */ = {isa = PBXBuildFile; fileRef = CAFA00000000000000000001 /* Assets.xcassets */; };
		CAFA00000000000000000004 /* LocalQueryIndex.swift in Sources */ = {isa = PBXBuildFile; fileRef = CAFA00000000000000000003 /* LocalQueryIndex.swift */; };
		CB8CDCC165B142519587DEBD /* ConversationsFeature.swift in Sources */ = {isa = PBXBuildFile; fileRef = 45352A55C507405AA6F1D2B2 /* ConversationsFeature.swift */; };
		CDD35F87FB0C913894F15AB2 /* SettingsFeature.swift in Sources */ = {isa = PBXBuildFile; fileRef = 3EBA7CB273A04714724F22CD /* SettingsFeature.swift */; };
		CDE48F7D4C9D062D4F846367 /* PrivacyInfo.xcprivacy in Resources */ = {isa = PBXBuildFile; fileRef = 096D6D90F4005BA4B264E4B8 /* PrivacyInfo.xcprivacy */; };
		D05ABBFF3748ED539853B53E /* StoredRecords.swift in Sources */ = {isa = PBXBuildFile; fileRef = A8F2FBF37F78DC7FB5F0E4CA /* StoredRecords.swift */; };
		D8B7063E84ED182342C69EC1 /* ProfileViewModel.swift in Sources */ = {isa = PBXBuildFile; fileRef = 825DEF43F43A8BBD54812165 /* ProfileViewModel.swift */; };
		DB21DA4D2E2EE7EBD1F6951D /* OnboardingViewModelTests.swift in Sources */ = {isa = PBXBuildFile; fileRef = C99BBC86E2356AC2E890D126 /* OnboardingViewModelTests.swift */; };
		DC3EEA6DF0E8DB303AC85D91 /* ProfileViewModelTests.swift in Sources */ = {isa = PBXBuildFile; fileRef = 85864D05CC6C556EB3387C4F /* ProfileViewModelTests.swift */; };
		E25A35CFB44345458A21E70D /* ConversationsManager.swift in Sources */ = {isa = PBXBuildFile; fileRef = D4B7918ADFA74C1DAE0CC3DB /* ConversationsManager.swift */; };
		E9EC72A97CE65E56F9F47A96 /* PersonalDataRepository.swift in Sources */ = {isa = PBXBuildFile; fileRef = 07530CC791565D4643120382 /* PersonalDataRepository.swift */; };
		EF9273EC435FB68B4C52E174 /* MomentSnapshot.swift in Sources */ = {isa = PBXBuildFile; fileRef = 40D59ED7770E33B993E3CAF2 /* MomentSnapshot.swift */; };
		F4AD92AA43C7ED80037CEBA6 /* MomentDetailView.swift in Sources */ = {isa = PBXBuildFile; fileRef = BC82A82C61395138BEBA58E9 /* MomentDetailView.swift */; };
		FCA78E7B3A82D6F6A3C32505 /* AppColourTheme.swift in Sources */ = {isa = PBXBuildFile; fileRef = 3683F5973A632066D6ABEB0F /* AppColourTheme.swift */; };
		FE18F0F3CF30D53A8326E73B /* LocalDeviceAuthentication.swift in Sources */ = {isa = PBXBuildFile; fileRef = BA1DB40382E4C15963838061 /* LocalDeviceAuthentication.swift */; };
/* End PBXBuildFile section */

/* Begin PBXContainerItemProxy section */
		D799BAE6088A90139B415FCC /* PBXContainerItemProxy */ = {
			isa = PBXContainerItemProxy;
			containerPortal = 633579642D79D259F3001E4F /* Project object */;
			proxyType = 1;
			remoteGlobalIDString = 7D1043473D55BFA90E8530D3;
			remoteInfo = PersonalAPI;
		};
/* End PBXContainerItemProxy section */

/* Begin PBXFileReference section */
		07530CC791565D4643120382 /* PersonalDataRepository.swift */ = {isa = PBXFileReference; lastKnownFileType = sourcecode.swift; path = PersonalDataRepository.swift; sourceTree = "<group>"; };
		096D6D90F4005BA4B264E4B8 /* PrivacyInfo.xcprivacy */ = {isa = PBXFileReference; lastKnownFileType = text.xml; path = PrivacyInfo.xcprivacy; sourceTree = "<group>"; };
		13811DA62BF09B07DDF9ADD3 /* SettingsView.swift */ = {isa = PBXFileReference; lastKnownFileType = sourcecode.swift; path = SettingsView.swift; sourceTree = "<group>"; };
		16A4FCD3CD5F3E15A0777BC1 /* QueryViewModel.swift */ = {isa = PBXFileReference; lastKnownFileType = sourcecode.swift; path = QueryViewModel.swift; sourceTree = "<group>"; };
		20356AB7AB067712CB40CAC9 /* OnboardingViewModel.swift */ = {isa = PBXFileReference; lastKnownFileType = sourcecode.swift; path = OnboardingViewModel.swift; sourceTree = "<group>"; };
		20AC8B018D2D48889C7A0FDC /* ConversationsManagerTests.swift */ = {isa = PBXFileReference; lastKnownFileType = sourcecode.swift; path = ConversationsManagerTests.swift; sourceTree = "<group>"; };
		3001A3416467FFD12A022095 /* SettingsManager.swift */ = {isa = PBXFileReference; lastKnownFileType = sourcecode.swift; path = SettingsManager.swift; sourceTree = "<group>"; };
		302B9516ED7F460082E69BD6 /* AuthenticationManagerTests.swift */ = {isa = PBXFileReference; lastKnownFileType = sourcecode.swift; path = AuthenticationManagerTests.swift; sourceTree = "<group>"; };
		32A91568E097D981CA6FD539 /* ThemeManager.swift */ = {isa = PBXFileReference; lastKnownFileType = sourcecode.swift; path = ThemeManager.swift; sourceTree = "<group>"; };
		3683F5973A632066D6ABEB0F /* AppColourTheme.swift */ = {isa = PBXFileReference; lastKnownFileType = sourcecode.swift; path = AppColourTheme.swift; sourceTree = "<group>"; };
		3C7E834C9526F7C067C9CC3C /* PreferencesRepository.swift */ = {isa = PBXFileReference; lastKnownFileType = sourcecode.swift; path = PreferencesRepository.swift; sourceTree = "<group>"; };
		3D31F57FC1B68C27F6B6F3D5 /* LocalDataStoreTests.swift */ = {isa = PBXFileReference; lastKnownFileType = sourcecode.swift; path = LocalDataStoreTests.swift; sourceTree = "<group>"; };
		3D867245602CD282E40C1AEB /* MomentProcessor.swift */ = {isa = PBXFileReference; lastKnownFileType = sourcecode.swift; path = MomentProcessor.swift; sourceTree = "<group>"; };
		3EBA7CB273A04714724F22CD /* SettingsFeature.swift */ = {isa = PBXFileReference; lastKnownFileType = sourcecode.swift; path = SettingsFeature.swift; sourceTree = "<group>"; };
		40D59ED7770E33B993E3CAF2 /* MomentSnapshot.swift */ = {isa = PBXFileReference; lastKnownFileType = sourcecode.swift; path = MomentSnapshot.swift; sourceTree = "<group>"; };
		44DEB2D1F4B2EF46E0577F33 /* AppModelTests.swift */ = {isa = PBXFileReference; lastKnownFileType = sourcecode.swift; path = AppModelTests.swift; sourceTree = "<group>"; };
		45352A55C507405AA6F1D2B2 /* ConversationsFeature.swift */ = {isa = PBXFileReference; lastKnownFileType = sourcecode.swift; path = ConversationsFeature.swift; sourceTree = "<group>"; };
		46E4122F8CE629A18ABA41E4 /* MomentDetailViewModelTests.swift */ = {isa = PBXFileReference; lastKnownFileType = sourcecode.swift; path = MomentDetailViewModelTests.swift; sourceTree = "<group>"; };
		4A7D1A19AD0561B51DAE613B /* ProfileManager.swift */ = {isa = PBXFileReference; lastKnownFileType = sourcecode.swift; path = ProfileManager.swift; sourceTree = "<group>"; };
		4CCA8F00E48F62BC0B5724E4 /* LockViewModel.swift */ = {isa = PBXFileReference; lastKnownFileType = sourcecode.swift; path = LockViewModel.swift; sourceTree = "<group>"; };
		4DCDB695ACEE04E8967475D0 /* ProfileFeature.swift */ = {isa = PBXFileReference; lastKnownFileType = sourcecode.swift; path = ProfileFeature.swift; sourceTree = "<group>"; };
		557A8DAD9F6713A67D85BBDC /* LockViewModelTests.swift */ = {isa = PBXFileReference; lastKnownFileType = sourcecode.swift; path = LockViewModelTests.swift; sourceTree = "<group>"; };
		59A05D92A65BAC05282D778C /* PersonalAPIApp.swift */ = {isa = PBXFileReference; lastKnownFileType = sourcecode.swift; path = PersonalAPIApp.swift; sourceTree = "<group>"; };
		5ED43509E222D9848E85AD46 /* LockView.swift */ = {isa = PBXFileReference; lastKnownFileType = sourcecode.swift; path = LockView.swift; sourceTree = "<group>"; };
		68F434E66E427572581282C9 /* ExportDocument.swift */ = {isa = PBXFileReference; lastKnownFileType = sourcecode.swift; path = ExportDocument.swift; sourceTree = "<group>"; };
		6D795F13C8C22E022040EE00 /* PersonalAPI.app */ = {isa = PBXFileReference; explicitFileType = wrapper.application; path = PersonalAPI.app; sourceTree = BUILT_PRODUCTS_DIR; };
		70C8DE1604FEDFFD92D0C75D /* QueryManager.swift */ = {isa = PBXFileReference; lastKnownFileType = sourcecode.swift; path = QueryManager.swift; sourceTree = "<group>"; };
		70D5C7AF32E3E0E524AFA862 /* RootViewModelTests.swift */ = {isa = PBXFileReference; lastKnownFileType = sourcecode.swift; path = RootViewModelTests.swift; sourceTree = "<group>"; };
		796BA74225A7BBB3C13213EF /* PersonalArchive.swift */ = {isa = PBXFileReference; lastKnownFileType = sourcecode.swift; path = PersonalArchive.swift; sourceTree = "<group>"; };
		825DEF43F43A8BBD54812165 /* ProfileViewModel.swift */ = {isa = PBXFileReference; lastKnownFileType = sourcecode.swift; path = ProfileViewModel.swift; sourceTree = "<group>"; };
		83B790FDCB6A30DAFDAC7D75 /* RootView.swift */ = {isa = PBXFileReference; lastKnownFileType = sourcecode.swift; path = RootView.swift; sourceTree = "<group>"; };
		85864D05CC6C556EB3387C4F /* ProfileViewModelTests.swift */ = {isa = PBXFileReference; lastKnownFileType = sourcecode.swift; path = ProfileViewModelTests.swift; sourceTree = "<group>"; };
		862CB156242D4896B59BD7BD /* ConversationRepository.swift */ = {isa = PBXFileReference; lastKnownFileType = sourcecode.swift; path = ConversationRepository.swift; sourceTree = "<group>"; };
		88A1F513445AF65ECE9AFAC9 /* TestAppModelFactory.swift */ = {isa = PBXFileReference; lastKnownFileType = sourcecode.swift; path = TestAppModelFactory.swift; sourceTree = "<group>"; };
		8F1A747250A763555F5A1010 /* AuthenticationFeature.swift */ = {isa = PBXFileReference; lastKnownFileType = sourcecode.swift; path = AuthenticationFeature.swift; sourceTree = "<group>"; };
		8F1EF9246AAABBBD6FE51E62 /* TrainingViewModelTests.swift */ = {isa = PBXFileReference; lastKnownFileType = sourcecode.swift; path = TrainingViewModelTests.swift; sourceTree = "<group>"; };
		8FEFB595EF2EBF3D5AA4B382 /* ProfileView.swift */ = {isa = PBXFileReference; lastKnownFileType = sourcecode.swift; path = ProfileView.swift; sourceTree = "<group>"; };
		90D09EE39DD5CF792D67BB2C /* RootViewModel.swift */ = {isa = PBXFileReference; lastKnownFileType = sourcecode.swift; path = RootViewModel.swift; sourceTree = "<group>"; };
		962AF7108D3E0224EFE60634 /* MomentsManager.swift */ = {isa = PBXFileReference; lastKnownFileType = sourcecode.swift; path = MomentsManager.swift; sourceTree = "<group>"; };
		99A74B30EBAAD8B8AFD69176 /* LocalDataStore.swift */ = {isa = PBXFileReference; lastKnownFileType = sourcecode.swift; path = LocalDataStore.swift; sourceTree = "<group>"; };
		9C8B7AE45475AE4C4E43EEF5 /* SettingsViewModel.swift */ = {isa = PBXFileReference; lastKnownFileType = sourcecode.swift; path = SettingsViewModel.swift; sourceTree = "<group>"; };
		9CB8BB0A56D33B3567730A99 /* AuthenticationManager.swift */ = {isa = PBXFileReference; lastKnownFileType = sourcecode.swift; path = AuthenticationManager.swift; sourceTree = "<group>"; };
		A1A100000000000000000001 /* QueryManagerTests.swift */ = {isa = PBXFileReference; lastKnownFileType = sourcecode.swift; path = QueryManagerTests.swift; sourceTree = "<group>"; };
		A3AF4F7B90AFFA363225864F /* MomentsFeature.swift */ = {isa = PBXFileReference; lastKnownFileType = sourcecode.swift; path = MomentsFeature.swift; sourceTree = "<group>"; };
		A8F2FBF37F78DC7FB5F0E4CA /* StoredRecords.swift */ = {isa = PBXFileReference; lastKnownFileType = sourcecode.swift; path = StoredRecords.swift; sourceTree = "<group>"; };
		AB64C0B877BA97B61E893D4B /* QueryView.swift */ = {isa = PBXFileReference; lastKnownFileType = sourcecode.swift; path = QueryView.swift; sourceTree = "<group>"; };
		AEAE4B28CDFF08F590396BA5 /* PersonalAPITests.xctest */ = {isa = PBXFileReference; explicitFileType = wrapper.cfbundle; path = PersonalAPITests.xctest; sourceTree = BUILT_PRODUCTS_DIR; };
		B9E0A789CE0D11B461CBAA87 /* TrainingViewModel.swift */ = {isa = PBXFileReference; lastKnownFileType = sourcecode.swift; path = TrainingViewModel.swift; sourceTree = "<group>"; };
		BA1DB40382E4C15963838061 /* LocalDeviceAuthentication.swift */ = {isa = PBXFileReference; lastKnownFileType = sourcecode.swift; path = LocalDeviceAuthentication.swift; sourceTree = "<group>"; };
		BA95AA6B22D02A83E7A24AE5 /* MomentsManagerTests.swift */ = {isa = PBXFileReference; lastKnownFileType = sourcecode.swift; path = MomentsManagerTests.swift; sourceTree = "<group>"; };
		BC82A82C61395138BEBA58E9 /* MomentDetailView.swift */ = {isa = PBXFileReference; lastKnownFileType = sourcecode.swift; path = MomentDetailView.swift; sourceTree = "<group>"; };
		BF3E4A236DB2440CA0CD8AB9 /* LocalConversationStore.swift */ = {isa = PBXFileReference; lastKnownFileType = sourcecode.swift; path = LocalConversationStore.swift; sourceTree = "<group>"; };
		C00BC283BF982E1E5913FCDF /* MomentDetailViewModel.swift */ = {isa = PBXFileReference; lastKnownFileType = sourcecode.swift; path = MomentDetailViewModel.swift; sourceTree = "<group>"; };
		C8C91BC81DC2E89EE5C81CE0 /* QueryFeature.swift */ = {isa = PBXFileReference; lastKnownFileType = sourcecode.swift; path = QueryFeature.swift; sourceTree = "<group>"; };
		C99BBC86E2356AC2E890D126 /* OnboardingViewModelTests.swift */ = {isa = PBXFileReference; lastKnownFileType = sourcecode.swift; path = OnboardingViewModelTests.swift; sourceTree = "<group>"; };
		CAFA00000000000000000001 /* Assets.xcassets */ = {isa = PBXFileReference; lastKnownFileType = folder.assetcatalog; path = Assets.xcassets; sourceTree = "<group>"; };
		CAFA00000000000000000003 /* LocalQueryIndex.swift */ = {isa = PBXFileReference; lastKnownFileType = sourcecode.swift; path = LocalQueryIndex.swift; sourceTree = "<group>"; };
		D4B7918ADFA74C1DAE0CC3DB /* ConversationsManager.swift */ = {isa = PBXFileReference; lastKnownFileType = sourcecode.swift; path = ConversationsManager.swift; sourceTree = "<group>"; };
		DB0CF2FD045FD30F3B409B17 /* QueryViewModelTests.swift */ = {isa = PBXFileReference; lastKnownFileType = sourcecode.swift; path = QueryViewModelTests.swift; sourceTree = "<group>"; };
		DBBA51D49601F60C81119249 /* LocalPreferences.swift */ = {isa = PBXFileReference; lastKnownFileType = sourcecode.swift; path = LocalPreferences.swift; sourceTree = "<group>"; };
		E55E12182D47357A71965173 /* TrainingView.swift */ = {isa = PBXFileReference; lastKnownFileType = sourcecode.swift; path = TrainingView.swift; sourceTree = "<group>"; };
		F10FDBC67F54D0F8F5F4AE5C /* AppModel.swift */ = {isa = PBXFileReference; lastKnownFileType = sourcecode.swift; path = AppModel.swift; sourceTree = "<group>"; };
		F62132CD2DEAD6905556CEE2 /* OnboardingView.swift */ = {isa = PBXFileReference; lastKnownFileType = sourcecode.swift; path = OnboardingView.swift; sourceTree = "<group>"; };
		F7C542D00BCBAEA22B34DABD /* PersonalFactSnapshot.swift */ = {isa = PBXFileReference; lastKnownFileType = sourcecode.swift; path = PersonalFactSnapshot.swift; sourceTree = "<group>"; };
		F8ED2969AD8EFDC5A28356C0 /* SettingsViewModelTests.swift */ = {isa = PBXFileReference; lastKnownFileType = sourcecode.swift; path = SettingsViewModelTests.swift; sourceTree = "<group>"; };
/* End PBXFileReference section */

/* Begin PBXFrameworksBuildPhase section */
		56DA8A5B6AE55FD126745C5C /* Frameworks */ = {
			isa = PBXFrameworksBuildPhase;
			buildActionMask = 2147483647;
			files = (
			);
			runOnlyForDeploymentPostprocessing = 0;
		};
		6C18526817C1377C39321D31 /* Frameworks */ = {
			isa = PBXFrameworksBuildPhase;
			buildActionMask = 2147483647;
			files = (
			);
			runOnlyForDeploymentPostprocessing = 0;
		};
/* End PBXFrameworksBuildPhase section */

/* Begin PBXGroup section */
		04D7B81BD439405C35EF3FC0 /* Local */ = {
			isa = PBXGroup;
			children = (
				BF3E4A236DB2440CA0CD8AB9 /* LocalConversationStore.swift */,
				99A74B30EBAAD8B8AFD69176 /* LocalDataStore.swift */,
				BA1DB40382E4C15963838061 /* LocalDeviceAuthentication.swift */,
				DBBA51D49601F60C81119249 /* LocalPreferences.swift */,
				796BA74225A7BBB3C13213EF /* PersonalArchive.swift */,
				A8F2FBF37F78DC7FB5F0E4CA /* StoredRecords.swift */,
			);
			path = Local;
			sourceTree = "<group>";
		};
		0F9ABF527F20323BC2542CC3 /* Onboarding */ = {
			isa = PBXGroup;
			children = (
				F62132CD2DEAD6905556CEE2 /* OnboardingView.swift */,
				20356AB7AB067712CB40CAC9 /* OnboardingViewModel.swift */,
			);
			path = Onboarding;
			sourceTree = "<group>";
		};
		13A738DA87228BAB6FC6E84D /* Features */ = {
			isa = PBXGroup;
			children = (
				EF45F6A25ED2414BACCA6CCD /* Conversations */,
				4788A37DB47EB27FED8B37A9 /* Authentication */,
				535C0C111500B3F4A1081745 /* Moments */,
				717F0634454F67B81D9C2314 /* Profile */,
				99DD0D3B5B9A598C3F1DE344 /* Query */,
				64D5667D1662B1EF7B624A32 /* Settings */,
			);
			path = Features;
			sourceTree = "<group>";
		};
		1DA3900899AC105DB32DA925 /* Lock */ = {
			isa = PBXGroup;
			children = (
				5ED43509E222D9848E85AD46 /* LockView.swift */,
				4CCA8F00E48F62BC0B5724E4 /* LockViewModel.swift */,
			);
			path = Lock;
			sourceTree = "<group>";
		};
		3596551960745895B94246C5 /* Theme */ = {
			isa = PBXGroup;
			children = (
				3683F5973A632066D6ABEB0F /* AppColourTheme.swift */,
				32A91568E097D981CA6FD539 /* ThemeManager.swift */,
			);
			path = Theme;
			sourceTree = "<group>";
		};
		4788A37DB47EB27FED8B37A9 /* Authentication */ = {
			isa = PBXGroup;
			children = (
				8F1A747250A763555F5A1010 /* AuthenticationFeature.swift */,
				9CB8BB0A56D33B3567730A99 /* AuthenticationManager.swift */,
			);
			path = Authentication;
			sourceTree = "<group>";
		};
		4EC0E45BBF55FD9CB65EC98A /* User Data Storage */ = {
			isa = PBXGroup;
			children = (
				04D7B81BD439405C35EF3FC0 /* Local */,
				A7AD076F2ED1C367F6390EF9 /* Protocols */,
			);
			path = "User Data Storage";
			sourceTree = "<group>";
		};
		535C0C111500B3F4A1081745 /* Moments */ = {
			isa = PBXGroup;
			children = (
				3D867245602CD282E40C1AEB /* MomentProcessor.swift */,
				40D59ED7770E33B993E3CAF2 /* MomentSnapshot.swift */,
				A3AF4F7B90AFFA363225864F /* MomentsFeature.swift */,
				962AF7108D3E0224EFE60634 /* MomentsManager.swift */,
			);
			path = Moments;
			sourceTree = "<group>";
		};
		60E296E591C81A45A5FA8073 /* Profile */ = {
			isa = PBXGroup;
			children = (
				8FEFB595EF2EBF3D5AA4B382 /* ProfileView.swift */,
				825DEF43F43A8BBD54812165 /* ProfileViewModel.swift */,
			);
			path = Profile;
			sourceTree = "<group>";
		};
		635436D2D6DC6AF66FD954B3 /* Moment Detail */ = {
			isa = PBXGroup;
			children = (
				BC82A82C61395138BEBA58E9 /* MomentDetailView.swift */,
				C00BC283BF982E1E5913FCDF /* MomentDetailViewModel.swift */,
			);
			path = "Moment Detail";
			sourceTree = "<group>";
		};
		64D5667D1662B1EF7B624A32 /* Settings */ = {
			isa = PBXGroup;
			children = (
				3EBA7CB273A04714724F22CD /* SettingsFeature.swift */,
				3001A3416467FFD12A022095 /* SettingsManager.swift */,
			);
			path = Settings;
			sourceTree = "<group>";
		};
		6C551F7FFBA72D5BB9BB8676 /* 1 - View */ = {
			isa = PBXGroup;
			children = (
				59A05D92A65BAC05282D778C /* PersonalAPIApp.swift */,
				3596551960745895B94246C5 /* Theme */,
				BCDF858F8D2592A1C5EDA8CE /* Views */,
			);
			path = "1 - View";
			sourceTree = "<group>";
		};
		717F0634454F67B81D9C2314 /* Profile */ = {
			isa = PBXGroup;
			children = (
				F7C542D00BCBAEA22B34DABD /* PersonalFactSnapshot.swift */,
				4DCDB695ACEE04E8967475D0 /* ProfileFeature.swift */,
				4A7D1A19AD0561B51DAE613B /* ProfileManager.swift */,
			);
			path = Profile;
			sourceTree = "<group>";
		};
		82BE5955B655FEF4BEE68B9A /* 4 - Swift Extensions */ = {
			isa = PBXGroup;
			children = (
			);
			path = "4 - Swift Extensions";
			sourceTree = "<group>";
		};
		8A68CEBE384FF4507B09CA4C /* 3 - App Resources */ = {
			isa = PBXGroup;
			children = (
				CAFA00000000000000000001 /* Assets.xcassets */,
				096D6D90F4005BA4B264E4B8 /* PrivacyInfo.xcprivacy */,
			);
			path = "3 - App Resources";
			sourceTree = "<group>";
		};
		8EAB4A04E52E34C2341557E4 /* View model tests */ = {
			isa = PBXGroup;
			children = (
				557A8DAD9F6713A67D85BBDC /* LockViewModelTests.swift */,
				46E4122F8CE629A18ABA41E4 /* MomentDetailViewModelTests.swift */,
				C99BBC86E2356AC2E890D126 /* OnboardingViewModelTests.swift */,
				85864D05CC6C556EB3387C4F /* ProfileViewModelTests.swift */,
				DB0CF2FD045FD30F3B409B17 /* QueryViewModelTests.swift */,
				70D5C7AF32E3E0E524AFA862 /* RootViewModelTests.swift */,
				F8ED2969AD8EFDC5A28356C0 /* SettingsViewModelTests.swift */,
				8F1EF9246AAABBBD6FE51E62 /* TrainingViewModelTests.swift */,
			);
			path = "View model tests";
			sourceTree = "<group>";
		};
		987C5C7A4E62AFAB1DD3E168 /* PersonalAPI */ = {
			isa = PBXGroup;
			children = (
				6C551F7FFBA72D5BB9BB8676 /* 1 - View */,
				C4BACEF6646753CD0A2F49B3 /* 2 - AppModel */,
				8A68CEBE384FF4507B09CA4C /* 3 - App Resources */,
				82BE5955B655FEF4BEE68B9A /* 4 - Swift Extensions */,
			);
			path = PersonalAPI;
			sourceTree = "<group>";
		};
		99DD0D3B5B9A598C3F1DE344 /* Query */ = {
			isa = PBXGroup;
			children = (
				CAFA00000000000000000003 /* LocalQueryIndex.swift */,
				C8C91BC81DC2E89EE5C81CE0 /* QueryFeature.swift */,
				70C8DE1604FEDFFD92D0C75D /* QueryManager.swift */,
			);
			path = Query;
			sourceTree = "<group>";
		};
		A7AD076F2ED1C367F6390EF9 /* Protocols */ = {
			isa = PBXGroup;
			children = (
				862CB156242D4896B59BD7BD /* ConversationRepository.swift */,
				07530CC791565D4643120382 /* PersonalDataRepository.swift */,
				3C7E834C9526F7C067C9CC3C /* PreferencesRepository.swift */,
			);
			path = Protocols;
			sourceTree = "<group>";
		};
		B28B7AF69320201D1CF206EB = {
			isa = PBXGroup;
			children = (
				987C5C7A4E62AFAB1DD3E168 /* PersonalAPI */,
				E7708492BC22D7517E466ADB /* PersonalAPITests */,
				FBDC4F23F93125BBEEAE800C /* Products */,
			);
			sourceTree = "<group>";
		};
		B863EFD4E41ECE7749E9E864 /* AppModel tests */ = {
			isa = PBXGroup;
			children = (
				20AC8B018D2D48889C7A0FDC /* ConversationsManagerTests.swift */,
				A1A100000000000000000001 /* QueryManagerTests.swift */,
				44DEB2D1F4B2EF46E0577F33 /* AppModelTests.swift */,
				302B9516ED7F460082E69BD6 /* AuthenticationManagerTests.swift */,
				3D31F57FC1B68C27F6B6F3D5 /* LocalDataStoreTests.swift */,
				BA95AA6B22D02A83E7A24AE5 /* MomentsManagerTests.swift */,
				EDABC25C03DE5ECDA9D6CF38 /* Test Support */,
			);
			path = "AppModel tests";
			sourceTree = "<group>";
		};
		BCDF858F8D2592A1C5EDA8CE /* Views */ = {
			isa = PBXGroup;
			children = (
				1DA3900899AC105DB32DA925 /* Lock */,
				635436D2D6DC6AF66FD954B3 /* Moment Detail */,
				0F9ABF527F20323BC2542CC3 /* Onboarding */,
				60E296E591C81A45A5FA8073 /* Profile */,
				F63FDB9CFC702334E2C4A6F9 /* Query */,
				FC34F2D7754B6CDDD635E26A /* Root */,
				D6B8D1C94B5EE569EEE7FC3E /* Settings */,
				FFFB4945B34DF5AF16BEF8C8 /* Training */,
			);
			path = Views;
			sourceTree = "<group>";
		};
		C4BACEF6646753CD0A2F49B3 /* 2 - AppModel */ = {
			isa = PBXGroup;
			children = (
				F10FDBC67F54D0F8F5F4AE5C /* AppModel.swift */,
				13A738DA87228BAB6FC6E84D /* Features */,
				4EC0E45BBF55FD9CB65EC98A /* User Data Storage */,
			);
			path = "2 - AppModel";
			sourceTree = "<group>";
		};
		D6B8D1C94B5EE569EEE7FC3E /* Settings */ = {
			isa = PBXGroup;
			children = (
				68F434E66E427572581282C9 /* ExportDocument.swift */,
				13811DA62BF09B07DDF9ADD3 /* SettingsView.swift */,
				9C8B7AE45475AE4C4E43EEF5 /* SettingsViewModel.swift */,
			);
			path = Settings;
			sourceTree = "<group>";
		};
		E7708492BC22D7517E466ADB /* PersonalAPITests */ = {
			isa = PBXGroup;
			children = (
				B863EFD4E41ECE7749E9E864 /* AppModel tests */,
				8EAB4A04E52E34C2341557E4 /* View model tests */,
			);
			path = PersonalAPITests;
			sourceTree = "<group>";
		};
		EDABC25C03DE5ECDA9D6CF38 /* Test Support */ = {
			isa = PBXGroup;
			children = (
				88A1F513445AF65ECE9AFAC9 /* TestAppModelFactory.swift */,
			);
			path = "Test Support";
			sourceTree = "<group>";
		};
		EF45F6A25ED2414BACCA6CCD /* Conversations */ = {
			isa = PBXGroup;
			children = (
				D4B7918ADFA74C1DAE0CC3DB /* ConversationsManager.swift */,
				45352A55C507405AA6F1D2B2 /* ConversationsFeature.swift */,
			);
			path = Conversations;
			sourceTree = "<group>";
		};
		F63FDB9CFC702334E2C4A6F9 /* Query */ = {
			isa = PBXGroup;
			children = (
				AB64C0B877BA97B61E893D4B /* QueryView.swift */,
				16A4FCD3CD5F3E15A0777BC1 /* QueryViewModel.swift */,
			);
			path = Query;
			sourceTree = "<group>";
		};
		FBDC4F23F93125BBEEAE800C /* Products */ = {
			isa = PBXGroup;
			children = (
				6D795F13C8C22E022040EE00 /* PersonalAPI.app */,
				AEAE4B28CDFF08F590396BA5 /* PersonalAPITests.xctest */,
			);
			name = Products;
			sourceTree = "<group>";
		};
		FC34F2D7754B6CDDD635E26A /* Root */ = {
			isa = PBXGroup;
			children = (
				83B790FDCB6A30DAFDAC7D75 /* RootView.swift */,
				90D09EE39DD5CF792D67BB2C /* RootViewModel.swift */,
			);
			path = Root;
			sourceTree = "<group>";
		};
		FFFB4945B34DF5AF16BEF8C8 /* Training */ = {
			isa = PBXGroup;
			children = (
				E55E12182D47357A71965173 /* TrainingView.swift */,
				B9E0A789CE0D11B461CBAA87 /* TrainingViewModel.swift */,
			);
			path = Training;
			sourceTree = "<group>";
		};
/* End PBXGroup section */

/* Begin PBXNativeTarget section */
		7D1043473D55BFA90E8530D3 /* PersonalAPI */ = {
			isa = PBXNativeTarget;
			buildConfigurationList = 60EA43DB068BD71C9709BED5 /* Build configuration list for PBXNativeTarget "PersonalAPI" */;
			buildPhases = (
				905DB04043B7311D06A28734 /* Sources */,
				6C18526817C1377C39321D31 /* Frameworks */,
				06F5DC629BD46AAFD46564D1 /* Resources */,
			);
			buildRules = (
			);
			dependencies = (
			);
			name = PersonalAPI;
			productName = PersonalAPI;
			productReference = 6D795F13C8C22E022040EE00 /* PersonalAPI.app */;
			productType = "com.apple.product-type.application";
		};
		A94A8FE5CCB19BA61C4C0873 /* PersonalAPITests */ = {
			isa = PBXNativeTarget;
			buildConfigurationList = 87F2532CB576F7CE6EB48F72 /* Build configuration list for PBXNativeTarget "PersonalAPITests" */;
			buildPhases = (
				7CB9C5DBBDFFE89694C24C30 /* Sources */,
				56DA8A5B6AE55FD126745C5C /* Frameworks */,
				C584AE92222380FB29B6223F /* Resources */,
			);
			buildRules = (
			);
			dependencies = (
				DE58E2B17C19600779694943 /* PBXTargetDependency */,
			);
			name = PersonalAPITests;
			productName = PersonalAPITests;
			productReference = AEAE4B28CDFF08F590396BA5 /* PersonalAPITests.xctest */;
			productType = "com.apple.product-type.bundle.unit-test";
		};
/* End PBXNativeTarget section */

/* Begin PBXProject section */
		633579642D79D259F3001E4F /* Project object */ = {
			isa = PBXProject;
			attributes = {
				BuildIndependentTargetsInParallel = YES;
				LastUpgradeCheck = 2620;
			};
			buildConfigurationList = 797A1931834F5AA72F6C4C11 /* Build configuration list for PBXProject "PersonalAPI" */;
			compatibilityVersion = "Xcode 14.0";
			developmentRegion = en;
			hasScannedForEncodings = 0;
			knownRegions = (
				en,
				Base,
			);
			mainGroup = B28B7AF69320201D1CF206EB;
			productRefGroup = FBDC4F23F93125BBEEAE800C /* Products */;
			projectDirPath = "";
			projectRoot = "";
			targets = (
				7D1043473D55BFA90E8530D3 /* PersonalAPI */,
				A94A8FE5CCB19BA61C4C0873 /* PersonalAPITests */,
			);
		};
/* End PBXProject section */

/* Begin PBXResourcesBuildPhase section */
		06F5DC629BD46AAFD46564D1 /* Resources */ = {
			isa = PBXResourcesBuildPhase;
			buildActionMask = 2147483647;
			files = (
				CAFA00000000000000000002 /* Assets.xcassets in Resources */,
				CDE48F7D4C9D062D4F846367 /* PrivacyInfo.xcprivacy in Resources */,
			);
			runOnlyForDeploymentPostprocessing = 0;
		};
		C584AE92222380FB29B6223F /* Resources */ = {
			isa = PBXResourcesBuildPhase;
			buildActionMask = 2147483647;
			files = (
			);
			runOnlyForDeploymentPostprocessing = 0;
		};
/* End PBXResourcesBuildPhase section */

/* Begin PBXSourcesBuildPhase section */
		7CB9C5DBBDFFE89694C24C30 /* Sources */ = {
			isa = PBXSourcesBuildPhase;
			buildActionMask = 2147483647;
			files = (
				3EC410A720C140F08766CF09 /* ConversationsManagerTests.swift in Sources */,
				A1A100000000000000000002 /* QueryManagerTests.swift in Sources */,
				ABD2676DCC872A594DECC62F /* AppModelTests.swift in Sources */,
				7B67AC0FDD3D45C50F33CAFD /* AuthenticationManagerTests.swift in Sources */,
				A85F21761D9A8BC6C8A0C813 /* LocalDataStoreTests.swift in Sources */,
				AF3A1114E31EA1956FC50696 /* MomentsManagerTests.swift in Sources */,
				1310C7774030B7067B9F61B2 /* TestAppModelFactory.swift in Sources */,
				C72645219743DC6BCF21CE13 /* LockViewModelTests.swift in Sources */,
				9B5BAFE92EA33950323968B9 /* MomentDetailViewModelTests.swift in Sources */,
				DB21DA4D2E2EE7EBD1F6951D /* OnboardingViewModelTests.swift in Sources */,
				DC3EEA6DF0E8DB303AC85D91 /* ProfileViewModelTests.swift in Sources */,
				31CC69A8D624A32635618037 /* QueryViewModelTests.swift in Sources */,
				9D894402E893B73107D41C60 /* RootViewModelTests.swift in Sources */,
				1035236520E3BEEE591605CF /* SettingsViewModelTests.swift in Sources */,
				16A01B214CE6BF2B18F81C4C /* TrainingViewModelTests.swift in Sources */,
			);
			runOnlyForDeploymentPostprocessing = 0;
		};
		905DB04043B7311D06A28734 /* Sources */ = {
			isa = PBXSourcesBuildPhase;
			buildActionMask = 2147483647;
			files = (
				CAFA00000000000000000004 /* LocalQueryIndex.swift in Sources */,
				898E7481477B444E95DF051C /* LocalConversationStore.swift in Sources */,
				43573CCC962E4AF5873DEE0C /* ConversationRepository.swift in Sources */,
				E25A35CFB44345458A21E70D /* ConversationsManager.swift in Sources */,
				CB8CDCC165B142519587DEBD /* ConversationsFeature.swift in Sources */,
				07EF6143079B5F9F6E0C9D25 /* PersonalAPIApp.swift in Sources */,
				FCA78E7B3A82D6F6A3C32505 /* AppColourTheme.swift in Sources */,
				91F442011E07A851D9A820C9 /* ThemeManager.swift in Sources */,
				1ACD875152A3BBB0BE5F94A0 /* LockView.swift in Sources */,
				70DB729A17C8D6419C6CD15D /* LockViewModel.swift in Sources */,
				F4AD92AA43C7ED80037CEBA6 /* MomentDetailView.swift in Sources */,
				B89A819BF3B3E65291EE362D /* MomentDetailViewModel.swift in Sources */,
				25D92CBE46C1FA9B79B29DA6 /* OnboardingView.swift in Sources */,
				99B8C74AE65131C81DECC9D6 /* OnboardingViewModel.swift in Sources */,
				B3E15301E36A190BA2B298F9 /* ProfileView.swift in Sources */,
				D8B7063E84ED182342C69EC1 /* ProfileViewModel.swift in Sources */,
				2BCC1200AA9C63FAF9B33869 /* QueryView.swift in Sources */,
				8C356BB37CF71C5A5D9BBEE6 /* QueryViewModel.swift in Sources */,
				4048D0A8D237C584E1536096 /* RootView.swift in Sources */,
				11AB9F5DD8DA022D3ED3A542 /* RootViewModel.swift in Sources */,
				90B9A4C825A2AD9AC74675EB /* ExportDocument.swift in Sources */,
				B0DD9FCED53CC97FF7BE7622 /* SettingsView.swift in Sources */,
				5F9BE40C04D6F6568FA9499C /* SettingsViewModel.swift in Sources */,
				9AD182715958F2CBDB9A5930 /* TrainingView.swift in Sources */,
				607F1910587537BDAED648A2 /* TrainingViewModel.swift in Sources */,
				A1E1B5F4A74E77F98294FB8D /* AppModel.swift in Sources */,
				1335335D76455E7B60B5B423 /* AuthenticationFeature.swift in Sources */,
				6FC1113BCC3AA2964BA427ED /* AuthenticationManager.swift in Sources */,
				BB4FBB8B8796CF6B1F1A96ED /* MomentProcessor.swift in Sources */,
				EF9273EC435FB68B4C52E174 /* MomentSnapshot.swift in Sources */,
				5D60E758556D3BCEA81DB60D /* MomentsFeature.swift in Sources */,
				3DD35A5CD21E2BDCC7C51F94 /* MomentsManager.swift in Sources */,
				22B00CDDD03C5D298632C664 /* PersonalFactSnapshot.swift in Sources */,
				007C2EC5556748E25FCC727C /* ProfileFeature.swift in Sources */,
				667411CFCEF35386A7F704C3 /* ProfileManager.swift in Sources */,
				87A0CA717AA9646ACB68D84F /* QueryFeature.swift in Sources */,
				4ED824CE9C7D1AA28839E9E7 /* QueryManager.swift in Sources */,
				CDD35F87FB0C913894F15AB2 /* SettingsFeature.swift in Sources */,
				A3A83AF8E7AF7310E43AC9A9 /* SettingsManager.swift in Sources */,
				876F99083BDD2BD1E6AE6489 /* LocalDataStore.swift in Sources */,
				FE18F0F3CF30D53A8326E73B /* LocalDeviceAuthentication.swift in Sources */,
				A672569B19CE55854C3281CE /* LocalPreferences.swift in Sources */,
				43E7E1D6EF4C6FDA5CA60302 /* PersonalArchive.swift in Sources */,
				D05ABBFF3748ED539853B53E /* StoredRecords.swift in Sources */,
				E9EC72A97CE65E56F9F47A96 /* PersonalDataRepository.swift in Sources */,
				5314BD5E38B575C5CD7A863D /* PreferencesRepository.swift in Sources */,
			);
			runOnlyForDeploymentPostprocessing = 0;
		};
/* End PBXSourcesBuildPhase section */

/* Begin PBXTargetDependency section */
		DE58E2B17C19600779694943 /* PBXTargetDependency */ = {
			isa = PBXTargetDependency;
			target = 7D1043473D55BFA90E8530D3 /* PersonalAPI */;
			targetProxy = D799BAE6088A90139B415FCC /* PBXContainerItemProxy */;
		};
/* End PBXTargetDependency section */

/* Begin XCBuildConfiguration section */
		5A8C91857F674E16E2724F47 /* Release */ = {
			isa = XCBuildConfiguration;
			buildSettings = {
				ASSETCATALOG_COMPILER_APPICON_NAME = AppIcon;
				CODE_SIGN_STYLE = Automatic;
				DEVELOPMENT_TEAM = LW4V9MRNCX;
				GENERATE_INFOPLIST_FILE = YES;
				INFOPLIST_KEY_CFBundleDisplayName = "Personal API";
				INFOPLIST_KEY_NSFaceIDUsageDescription = "Unlock your private Personal API.";
				INFOPLIST_KEY_UIApplicationSceneManifest_Generation = YES;
				INFOPLIST_KEY_UILaunchScreen_Generation = NO;
				INFOPLIST_FILE = "PersonalAPI/3 - App Resources/Info.plist";
				INFOPLIST_KEY_UISupportedInterfaceOrientations = UIInterfaceOrientationPortrait;
				INFOPLIST_KEY_UIUserInterfaceStyle = Dark;
				IPHONEOS_DEPLOYMENT_TARGET = 17.0;
				PRODUCT_BUNDLE_IDENTIFIER = com.3DaysOfSwiftConcurrency.PersonalAPI;
				PRODUCT_NAME = "$(TARGET_NAME)";
				SDKROOT = iphoneos;
				SUPPORTED_PLATFORMS = "iphoneos iphonesimulator";
				SWIFT_VERSION = 5.0;
				TARGETED_DEVICE_FAMILY = 1;
			};
			name = Release;
		};
		89E1FD6268CC0F221A2BE178 /* Debug */ = {
			isa = XCBuildConfiguration;
			buildSettings = {
				CLANG_ENABLE_MODULES = YES;
				SWIFT_STRICT_CONCURRENCY = complete;
			};
			name = Debug;
		};
		942EEBBACD6C88CAE7F29B29 /* Release */ = {
			isa = XCBuildConfiguration;
			buildSettings = {
				BUNDLE_LOADER = "$(TEST_HOST)";
				CODE_SIGN_STYLE = Automatic;
				GENERATE_INFOPLIST_FILE = YES;
				IPHONEOS_DEPLOYMENT_TARGET = 17.0;
				PRODUCT_BUNDLE_IDENTIFIER = com.3DaysOfSwiftConcurrency.PersonalAPI.PersonalAPITests;
				PRODUCT_NAME = "$(TARGET_NAME)";
				SDKROOT = iphoneos;
				SUPPORTED_PLATFORMS = "iphoneos iphonesimulator";
				SWIFT_VERSION = 5.0;
				TARGETED_DEVICE_FAMILY = 1;
				TEST_HOST = "$(BUILT_PRODUCTS_DIR)/PersonalAPI.app/$(BUNDLE_EXECUTABLE_FOLDER_PATH)/PersonalAPI";
			};
			name = Release;
		};
		E6DE6C99132752C914FEF632 /* Release */ = {
			isa = XCBuildConfiguration;
			buildSettings = {
				CLANG_ENABLE_MODULES = YES;
				SWIFT_STRICT_CONCURRENCY = complete;
			};
			name = Release;
		};
		E9B2E96ABC5F6856F2BE79CF /* Debug */ = {
			isa = XCBuildConfiguration;
			buildSettings = {
				ASSETCATALOG_COMPILER_APPICON_NAME = AppIcon;
				CODE_SIGN_STYLE = Automatic;
				DEVELOPMENT_TEAM = LW4V9MRNCX;
				ENABLE_TESTABILITY = YES;
				GENERATE_INFOPLIST_FILE = YES;
				INFOPLIST_KEY_CFBundleDisplayName = "Personal API";
				INFOPLIST_KEY_NSFaceIDUsageDescription = "Unlock your private Personal API.";
				INFOPLIST_KEY_UIApplicationSceneManifest_Generation = YES;
				INFOPLIST_KEY_UILaunchScreen_Generation = NO;
				INFOPLIST_FILE = "PersonalAPI/3 - App Resources/Info.plist";
				INFOPLIST_KEY_UISupportedInterfaceOrientations = UIInterfaceOrientationPortrait;
				INFOPLIST_KEY_UIUserInterfaceStyle = Dark;
				IPHONEOS_DEPLOYMENT_TARGET = 17.0;
				PRODUCT_BUNDLE_IDENTIFIER = com.3DaysOfSwiftConcurrency.PersonalAPI;
				PRODUCT_NAME = "$(TARGET_NAME)";
				SDKROOT = iphoneos;
				SUPPORTED_PLATFORMS = "iphoneos iphonesimulator";
				SWIFT_ACTIVE_COMPILATION_CONDITIONS = DEBUG;
				SWIFT_OPTIMIZATION_LEVEL = "-Onone";
				SWIFT_VERSION = 5.0;
				TARGETED_DEVICE_FAMILY = 1;
			};
			name = Debug;
		};
		FCB48D8F88BCDB0ED9FADFD7 /* Debug */ = {
			isa = XCBuildConfiguration;
			buildSettings = {
				BUNDLE_LOADER = "$(TEST_HOST)";
				CODE_SIGN_STYLE = Automatic;
				ENABLE_TESTABILITY = YES;
				GENERATE_INFOPLIST_FILE = YES;
				IPHONEOS_DEPLOYMENT_TARGET = 17.0;
				PRODUCT_BUNDLE_IDENTIFIER = com.3DaysOfSwiftConcurrency.PersonalAPI.PersonalAPITests;
				PRODUCT_NAME = "$(TARGET_NAME)";
				SDKROOT = iphoneos;
				SUPPORTED_PLATFORMS = "iphoneos iphonesimulator";
				SWIFT_ACTIVE_COMPILATION_CONDITIONS = DEBUG;
				SWIFT_OPTIMIZATION_LEVEL = "-Onone";
				SWIFT_VERSION = 5.0;
				TARGETED_DEVICE_FAMILY = 1;
				TEST_HOST = "$(BUILT_PRODUCTS_DIR)/PersonalAPI.app/$(BUNDLE_EXECUTABLE_FOLDER_PATH)/PersonalAPI";
			};
			name = Debug;
		};
/* End XCBuildConfiguration section */

/* Begin XCConfigurationList section */
		60EA43DB068BD71C9709BED5 /* Build configuration list for PBXNativeTarget "PersonalAPI" */ = {
			isa = XCConfigurationList;
			buildConfigurations = (
				E9B2E96ABC5F6856F2BE79CF /* Debug */,
				5A8C91857F674E16E2724F47 /* Release */,
			);
			defaultConfigurationIsVisible = 0;
			defaultConfigurationName = Release;
		};
		797A1931834F5AA72F6C4C11 /* Build configuration list for PBXProject "PersonalAPI" */ = {
			isa = XCConfigurationList;
			buildConfigurations = (
				89E1FD6268CC0F221A2BE178 /* Debug */,
				E6DE6C99132752C914FEF632 /* Release */,
			);
			defaultConfigurationIsVisible = 0;
			defaultConfigurationName = Release;
		};
		87F2532CB576F7CE6EB48F72 /* Build configuration list for PBXNativeTarget "PersonalAPITests" */ = {
			isa = XCConfigurationList;
			buildConfigurations = (
				FCB48D8F88BCDB0ED9FADFD7 /* Debug */,
				942EEBBACD6C88CAE7F29B29 /* Release */,
			);
			defaultConfigurationIsVisible = 0;
			defaultConfigurationName = Release;
		};
/* End XCConfigurationList section */
	};
	rootObject = 633579642D79D259F3001E4F /* Project object */;
}
